{
  "version": 4,
  "terraform_version": "1.6.6",
  "serial": 105,
  "lineage": "258b4727-5465-8c45-b6fa-343006cdd16e",
  "outputs": {},
  "resources": [
    {
      "mode": "data",
      "type": "google_compute_network",
      "name": "network",
      "provider": "provider[\"registry.terraform.io/hashicorp/google\"]",
      "instances": [
        {
          "schema_version": 0,
          "attributes": {
            "description": "",
            "gateway_ipv4": "",
            "id": "projects/prj-common-srv-single-01/global/networks/vpc-common-srv-single-01",
            "name": "vpc-common-srv-single-01",
            "project": "prj-common-srv-single-01",
            "self_link": "https://www.googleapis.com/compute/v1/projects/prj-common-srv-single-01/global/networks/vpc-common-srv-single-01",
            "subnetworks_self_links": [
              "https://www.googleapis.com/compute/v1/projects/prj-common-srv-single-01/regions/asia-south1/subnetworks/sb-common-srv-as1-01"
            ]
          },
          "sensitive_attributes": []
        }
      ]
    },
    {
      "module": "module.cloud-dns[\"accounts-google-com\"]",
      "mode": "managed",
      "type": "google_dns_managed_zone",
      "name": "private",
      "provider": "provider[\"registry.terraform.io/hashicorp/google\"]",
      "instances": [
        {
          "index_key": 0,
          "schema_version": 0,
          "attributes": {
            "cloud_logging_config": [
              {
                "enable_logging": false
              }
            ],
            "creation_time": "2024-01-24T07:42:06.652Z",
            "description": "Private Zone",
            "dns_name": "accounts.google.com.",
            "dnssec_config": [],
            "force_destroy": false,
            "forwarding_config": [],
            "id": "projects/prj-common-srv-single-01/managedZones/accounts-google-com",
            "labels": null,
            "managed_zone_id": 118072432697963899,
            "name": "accounts-google-com",
            "name_servers": [
              "ns-gcp-private.googledomains.com."
            ],
            "peering_config": [],
            "private_visibility_config": [
              {
                "gke_clusters": [],
                "networks": [
                  {
                    "network_url": "https://www.googleapis.com/compute/v1/projects/prj-common-srv-single-01/global/networks/vpc-common-srv-single-01"
                  }
                ]
              }
            ],
            "project": "prj-common-srv-single-01",
            "timeouts": null,
            "visibility": "private"
          },
          "sensitive_attributes": [],
          "private": "eyJlMmJmYjczMC1lY2FhLTExZTYtOGY4OC0zNDM2M2JjN2M0YzAiOnsiY3JlYXRlIjoxMjAwMDAwMDAwMDAwLCJkZWxldGUiOjEyMDAwMDAwMDAwMDAsInVwZGF0ZSI6MTIwMDAwMDAwMDAwMH19",
          "dependencies": [
            "data.google_compute_network.network"
          ]
        }
      ]
    },
    {
      "module": "module.cloud-dns[\"accounts-google-com\"]",
      "mode": "managed",
      "type": "google_dns_record_set",
      "name": "cloud-static-records",
      "provider": "provider[\"registry.terraform.io/hashicorp/google\"]",
      "instances": [
        {
          "index_key": "*/CNAME",
          "schema_version": 0,
          "attributes": {
            "id": "projects/prj-common-srv-single-01/managedZones/accounts-google-com/rrsets/*.accounts.google.com./CNAME",
            "managed_zone": "accounts-google-com",
            "name": "*.accounts.google.com.",
            "project": "prj-common-srv-single-01",
            "routing_policy": [],
            "rrdatas": [
              "private.accounts.google.com."
            ],
            "ttl": 300,
            "type": "CNAME"
          },
          "sensitive_attributes": [],
          "private": "bnVsbA==",
          "dependencies": [
            "data.google_compute_network.network",
            "module.cloud-dns.google_dns_managed_zone.private",
            "module.cloud-dns.google_dns_managed_zone.public"
          ]
        },
        {
          "index_key": "/A",
          "schema_version": 0,
          "attributes": {
            "id": "projects/prj-common-srv-single-01/managedZones/accounts-google-com/rrsets/accounts.google.com./A",
            "managed_zone": "accounts-google-com",
            "name": "accounts.google.com.",
            "project": "prj-common-srv-single-01",
            "routing_policy": [],
            "rrdatas": [
              "199.36.153.8",
              "199.36.153.9",
              "199.36.153.10",
              "199.36.153.11"
            ],
            "ttl": 300,
            "type": "A"
          },
          "sensitive_attributes": [],
          "private": "bnVsbA==",
          "dependencies": [
            "data.google_compute_network.network",
            "module.cloud-dns.google_dns_managed_zone.private",
            "module.cloud-dns.google_dns_managed_zone.public"
          ]
        },
        {
          "index_key": "private/A",
          "schema_version": 0,
          "attributes": {
            "id": "projects/prj-common-srv-single-01/managedZones/accounts-google-com/rrsets/private.accounts.google.com./A",
            "managed_zone": "accounts-google-com",
            "name": "private.accounts.google.com.",
            "project": "prj-common-srv-single-01",
            "routing_policy": [],
            "rrdatas": [
              "199.36.153.8",
              "199.36.153.9",
              "199.36.153.10",
              "199.36.153.11"
            ],
            "ttl": 300,
            "type": "A"
          },
          "sensitive_attributes": [],
          "private": "bnVsbA==",
          "dependencies": [
            "data.google_compute_network.network",
            "module.cloud-dns.google_dns_managed_zone.private",
            "module.cloud-dns.google_dns_managed_zone.public"
          ]
        }
      ]
    },
    {
      "module": "module.cloud-dns[\"appengine-google-com\"]",
      "mode": "managed",
      "type": "google_dns_managed_zone",
      "name": "private",
      "provider": "provider[\"registry.terraform.io/hashicorp/google\"]",
      "instances": [
        {
          "index_key": 0,
          "schema_version": 0,
          "attributes": {
            "cloud_logging_config": [
              {
                "enable_logging": false
              }
            ],
            "creation_time": "2024-01-24T07:42:06.615Z",
            "description": "Private Zone",
            "dns_name": "appengine.google.com.",
            "dnssec_config": [],
            "force_destroy": false,
            "forwarding_config": [],
            "id": "projects/prj-common-srv-single-01/managedZones/appengine-google-com",
            "labels": null,
            "managed_zone_id": 1628843546014535381,
            "name": "appengine-google-com",
            "name_servers": [
              "ns-gcp-private.googledomains.com."
            ],
            "peering_config": [],
            "private_visibility_config": [
              {
                "gke_clusters": [],
                "networks": [
                  {
                    "network_url": "https://www.googleapis.com/compute/v1/projects/prj-common-srv-single-01/global/networks/vpc-common-srv-single-01"
                  }
                ]
              }
            ],
            "project": "prj-common-srv-single-01",
            "timeouts": null,
            "visibility": "private"
          },
          "sensitive_attributes": [],
          "private": "eyJlMmJmYjczMC1lY2FhLTExZTYtOGY4OC0zNDM2M2JjN2M0YzAiOnsiY3JlYXRlIjoxMjAwMDAwMDAwMDAwLCJkZWxldGUiOjEyMDAwMDAwMDAwMDAsInVwZGF0ZSI6MTIwMDAwMDAwMDAwMH19",
          "dependencies": [
            "data.google_compute_network.network"
          ]
        }
      ]
    },
    {
      "module": "module.cloud-dns[\"appengine-google-com\"]",
      "mode": "managed",
      "type": "google_dns_record_set",
      "name": "cloud-static-records",
      "provider": "provider[\"registry.terraform.io/hashicorp/google\"]",
      "instances": [
        {
          "index_key": "*/CNAME",
          "schema_version": 0,
          "attributes": {
            "id": "projects/prj-common-srv-single-01/managedZones/appengine-google-com/rrsets/*.appengine.google.com./CNAME",
            "managed_zone": "appengine-google-com",
            "name": "*.appengine.google.com.",
            "project": "prj-common-srv-single-01",
            "routing_policy": [],
            "rrdatas": [
              "private.appengine.google.com."
            ],
            "ttl": 300,
            "type": "CNAME"
          },
          "sensitive_attributes": [],
          "private": "bnVsbA==",
          "dependencies": [
            "data.google_compute_network.network",
            "module.cloud-dns.google_dns_managed_zone.private",
            "module.cloud-dns.google_dns_managed_zone.public"
          ]
        },
        {
          "index_key": "/A",
          "schema_version": 0,
          "attributes": {
            "id": "projects/prj-common-srv-single-01/managedZones/appengine-google-com/rrsets/appengine.google.com./A",
            "managed_zone": "appengine-google-com",
            "name": "appengine.google.com.",
            "project": "prj-common-srv-single-01",
            "routing_policy": [],
            "rrdatas": [
              "199.36.153.8",
              "199.36.153.9",
              "199.36.153.10",
              "199.36.153.11"
            ],
            "ttl": 300,
            "type": "A"
          },
          "sensitive_attributes": [],
          "private": "bnVsbA==",
          "dependencies": [
            "data.google_compute_network.network",
            "module.cloud-dns.google_dns_managed_zone.private",
            "module.cloud-dns.google_dns_managed_zone.public"
          ]
        },
        {
          "index_key": "private/A",
          "schema_version": 0,
          "attributes": {
            "id": "projects/prj-common-srv-single-01/managedZones/appengine-google-com/rrsets/private.appengine.google.com./A",
            "managed_zone": "appengine-google-com",
            "name": "private.appengine.google.com.",
            "project": "prj-common-srv-single-01",
            "routing_policy": [],
            "rrdatas": [
              "199.36.153.8",
              "199.36.153.9",
              "199.36.153.10",
              "199.36.153.11"
            ],
            "ttl": 300,
            "type": "A"
          },
          "sensitive_attributes": [],
          "private": "bnVsbA==",
          "dependencies": [
            "data.google_compute_network.network",
            "module.cloud-dns.google_dns_managed_zone.private",
            "module.cloud-dns.google_dns_managed_zone.public"
          ]
        }
      ]
    },
    {
      "module": "module.cloud-dns[\"appspot-com\"]",
      "mode": "managed",
      "type": "google_dns_managed_zone",
      "name": "private",
      "provider": "provider[\"registry.terraform.io/hashicorp/google\"]",
      "instances": [
        {
          "index_key": 0,
          "schema_version": 0,
          "attributes": {
            "cloud_logging_config": [
              {
                "enable_logging": false
              }
            ],
            "creation_time": "2024-01-24T07:42:05.831Z",
            "description": "Private Zone",
            "dns_name": "appspot.com.",
            "dnssec_config": [],
            "force_destroy": false,
            "forwarding_config": [],
            "id": "projects/prj-common-srv-single-01/managedZones/appspot-com",
            "labels": null,
            "managed_zone_id": 730422941666216441,
            "name": "appspot-com",
            "name_servers": [
              "ns-gcp-private.googledomains.com."
            ],
            "peering_config": [],
            "private_visibility_config": [
              {
                "gke_clusters": [],
                "networks": [
                  {
                    "network_url": "https://www.googleapis.com/compute/v1/projects/prj-common-srv-single-01/global/networks/vpc-common-srv-single-01"
                  }
                ]
              }
            ],
            "project": "prj-common-srv-single-01",
            "timeouts": null,
            "visibility": "private"
          },
          "sensitive_attributes": [],
          "private": "eyJlMmJmYjczMC1lY2FhLTExZTYtOGY4OC0zNDM2M2JjN2M0YzAiOnsiY3JlYXRlIjoxMjAwMDAwMDAwMDAwLCJkZWxldGUiOjEyMDAwMDAwMDAwMDAsInVwZGF0ZSI6MTIwMDAwMDAwMDAwMH19",
          "dependencies": [
            "data.google_compute_network.network"
          ]
        }
      ]
    },
    {
      "module": "module.cloud-dns[\"appspot-com\"]",
      "mode": "managed",
      "type": "google_dns_record_set",
      "name": "cloud-static-records",
      "provider": "provider[\"registry.terraform.io/hashicorp/google\"]",
      "instances": [
        {
          "index_key": "*/CNAME",
          "schema_version": 0,
          "attributes": {
            "id": "projects/prj-common-srv-single-01/managedZones/appspot-com/rrsets/*.appspot.com./CNAME",
            "managed_zone": "appspot-com",
            "name": "*.appspot.com.",
            "project": "prj-common-srv-single-01",
            "routing_policy": [],
            "rrdatas": [
              "private.appspot.com."
            ],
            "ttl": 300,
            "type": "CNAME"
          },
          "sensitive_attributes": [],
          "private": "bnVsbA==",
          "dependencies": [
            "data.google_compute_network.network",
            "module.cloud-dns.google_dns_managed_zone.private",
            "module.cloud-dns.google_dns_managed_zone.public"
          ]
        },
        {
          "index_key": "/A",
          "schema_version": 0,
          "attributes": {
            "id": "projects/prj-common-srv-single-01/managedZones/appspot-com/rrsets/appspot.com./A",
            "managed_zone": "appspot-com",
            "name": "appspot.com.",
            "project": "prj-common-srv-single-01",
            "routing_policy": [],
            "rrdatas": [
              "199.36.153.8",
              "199.36.153.9",
              "199.36.153.10",
              "199.36.153.11"
            ],
            "ttl": 300,
            "type": "A"
          },
          "sensitive_attributes": [],
          "private": "bnVsbA==",
          "dependencies": [
            "data.google_compute_network.network",
            "module.cloud-dns.google_dns_managed_zone.private",
            "module.cloud-dns.google_dns_managed_zone.public"
          ]
        },
        {
          "index_key": "private/A",
          "schema_version": 0,
          "attributes": {
            "id": "projects/prj-common-srv-single-01/managedZones/appspot-com/rrsets/private.appspot.com./A",
            "managed_zone": "appspot-com",
            "name": "private.appspot.com.",
            "project": "prj-common-srv-single-01",
            "routing_policy": [],
            "rrdatas": [
              "199.36.153.8",
              "199.36.153.9",
              "199.36.153.10",
              "199.36.153.11"
            ],
            "ttl": 300,
            "type": "A"
          },
          "sensitive_attributes": [],
          "private": "bnVsbA==",
          "dependencies": [
            "data.google_compute_network.network",
            "module.cloud-dns.google_dns_managed_zone.private",
            "module.cloud-dns.google_dns_managed_zone.public"
          ]
        }
      ]
    },
    {
      "module": "module.cloud-dns[\"backupdr-cloud-google-com\"]",
      "mode": "managed",
      "type": "google_dns_managed_zone",
      "name": "private",
      "provider": "provider[\"registry.terraform.io/hashicorp/google\"]",
      "instances": [
        {
          "index_key": 0,
          "schema_version": 0,
          "attributes": {
            "cloud_logging_config": [
              {
                "enable_logging": false
              }
            ],
            "creation_time": "2024-01-24T07:42:05.869Z",
            "description": "Private Zone",
            "dns_name": "backupdr.cloud.google.com.",
            "dnssec_config": [],
            "force_destroy": false,
            "forwarding_config": [],
            "id": "projects/prj-common-srv-single-01/managedZones/backupdr-cloud-google-com",
            "labels": null,
            "managed_zone_id": 4745886533183647378,
            "name": "backupdr-cloud-google-com",
            "name_servers": [
              "ns-gcp-private.googledomains.com."
            ],
            "peering_config": [],
            "private_visibility_config": [
              {
                "gke_clusters": [],
                "networks": [
                  {
                    "network_url": "https://www.googleapis.com/compute/v1/projects/prj-common-srv-single-01/global/networks/vpc-common-srv-single-01"
                  }
                ]
              }
            ],
            "project": "prj-common-srv-single-01",
            "timeouts": null,
            "visibility": "private"
          },
          "sensitive_attributes": [],
          "private": "eyJlMmJmYjczMC1lY2FhLTExZTYtOGY4OC0zNDM2M2JjN2M0YzAiOnsiY3JlYXRlIjoxMjAwMDAwMDAwMDAwLCJkZWxldGUiOjEyMDAwMDAwMDAwMDAsInVwZGF0ZSI6MTIwMDAwMDAwMDAwMH19",
          "dependencies": [
            "data.google_compute_network.network"
          ]
        }
      ]
    },
    {
      "module": "module.cloud-dns[\"backupdr-cloud-google-com\"]",
      "mode": "managed",
      "type": "google_dns_record_set",
      "name": "cloud-static-records",
      "provider": "provider[\"registry.terraform.io/hashicorp/google\"]",
      "instances": [
        {
          "index_key": "*/CNAME",
          "schema_version": 0,
          "attributes": {
            "id": "projects/prj-common-srv-single-01/managedZones/backupdr-cloud-google-com/rrsets/*.backupdr.cloud.google.com./CNAME",
            "managed_zone": "backupdr-cloud-google-com",
            "name": "*.backupdr.cloud.google.com.",
            "project": "prj-common-srv-single-01",
            "routing_policy": [],
            "rrdatas": [
              "private.backupdr.cloud.google.com."
            ],
            "ttl": 300,
            "type": "CNAME"
          },
          "sensitive_attributes": [],
          "private": "bnVsbA==",
          "dependencies": [
            "data.google_compute_network.network",
            "module.cloud-dns.google_dns_managed_zone.private",
            "module.cloud-dns.google_dns_managed_zone.public"
          ]
        },
        {
          "index_key": "/A",
          "schema_version": 0,
          "attributes": {
            "id": "projects/prj-common-srv-single-01/managedZones/backupdr-cloud-google-com/rrsets/backupdr.cloud.google.com./A",
            "managed_zone": "backupdr-cloud-google-com",
            "name": "backupdr.cloud.google.com.",
            "project": "prj-common-srv-single-01",
            "routing_policy": [],
            "rrdatas": [
              "199.36.153.8",
              "199.36.153.9",
              "199.36.153.10",
              "199.36.153.11"
            ],
            "ttl": 300,
            "type": "A"
          },
          "sensitive_attributes": [],
          "private": "bnVsbA==",
          "dependencies": [
            "data.google_compute_network.network",
            "module.cloud-dns.google_dns_managed_zone.private",
            "module.cloud-dns.google_dns_managed_zone.public"
          ]
        },
        {
          "index_key": "private/A",
          "schema_version": 0,
          "attributes": {
            "id": "projects/prj-common-srv-single-01/managedZones/backupdr-cloud-google-com/rrsets/private.backupdr.cloud.google.com./A",
            "managed_zone": "backupdr-cloud-google-com",
            "name": "private.backupdr.cloud.google.com.",
            "project": "prj-common-srv-single-01",
            "routing_policy": [],
            "rrdatas": [
              "199.36.153.8",
              "199.36.153.9",
              "199.36.153.10",
              "199.36.153.11"
            ],
            "ttl": 300,
            "type": "A"
          },
          "sensitive_attributes": [],
          "private": "bnVsbA==",
          "dependencies": [
            "data.google_compute_network.network",
            "module.cloud-dns.google_dns_managed_zone.private",
            "module.cloud-dns.google_dns_managed_zone.public"
          ]
        }
      ]
    },
    {
      "module": "module.cloud-dns[\"backupdr-googleusercontent-com\"]",
      "mode": "managed",
      "type": "google_dns_managed_zone",
      "name": "private",
      "provider": "provider[\"registry.terraform.io/hashicorp/google\"]",
      "instances": [
        {
          "index_key": 0,
          "schema_version": 0,
          "attributes": {
            "cloud_logging_config": [
              {
                "enable_logging": false
              }
            ],
            "creation_time": "2024-01-24T07:42:05.666Z",
            "description": "Private Zone",
            "dns_name": "backupdr.googleusercontent.com.",
            "dnssec_config": [],
            "force_destroy": false,
            "forwarding_config": [],
            "id": "projects/prj-common-srv-single-01/managedZones/backupdr-googleusercontent-com",
            "labels": null,
            "managed_zone_id": 7199900828510935336,
            "name": "backupdr-googleusercontent-com",
            "name_servers": [
              "ns-gcp-private.googledomains.com."
            ],
            "peering_config": [],
            "private_visibility_config": [
              {
                "gke_clusters": [],
                "networks": [
                  {
                    "network_url": "https://www.googleapis.com/compute/v1/projects/prj-common-srv-single-01/global/networks/vpc-common-srv-single-01"
                  }
                ]
              }
            ],
            "project": "prj-common-srv-single-01",
            "timeouts": null,
            "visibility": "private"
          },
          "sensitive_attributes": [],
          "private": "eyJlMmJmYjczMC1lY2FhLTExZTYtOGY4OC0zNDM2M2JjN2M0YzAiOnsiY3JlYXRlIjoxMjAwMDAwMDAwMDAwLCJkZWxldGUiOjEyMDAwMDAwMDAwMDAsInVwZGF0ZSI6MTIwMDAwMDAwMDAwMH19",
          "dependencies": [
            "data.google_compute_network.network"
          ]
        }
      ]
    },
    {
      "module": "module.cloud-dns[\"backupdr-googleusercontent-com\"]",
      "mode": "managed",
      "type": "google_dns_record_set",
      "name": "cloud-static-records",
      "provider": "provider[\"registry.terraform.io/hashicorp/google\"]",
      "instances": [
        {
          "index_key": "*/CNAME",
          "schema_version": 0,
          "attributes": {
            "id": "projects/prj-common-srv-single-01/managedZones/backupdr-googleusercontent-com/rrsets/*.backupdr.googleusercontent.com./CNAME",
            "managed_zone": "backupdr-googleusercontent-com",
            "name": "*.backupdr.googleusercontent.com.",
            "project": "prj-common-srv-single-01",
            "routing_policy": [],
            "rrdatas": [
              "private.backupdr.googleusercontent.com."
            ],
            "ttl": 300,
            "type": "CNAME"
          },
          "sensitive_attributes": [],
          "private": "bnVsbA==",
          "dependencies": [
            "data.google_compute_network.network",
            "module.cloud-dns.google_dns_managed_zone.private",
            "module.cloud-dns.google_dns_managed_zone.public"
          ]
        },
        {
          "index_key": "/A",
          "schema_version": 0,
          "attributes": {
            "id": "projects/prj-common-srv-single-01/managedZones/backupdr-googleusercontent-com/rrsets/backupdr.googleusercontent.com./A",
            "managed_zone": "backupdr-googleusercontent-com",
            "name": "backupdr.googleusercontent.com.",
            "project": "prj-common-srv-single-01",
            "routing_policy": [],
            "rrdatas": [
              "199.36.153.8",
              "199.36.153.9",
              "199.36.153.10",
              "199.36.153.11"
            ],
            "ttl": 300,
            "type": "A"
          },
          "sensitive_attributes": [],
          "private": "bnVsbA==",
          "dependencies": [
            "data.google_compute_network.network",
            "module.cloud-dns.google_dns_managed_zone.private",
            "module.cloud-dns.google_dns_managed_zone.public"
          ]
        },
        {
          "index_key": "private/A",
          "schema_version": 0,
          "attributes": {
            "id": "projects/prj-common-srv-single-01/managedZones/backupdr-googleusercontent-com/rrsets/private.backupdr.googleusercontent.com./A",
            "managed_zone": "backupdr-googleusercontent-com",
            "name": "private.backupdr.googleusercontent.com.",
            "project": "prj-common-srv-single-01",
            "routing_policy": [],
            "rrdatas": [
              "199.36.153.8",
              "199.36.153.9",
              "199.36.153.10",
              "199.36.153.11"
            ],
            "ttl": 300,
            "type": "A"
          },
          "sensitive_attributes": [],
          "private": "bnVsbA==",
          "dependencies": [
            "data.google_compute_network.network",
            "module.cloud-dns.google_dns_managed_zone.private",
            "module.cloud-dns.google_dns_managed_zone.public"
          ]
        }
      ]
    },
    {
      "module": "module.cloud-dns[\"cloudfunctions-net\"]",
      "mode": "managed",
      "type": "google_dns_managed_zone",
      "name": "private",
      "provider": "provider[\"registry.terraform.io/hashicorp/google\"]",
      "instances": [
        {
          "index_key": 0,
          "schema_version": 0,
          "attributes": {
            "cloud_logging_config": [
              {
                "enable_logging": false
              }
            ],
            "creation_time": "2024-01-24T07:42:05.090Z",
            "description": "Private Zone",
            "dns_name": "cloudfunctions.net.",
            "dnssec_config": [],
            "force_destroy": false,
            "forwarding_config": [],
            "id": "projects/prj-common-srv-single-01/managedZones/cloudfunctions-net",
            "labels": null,
            "managed_zone_id": 3065887143314255688,
            "name": "cloudfunctions-net",
            "name_servers": [
              "ns-gcp-private.googledomains.com."
            ],
            "peering_config": [],
            "private_visibility_config": [
              {
                "gke_clusters": [],
                "networks": [
                  {
                    "network_url": "https://www.googleapis.com/compute/v1/projects/prj-common-srv-single-01/global/networks/vpc-common-srv-single-01"
                  }
                ]
              }
            ],
            "project": "prj-common-srv-single-01",
            "timeouts": null,
            "visibility": "private"
          },
          "sensitive_attributes": [],
          "private": "eyJlMmJmYjczMC1lY2FhLTExZTYtOGY4OC0zNDM2M2JjN2M0YzAiOnsiY3JlYXRlIjoxMjAwMDAwMDAwMDAwLCJkZWxldGUiOjEyMDAwMDAwMDAwMDAsInVwZGF0ZSI6MTIwMDAwMDAwMDAwMH19",
          "dependencies": [
            "data.google_compute_network.network"
          ]
        }
      ]
    },
    {
      "module": "module.cloud-dns[\"cloudfunctions-net\"]",
      "mode": "managed",
      "type": "google_dns_record_set",
      "name": "cloud-static-records",
      "provider": "provider[\"registry.terraform.io/hashicorp/google\"]",
      "instances": [
        {
          "index_key": "*/CNAME",
          "schema_version": 0,
          "attributes": {
            "id": "projects/prj-common-srv-single-01/managedZones/cloudfunctions-net/rrsets/*.cloudfunctions.net./CNAME",
            "managed_zone": "cloudfunctions-net",
            "name": "*.cloudfunctions.net.",
            "project": "prj-common-srv-single-01",
            "routing_policy": [],
            "rrdatas": [
              "private.cloudfunctions.net."
            ],
            "ttl": 300,
            "type": "CNAME"
          },
          "sensitive_attributes": [],
          "private": "bnVsbA==",
          "dependencies": [
            "data.google_compute_network.network",
            "module.cloud-dns.google_dns_managed_zone.private",
            "module.cloud-dns.google_dns_managed_zone.public"
          ]
        },
        {
          "index_key": "/A",
          "schema_version": 0,
          "attributes": {
            "id": "projects/prj-common-srv-single-01/managedZones/cloudfunctions-net/rrsets/cloudfunctions.net./A",
            "managed_zone": "cloudfunctions-net",
            "name": "cloudfunctions.net.",
            "project": "prj-common-srv-single-01",
            "routing_policy": [],
            "rrdatas": [
              "199.36.153.8",
              "199.36.153.9",
              "199.36.153.10",
              "199.36.153.11"
            ],
            "ttl": 300,
            "type": "A"
          },
          "sensitive_attributes": [],
          "private": "bnVsbA==",
          "dependencies": [
            "data.google_compute_network.network",
            "module.cloud-dns.google_dns_managed_zone.private",
            "module.cloud-dns.google_dns_managed_zone.public"
          ]
        },
        {
          "index_key": "private/A",
          "schema_version": 0,
          "attributes": {
            "id": "projects/prj-common-srv-single-01/managedZones/cloudfunctions-net/rrsets/private.cloudfunctions.net./A",
            "managed_zone": "cloudfunctions-net",
            "name": "private.cloudfunctions.net.",
            "project": "prj-common-srv-single-01",
            "routing_policy": [],
            "rrdatas": [
              "199.36.153.8",
              "199.36.153.9",
              "199.36.153.10",
              "199.36.153.11"
            ],
            "ttl": 300,
            "type": "A"
          },
          "sensitive_attributes": [],
          "private": "bnVsbA==",
          "dependencies": [
            "data.google_compute_network.network",
            "module.cloud-dns.google_dns_managed_zone.private",
            "module.cloud-dns.google_dns_managed_zone.public"
          ]
        }
      ]
    },
    {
      "module": "module.cloud-dns[\"cloudproxy-app\"]",
      "mode": "managed",
      "type": "google_dns_managed_zone",
      "name": "private",
      "provider": "provider[\"registry.terraform.io/hashicorp/google\"]",
      "instances": [
        {
          "index_key": 0,
          "schema_version": 0,
          "attributes": {
            "cloud_logging_config": [
              {
                "enable_logging": false
              }
            ],
            "creation_time": "2024-01-24T07:42:06.637Z",
            "description": "Private Zone",
            "dns_name": "cloudproxy.app.",
            "dnssec_config": [],
            "force_destroy": false,
            "forwarding_config": [],
            "id": "projects/prj-common-srv-single-01/managedZones/cloudproxy-app",
            "labels": null,
            "managed_zone_id": 4100808322432702829,
            "name": "cloudproxy-app",
            "name_servers": [
              "ns-gcp-private.googledomains.com."
            ],
            "peering_config": [],
            "private_visibility_config": [
              {
                "gke_clusters": [],
                "networks": [
                  {
                    "network_url": "https://www.googleapis.com/compute/v1/projects/prj-common-srv-single-01/global/networks/vpc-common-srv-single-01"
                  }
                ]
              }
            ],
            "project": "prj-common-srv-single-01",
            "timeouts": null,
            "visibility": "private"
          },
          "sensitive_attributes": [],
          "private": "eyJlMmJmYjczMC1lY2FhLTExZTYtOGY4OC0zNDM2M2JjN2M0YzAiOnsiY3JlYXRlIjoxMjAwMDAwMDAwMDAwLCJkZWxldGUiOjEyMDAwMDAwMDAwMDAsInVwZGF0ZSI6MTIwMDAwMDAwMDAwMH19",
          "dependencies": [
            "data.google_compute_network.network"
          ]
        }
      ]
    },
    {
      "module": "module.cloud-dns[\"cloudproxy-app\"]",
      "mode": "managed",
      "type": "google_dns_record_set",
      "name": "cloud-static-records",
      "provider": "provider[\"registry.terraform.io/hashicorp/google\"]",
      "instances": [
        {
          "index_key": "*/CNAME",
          "schema_version": 0,
          "attributes": {
            "id": "projects/prj-common-srv-single-01/managedZones/cloudproxy-app/rrsets/*.cloudproxy.app./CNAME",
            "managed_zone": "cloudproxy-app",
            "name": "*.cloudproxy.app.",
            "project": "prj-common-srv-single-01",
            "routing_policy": [],
            "rrdatas": [
              "private.cloudproxy.app."
            ],
            "ttl": 300,
            "type": "CNAME"
          },
          "sensitive_attributes": [],
          "private": "bnVsbA==",
          "dependencies": [
            "data.google_compute_network.network",
            "module.cloud-dns.google_dns_managed_zone.private",
            "module.cloud-dns.google_dns_managed_zone.public"
          ]
        },
        {
          "index_key": "/A",
          "schema_version": 0,
          "attributes": {
            "id": "projects/prj-common-srv-single-01/managedZones/cloudproxy-app/rrsets/cloudproxy.app./A",
            "managed_zone": "cloudproxy-app",
            "name": "cloudproxy.app.",
            "project": "prj-common-srv-single-01",
            "routing_policy": [],
            "rrdatas": [
              "199.36.153.8",
              "199.36.153.9",
              "199.36.153.10",
              "199.36.153.11"
            ],
            "ttl": 300,
            "type": "A"
          },
          "sensitive_attributes": [],
          "private": "bnVsbA==",
          "dependencies": [
            "data.google_compute_network.network",
            "module.cloud-dns.google_dns_managed_zone.private",
            "module.cloud-dns.google_dns_managed_zone.public"
          ]
        },
        {
          "index_key": "private/A",
          "schema_version": 0,
          "attributes": {
            "id": "projects/prj-common-srv-single-01/managedZones/cloudproxy-app/rrsets/private.cloudproxy.app./A",
            "managed_zone": "cloudproxy-app",
            "name": "private.cloudproxy.app.",
            "project": "prj-common-srv-single-01",
            "routing_policy": [],
            "rrdatas": [
              "199.36.153.8",
              "199.36.153.9",
              "199.36.153.10",
              "199.36.153.11"
            ],
            "ttl": 300,
            "type": "A"
          },
          "sensitive_attributes": [],
          "private": "bnVsbA==",
          "dependencies": [
            "data.google_compute_network.network",
            "module.cloud-dns.google_dns_managed_zone.private",
            "module.cloud-dns.google_dns_managed_zone.public"
          ]
        }
      ]
    },
    {
      "module": "module.cloud-dns[\"composer-cloud-google-com\"]",
      "mode": "managed",
      "type": "google_dns_managed_zone",
      "name": "private",
      "provider": "provider[\"registry.terraform.io/hashicorp/google\"]",
      "instances": [
        {
          "index_key": 0,
          "schema_version": 0,
          "attributes": {
            "cloud_logging_config": [
              {
                "enable_logging": false
              }
            ],
            "creation_time": "2024-01-24T07:42:05.031Z",
            "description": "Private Zone",
            "dns_name": "composer.cloud.google.com.",
            "dnssec_config": [],
            "force_destroy": false,
            "forwarding_config": [],
            "id": "projects/prj-common-srv-single-01/managedZones/composer-cloud-google-com",
            "labels": null,
            "managed_zone_id": 7097093223537408798,
            "name": "composer-cloud-google-com",
            "name_servers": [
              "ns-gcp-private.googledomains.com."
            ],
            "peering_config": [],
            "private_visibility_config": [
              {
                "gke_clusters": [],
                "networks": [
                  {
                    "network_url": "https://www.googleapis.com/compute/v1/projects/prj-common-srv-single-01/global/networks/vpc-common-srv-single-01"
                  }
                ]
              }
            ],
            "project": "prj-common-srv-single-01",
            "timeouts": null,
            "visibility": "private"
          },
          "sensitive_attributes": [],
          "private": "eyJlMmJmYjczMC1lY2FhLTExZTYtOGY4OC0zNDM2M2JjN2M0YzAiOnsiY3JlYXRlIjoxMjAwMDAwMDAwMDAwLCJkZWxldGUiOjEyMDAwMDAwMDAwMDAsInVwZGF0ZSI6MTIwMDAwMDAwMDAwMH19",
          "dependencies": [
            "data.google_compute_network.network"
          ]
        }
      ]
    },
    {
      "module": "module.cloud-dns[\"composer-cloud-google-com\"]",
      "mode": "managed",
      "type": "google_dns_record_set",
      "name": "cloud-static-records",
      "provider": "provider[\"registry.terraform.io/hashicorp/google\"]",
      "instances": [
        {
          "index_key": "*/CNAME",
          "schema_version": 0,
          "attributes": {
            "id": "projects/prj-common-srv-single-01/managedZones/composer-cloud-google-com/rrsets/*.composer.cloud.google.com./CNAME",
            "managed_zone": "composer-cloud-google-com",
            "name": "*.composer.cloud.google.com.",
            "project": "prj-common-srv-single-01",
            "routing_policy": [],
            "rrdatas": [
              "private.composer.cloud.google.com."
            ],
            "ttl": 300,
            "type": "CNAME"
          },
          "sensitive_attributes": [],
          "private": "bnVsbA==",
          "dependencies": [
            "data.google_compute_network.network",
            "module.cloud-dns.google_dns_managed_zone.private",
            "module.cloud-dns.google_dns_managed_zone.public"
          ]
        },
        {
          "index_key": "/A",
          "schema_version": 0,
          "attributes": {
            "id": "projects/prj-common-srv-single-01/managedZones/composer-cloud-google-com/rrsets/composer.cloud.google.com./A",
            "managed_zone": "composer-cloud-google-com",
            "name": "composer.cloud.google.com.",
            "project": "prj-common-srv-single-01",
            "routing_policy": [],
            "rrdatas": [
              "199.36.153.8",
              "199.36.153.9",
              "199.36.153.10",
              "199.36.153.11"
            ],
            "ttl": 300,
            "type": "A"
          },
          "sensitive_attributes": [],
          "private": "bnVsbA==",
          "dependencies": [
            "data.google_compute_network.network",
            "module.cloud-dns.google_dns_managed_zone.private",
            "module.cloud-dns.google_dns_managed_zone.public"
          ]
        },
        {
          "index_key": "private/A",
          "schema_version": 0,
          "attributes": {
            "id": "projects/prj-common-srv-single-01/managedZones/composer-cloud-google-com/rrsets/private.composer.cloud.google.com./A",
            "managed_zone": "composer-cloud-google-com",
            "name": "private.composer.cloud.google.com.",
            "project": "prj-common-srv-single-01",
            "routing_policy": [],
            "rrdatas": [
              "199.36.153.8",
              "199.36.153.9",
              "199.36.153.10",
              "199.36.153.11"
            ],
            "ttl": 300,
            "type": "A"
          },
          "sensitive_attributes": [],
          "private": "bnVsbA==",
          "dependencies": [
            "data.google_compute_network.network",
            "module.cloud-dns.google_dns_managed_zone.private",
            "module.cloud-dns.google_dns_managed_zone.public"
          ]
        }
      ]
    },
    {
      "module": "module.cloud-dns[\"composer-googleusercontent-com\"]",
      "mode": "managed",
      "type": "google_dns_managed_zone",
      "name": "private",
      "provider": "provider[\"registry.terraform.io/hashicorp/google\"]",
      "instances": [
        {
          "index_key": 0,
          "schema_version": 0,
          "attributes": {
            "cloud_logging_config": [
              {
                "enable_logging": false
              }
            ],
            "creation_time": "2024-01-24T07:42:05.868Z",
            "description": "Private Zone",
            "dns_name": "composer.googleusercontent.com.",
            "dnssec_config": [],
            "force_destroy": false,
            "forwarding_config": [],
            "id": "projects/prj-common-srv-single-01/managedZones/composer-googleusercontent-com",
            "labels": null,
            "managed_zone_id": 4775163729039248040,
            "name": "composer-googleusercontent-com",
            "name_servers": [
              "ns-gcp-private.googledomains.com."
            ],
            "peering_config": [],
            "private_visibility_config": [
              {
                "gke_clusters": [],
                "networks": [
                  {
                    "network_url": "https://www.googleapis.com/compute/v1/projects/prj-common-srv-single-01/global/networks/vpc-common-srv-single-01"
                  }
                ]
              }
            ],
            "project": "prj-common-srv-single-01",
            "timeouts": null,
            "visibility": "private"
          },
          "sensitive_attributes": [],
          "private": "eyJlMmJmYjczMC1lY2FhLTExZTYtOGY4OC0zNDM2M2JjN2M0YzAiOnsiY3JlYXRlIjoxMjAwMDAwMDAwMDAwLCJkZWxldGUiOjEyMDAwMDAwMDAwMDAsInVwZGF0ZSI6MTIwMDAwMDAwMDAwMH19",
          "dependencies": [
            "data.google_compute_network.network"
          ]
        }
      ]
    },
    {
      "module": "module.cloud-dns[\"composer-googleusercontent-com\"]",
      "mode": "managed",
      "type": "google_dns_record_set",
      "name": "cloud-static-records",
      "provider": "provider[\"registry.terraform.io/hashicorp/google\"]",
      "instances": [
        {
          "index_key": "*/CNAME",
          "schema_version": 0,
          "attributes": {
            "id": "projects/prj-common-srv-single-01/managedZones/composer-googleusercontent-com/rrsets/*.composer.googleusercontent.com./CNAME",
            "managed_zone": "composer-googleusercontent-com",
            "name": "*.composer.googleusercontent.com.",
            "project": "prj-common-srv-single-01",
            "routing_policy": [],
            "rrdatas": [
              "private.composer.googleusercontent.com."
            ],
            "ttl": 300,
            "type": "CNAME"
          },
          "sensitive_attributes": [],
          "private": "bnVsbA==",
          "dependencies": [
            "data.google_compute_network.network",
            "module.cloud-dns.google_dns_managed_zone.private",
            "module.cloud-dns.google_dns_managed_zone.public"
          ]
        },
        {
          "index_key": "/A",
          "schema_version": 0,
          "attributes": {
            "id": "projects/prj-common-srv-single-01/managedZones/composer-googleusercontent-com/rrsets/composer.googleusercontent.com./A",
            "managed_zone": "composer-googleusercontent-com",
            "name": "composer.googleusercontent.com.",
            "project": "prj-common-srv-single-01",
            "routing_policy": [],
            "rrdatas": [
              "199.36.153.8",
              "199.36.153.9",
              "199.36.153.10",
              "199.36.153.11"
            ],
            "ttl": 300,
            "type": "A"
          },
          "sensitive_attributes": [],
          "private": "bnVsbA==",
          "dependencies": [
            "data.google_compute_network.network",
            "module.cloud-dns.google_dns_managed_zone.private",
            "module.cloud-dns.google_dns_managed_zone.public"
          ]
        },
        {
          "index_key": "private/A",
          "schema_version": 0,
          "attributes": {
            "id": "projects/prj-common-srv-single-01/managedZones/composer-googleusercontent-com/rrsets/private.composer.googleusercontent.com./A",
            "managed_zone": "composer-googleusercontent-com",
            "name": "private.composer.googleusercontent.com.",
            "project": "prj-common-srv-single-01",
            "routing_policy": [],
            "rrdatas": [
              "199.36.153.8",
              "199.36.153.9",
              "199.36.153.10",
              "199.36.153.11"
            ],
            "ttl": 300,
            "type": "A"
          },
          "sensitive_attributes": [],
          "private": "bnVsbA==",
          "dependencies": [
            "data.google_compute_network.network",
            "module.cloud-dns.google_dns_managed_zone.private",
            "module.cloud-dns.google_dns_managed_zone.public"
          ]
        }
      ]
    },
    {
      "module": "module.cloud-dns[\"datafusion-cloud-google-com\"]",
      "mode": "managed",
      "type": "google_dns_managed_zone",
      "name": "private",
      "provider": "provider[\"registry.terraform.io/hashicorp/google\"]",
      "instances": [
        {
          "index_key": 0,
          "schema_version": 0,
          "attributes": {
            "cloud_logging_config": [
              {
                "enable_logging": false
              }
            ],
            "creation_time": "2024-01-24T07:42:06.615Z",
            "description": "Private Zone",
            "dns_name": "datafusion.cloud.google.com.",
            "dnssec_config": [],
            "force_destroy": false,
            "forwarding_config": [],
            "id": "projects/prj-common-srv-single-01/managedZones/datafusion-cloud-google-com",
            "labels": null,
            "managed_zone_id": 701737989050295323,
            "name": "datafusion-cloud-google-com",
            "name_servers": [
              "ns-gcp-private.googledomains.com."
            ],
            "peering_config": [],
            "private_visibility_config": [
              {
                "gke_clusters": [],
                "networks": [
                  {
                    "network_url": "https://www.googleapis.com/compute/v1/projects/prj-common-srv-single-01/global/networks/vpc-common-srv-single-01"
                  }
                ]
              }
            ],
            "project": "prj-common-srv-single-01",
            "timeouts": null,
            "visibility": "private"
          },
          "sensitive_attributes": [],
          "private": "eyJlMmJmYjczMC1lY2FhLTExZTYtOGY4OC0zNDM2M2JjN2M0YzAiOnsiY3JlYXRlIjoxMjAwMDAwMDAwMDAwLCJkZWxldGUiOjEyMDAwMDAwMDAwMDAsInVwZGF0ZSI6MTIwMDAwMDAwMDAwMH19",
          "dependencies": [
            "data.google_compute_network.network"
          ]
        }
      ]
    },
    {
      "module": "module.cloud-dns[\"datafusion-cloud-google-com\"]",
      "mode": "managed",
      "type": "google_dns_record_set",
      "name": "cloud-static-records",
      "provider": "provider[\"registry.terraform.io/hashicorp/google\"]",
      "instances": [
        {
          "index_key": "*/CNAME",
          "schema_version": 0,
          "attributes": {
            "id": "projects/prj-common-srv-single-01/managedZones/datafusion-cloud-google-com/rrsets/*.datafusion.cloud.google.com./CNAME",
            "managed_zone": "datafusion-cloud-google-com",
            "name": "*.datafusion.cloud.google.com.",
            "project": "prj-common-srv-single-01",
            "routing_policy": [],
            "rrdatas": [
              "private.datafusion.cloud.google.com."
            ],
            "ttl": 300,
            "type": "CNAME"
          },
          "sensitive_attributes": [],
          "private": "bnVsbA==",
          "dependencies": [
            "data.google_compute_network.network",
            "module.cloud-dns.google_dns_managed_zone.private",
            "module.cloud-dns.google_dns_managed_zone.public"
          ]
        },
        {
          "index_key": "/A",
          "schema_version": 0,
          "attributes": {
            "id": "projects/prj-common-srv-single-01/managedZones/datafusion-cloud-google-com/rrsets/datafusion.cloud.google.com./A",
            "managed_zone": "datafusion-cloud-google-com",
            "name": "datafusion.cloud.google.com.",
            "project": "prj-common-srv-single-01",
            "routing_policy": [],
            "rrdatas": [
              "199.36.153.8",
              "199.36.153.9",
              "199.36.153.10",
              "199.36.153.11"
            ],
            "ttl": 300,
            "type": "A"
          },
          "sensitive_attributes": [],
          "private": "bnVsbA==",
          "dependencies": [
            "data.google_compute_network.network",
            "module.cloud-dns.google_dns_managed_zone.private",
            "module.cloud-dns.google_dns_managed_zone.public"
          ]
        },
        {
          "index_key": "private/A",
          "schema_version": 0,
          "attributes": {
            "id": "projects/prj-common-srv-single-01/managedZones/datafusion-cloud-google-com/rrsets/private.datafusion.cloud.google.com./A",
            "managed_zone": "datafusion-cloud-google-com",
            "name": "private.datafusion.cloud.google.com.",
            "project": "prj-common-srv-single-01",
            "routing_policy": [],
            "rrdatas": [
              "199.36.153.8",
              "199.36.153.9",
              "199.36.153.10",
              "199.36.153.11"
            ],
            "ttl": 300,
            "type": "A"
          },
          "sensitive_attributes": [],
          "private": "bnVsbA==",
          "dependencies": [
            "data.google_compute_network.network",
            "module.cloud-dns.google_dns_managed_zone.private",
            "module.cloud-dns.google_dns_managed_zone.public"
          ]
        }
      ]
    },
    {
      "module": "module.cloud-dns[\"datafusion-googleusercontent-com\"]",
      "mode": "managed",
      "type": "google_dns_managed_zone",
      "name": "private",
      "provider": "provider[\"registry.terraform.io/hashicorp/google\"]",
      "instances": [
        {
          "index_key": 0,
          "schema_version": 0,
          "attributes": {
            "cloud_logging_config": [
              {
                "enable_logging": false
              }
            ],
            "creation_time": "2024-01-24T07:42:05.031Z",
            "description": "Private Zone",
            "dns_name": "datafusion.googleusercontent.com.",
            "dnssec_config": [],
            "force_destroy": false,
            "forwarding_config": [],
            "id": "projects/prj-common-srv-single-01/managedZones/datafusion-googleusercontent-com",
            "labels": null,
            "managed_zone_id": 2656419987882135605,
            "name": "datafusion-googleusercontent-com",
            "name_servers": [
              "ns-gcp-private.googledomains.com."
            ],
            "peering_config": [],
            "private_visibility_config": [
              {
                "gke_clusters": [],
                "networks": [
                  {
                    "network_url": "https://www.googleapis.com/compute/v1/projects/prj-common-srv-single-01/global/networks/vpc-common-srv-single-01"
                  }
                ]
              }
            ],
            "project": "prj-common-srv-single-01",
            "timeouts": null,
            "visibility": "private"
          },
          "sensitive_attributes": [],
          "private": "eyJlMmJmYjczMC1lY2FhLTExZTYtOGY4OC0zNDM2M2JjN2M0YzAiOnsiY3JlYXRlIjoxMjAwMDAwMDAwMDAwLCJkZWxldGUiOjEyMDAwMDAwMDAwMDAsInVwZGF0ZSI6MTIwMDAwMDAwMDAwMH19",
          "dependencies": [
            "data.google_compute_network.network"
          ]
        }
      ]
    },
    {
      "module": "module.cloud-dns[\"datafusion-googleusercontent-com\"]",
      "mode": "managed",
      "type": "google_dns_record_set",
      "name": "cloud-static-records",
      "provider": "provider[\"registry.terraform.io/hashicorp/google\"]",
      "instances": [
        {
          "index_key": "*/CNAME",
          "schema_version": 0,
          "attributes": {
            "id": "projects/prj-common-srv-single-01/managedZones/datafusion-googleusercontent-com/rrsets/*.datafusion.googleusercontent.com./CNAME",
            "managed_zone": "datafusion-googleusercontent-com",
            "name": "*.datafusion.googleusercontent.com.",
            "project": "prj-common-srv-single-01",
            "routing_policy": [],
            "rrdatas": [
              "private.datafusion.googleusercontent.com."
            ],
            "ttl": 300,
            "type": "CNAME"
          },
          "sensitive_attributes": [],
          "private": "bnVsbA==",
          "dependencies": [
            "data.google_compute_network.network",
            "module.cloud-dns.google_dns_managed_zone.private",
            "module.cloud-dns.google_dns_managed_zone.public"
          ]
        },
        {
          "index_key": "/A",
          "schema_version": 0,
          "attributes": {
            "id": "projects/prj-common-srv-single-01/managedZones/datafusion-googleusercontent-com/rrsets/datafusion.googleusercontent.com./A",
            "managed_zone": "datafusion-googleusercontent-com",
            "name": "datafusion.googleusercontent.com.",
            "project": "prj-common-srv-single-01",
            "routing_policy": [],
            "rrdatas": [
              "199.36.153.8",
              "199.36.153.9",
              "199.36.153.10",
              "199.36.153.11"
            ],
            "ttl": 300,
            "type": "A"
          },
          "sensitive_attributes": [],
          "private": "bnVsbA==",
          "dependencies": [
            "data.google_compute_network.network",
            "module.cloud-dns.google_dns_managed_zone.private",
            "module.cloud-dns.google_dns_managed_zone.public"
          ]
        },
        {
          "index_key": "private/A",
          "schema_version": 0,
          "attributes": {
            "id": "projects/prj-common-srv-single-01/managedZones/datafusion-googleusercontent-com/rrsets/private.datafusion.googleusercontent.com./A",
            "managed_zone": "datafusion-googleusercontent-com",
            "name": "private.datafusion.googleusercontent.com.",
            "project": "prj-common-srv-single-01",
            "routing_policy": [],
            "rrdatas": [
              "199.36.153.8",
              "199.36.153.9",
              "199.36.153.10",
              "199.36.153.11"
            ],
            "ttl": 300,
            "type": "A"
          },
          "sensitive_attributes": [],
          "private": "bnVsbA==",
          "dependencies": [
            "data.google_compute_network.network",
            "module.cloud-dns.google_dns_managed_zone.private",
            "module.cloud-dns.google_dns_managed_zone.public"
          ]
        }
      ]
    },
    {
      "module": "module.cloud-dns[\"dataproc-cloud-google-com\"]",
      "mode": "managed",
      "type": "google_dns_managed_zone",
      "name": "private",
      "provider": "provider[\"registry.terraform.io/hashicorp/google\"]",
      "instances": [
        {
          "index_key": 0,
          "schema_version": 0,
          "attributes": {
            "cloud_logging_config": [
              {
                "enable_logging": false
              }
            ],
            "creation_time": "2024-01-24T07:42:05.826Z",
            "description": "Private Zone",
            "dns_name": "dataproc.cloud.google.com.",
            "dnssec_config": [],
            "force_destroy": false,
            "forwarding_config": [],
            "id": "projects/prj-common-srv-single-01/managedZones/dataproc-cloud-google-com",
            "labels": null,
            "managed_zone_id": 5132089232907795670,
            "name": "dataproc-cloud-google-com",
            "name_servers": [
              "ns-gcp-private.googledomains.com."
            ],
            "peering_config": [],
            "private_visibility_config": [
              {
                "gke_clusters": [],
                "networks": [
                  {
                    "network_url": "https://www.googleapis.com/compute/v1/projects/prj-common-srv-single-01/global/networks/vpc-common-srv-single-01"
                  }
                ]
              }
            ],
            "project": "prj-common-srv-single-01",
            "timeouts": null,
            "visibility": "private"
          },
          "sensitive_attributes": [],
          "private": "eyJlMmJmYjczMC1lY2FhLTExZTYtOGY4OC0zNDM2M2JjN2M0YzAiOnsiY3JlYXRlIjoxMjAwMDAwMDAwMDAwLCJkZWxldGUiOjEyMDAwMDAwMDAwMDAsInVwZGF0ZSI6MTIwMDAwMDAwMDAwMH19",
          "dependencies": [
            "data.google_compute_network.network"
          ]
        }
      ]
    },
    {
      "module": "module.cloud-dns[\"dataproc-cloud-google-com\"]",
      "mode": "managed",
      "type": "google_dns_record_set",
      "name": "cloud-static-records",
      "provider": "provider[\"registry.terraform.io/hashicorp/google\"]",
      "instances": [
        {
          "index_key": "*/CNAME",
          "schema_version": 0,
          "attributes": {
            "id": "projects/prj-common-srv-single-01/managedZones/dataproc-cloud-google-com/rrsets/*.dataproc.cloud.google.com./CNAME",
            "managed_zone": "dataproc-cloud-google-com",
            "name": "*.dataproc.cloud.google.com.",
            "project": "prj-common-srv-single-01",
            "routing_policy": [],
            "rrdatas": [
              "private.dataproc.cloud.google.com."
            ],
            "ttl": 300,
            "type": "CNAME"
          },
          "sensitive_attributes": [],
          "private": "bnVsbA==",
          "dependencies": [
            "data.google_compute_network.network",
            "module.cloud-dns.google_dns_managed_zone.private",
            "module.cloud-dns.google_dns_managed_zone.public"
          ]
        },
        {
          "index_key": "/A",
          "schema_version": 0,
          "attributes": {
            "id": "projects/prj-common-srv-single-01/managedZones/dataproc-cloud-google-com/rrsets/dataproc.cloud.google.com./A",
            "managed_zone": "dataproc-cloud-google-com",
            "name": "dataproc.cloud.google.com.",
            "project": "prj-common-srv-single-01",
            "routing_policy": [],
            "rrdatas": [
              "199.36.153.8",
              "199.36.153.9",
              "199.36.153.10",
              "199.36.153.11"
            ],
            "ttl": 300,
            "type": "A"
          },
          "sensitive_attributes": [],
          "private": "bnVsbA==",
          "dependencies": [
            "data.google_compute_network.network",
            "module.cloud-dns.google_dns_managed_zone.private",
            "module.cloud-dns.google_dns_managed_zone.public"
          ]
        },
        {
          "index_key": "private/A",
          "schema_version": 0,
          "attributes": {
            "id": "projects/prj-common-srv-single-01/managedZones/dataproc-cloud-google-com/rrsets/private.dataproc.cloud.google.com./A",
            "managed_zone": "dataproc-cloud-google-com",
            "name": "private.dataproc.cloud.google.com.",
            "project": "prj-common-srv-single-01",
            "routing_policy": [],
            "rrdatas": [
              "199.36.153.8",
              "199.36.153.9",
              "199.36.153.10",
              "199.36.153.11"
            ],
            "ttl": 300,
            "type": "A"
          },
          "sensitive_attributes": [],
          "private": "bnVsbA==",
          "dependencies": [
            "data.google_compute_network.network",
            "module.cloud-dns.google_dns_managed_zone.private",
            "module.cloud-dns.google_dns_managed_zone.public"
          ]
        }
      ]
    },
    {
      "module": "module.cloud-dns[\"dataproc-googleusercontent-com\"]",
      "mode": "managed",
      "type": "google_dns_managed_zone",
      "name": "private",
      "provider": "provider[\"registry.terraform.io/hashicorp/google\"]",
      "instances": [
        {
          "index_key": 0,
          "schema_version": 0,
          "attributes": {
            "cloud_logging_config": [
              {
                "enable_logging": false
              }
            ],
            "creation_time": "2024-01-24T07:42:06.101Z",
            "description": "Private Zone",
            "dns_name": "dataproc.googleusercontent.com.",
            "dnssec_config": [],
            "force_destroy": false,
            "forwarding_config": [],
            "id": "projects/prj-common-srv-single-01/managedZones/dataproc-googleusercontent-com",
            "labels": null,
            "managed_zone_id": 32656137995627924,
            "name": "dataproc-googleusercontent-com",
            "name_servers": [
              "ns-gcp-private.googledomains.com."
            ],
            "peering_config": [],
            "private_visibility_config": [
              {
                "gke_clusters": [],
                "networks": [
                  {
                    "network_url": "https://www.googleapis.com/compute/v1/projects/prj-common-srv-single-01/global/networks/vpc-common-srv-single-01"
                  }
                ]
              }
            ],
            "project": "prj-common-srv-single-01",
            "timeouts": null,
            "visibility": "private"
          },
          "sensitive_attributes": [],
          "private": "eyJlMmJmYjczMC1lY2FhLTExZTYtOGY4OC0zNDM2M2JjN2M0YzAiOnsiY3JlYXRlIjoxMjAwMDAwMDAwMDAwLCJkZWxldGUiOjEyMDAwMDAwMDAwMDAsInVwZGF0ZSI6MTIwMDAwMDAwMDAwMH19",
          "dependencies": [
            "data.google_compute_network.network"
          ]
        }
      ]
    },
    {
      "module": "module.cloud-dns[\"dataproc-googleusercontent-com\"]",
      "mode": "managed",
      "type": "google_dns_record_set",
      "name": "cloud-static-records",
      "provider": "provider[\"registry.terraform.io/hashicorp/google\"]",
      "instances": [
        {
          "index_key": "*/CNAME",
          "schema_version": 0,
          "attributes": {
            "id": "projects/prj-common-srv-single-01/managedZones/dataproc-googleusercontent-com/rrsets/*.dataproc.googleusercontent.com./CNAME",
            "managed_zone": "dataproc-googleusercontent-com",
            "name": "*.dataproc.googleusercontent.com.",
            "project": "prj-common-srv-single-01",
            "routing_policy": [],
            "rrdatas": [
              "private.dataproc.googleusercontent.com."
            ],
            "ttl": 300,
            "type": "CNAME"
          },
          "sensitive_attributes": [],
          "private": "bnVsbA==",
          "dependencies": [
            "data.google_compute_network.network",
            "module.cloud-dns.google_dns_managed_zone.private",
            "module.cloud-dns.google_dns_managed_zone.public"
          ]
        },
        {
          "index_key": "/A",
          "schema_version": 0,
          "attributes": {
            "id": "projects/prj-common-srv-single-01/managedZones/dataproc-googleusercontent-com/rrsets/dataproc.googleusercontent.com./A",
            "managed_zone": "dataproc-googleusercontent-com",
            "name": "dataproc.googleusercontent.com.",
            "project": "prj-common-srv-single-01",
            "routing_policy": [],
            "rrdatas": [
              "199.36.153.8",
              "199.36.153.9",
              "199.36.153.10",
              "199.36.153.11"
            ],
            "ttl": 300,
            "type": "A"
          },
          "sensitive_attributes": [],
          "private": "bnVsbA==",
          "dependencies": [
            "data.google_compute_network.network",
            "module.cloud-dns.google_dns_managed_zone.private",
            "module.cloud-dns.google_dns_managed_zone.public"
          ]
        },
        {
          "index_key": "private/A",
          "schema_version": 0,
          "attributes": {
            "id": "projects/prj-common-srv-single-01/managedZones/dataproc-googleusercontent-com/rrsets/private.dataproc.googleusercontent.com./A",
            "managed_zone": "dataproc-googleusercontent-com",
            "name": "private.dataproc.googleusercontent.com.",
            "project": "prj-common-srv-single-01",
            "routing_policy": [],
            "rrdatas": [
              "199.36.153.8",
              "199.36.153.9",
              "199.36.153.10",
              "199.36.153.11"
            ],
            "ttl": 300,
            "type": "A"
          },
          "sensitive_attributes": [],
          "private": "bnVsbA==",
          "dependencies": [
            "data.google_compute_network.network",
            "module.cloud-dns.google_dns_managed_zone.private",
            "module.cloud-dns.google_dns_managed_zone.public"
          ]
        }
      ]
    },
    {
      "module": "module.cloud-dns[\"dl-google-com\"]",
      "mode": "managed",
      "type": "google_dns_managed_zone",
      "name": "private",
      "provider": "provider[\"registry.terraform.io/hashicorp/google\"]",
      "instances": [
        {
          "index_key": 0,
          "schema_version": 0,
          "attributes": {
            "cloud_logging_config": [
              {
                "enable_logging": false
              }
            ],
            "creation_time": "2024-01-24T07:42:06.615Z",
            "description": "Private Zone",
            "dns_name": "dl.google.com.",
            "dnssec_config": [],
            "force_destroy": false,
            "forwarding_config": [],
            "id": "projects/prj-common-srv-single-01/managedZones/dl-google-com",
            "labels": null,
            "managed_zone_id": 1448976337485391028,
            "name": "dl-google-com",
            "name_servers": [
              "ns-gcp-private.googledomains.com."
            ],
            "peering_config": [],
            "private_visibility_config": [
              {
                "gke_clusters": [],
                "networks": [
                  {
                    "network_url": "https://www.googleapis.com/compute/v1/projects/prj-common-srv-single-01/global/networks/vpc-common-srv-single-01"
                  }
                ]
              }
            ],
            "project": "prj-common-srv-single-01",
            "timeouts": null,
            "visibility": "private"
          },
          "sensitive_attributes": [],
          "private": "eyJlMmJmYjczMC1lY2FhLTExZTYtOGY4OC0zNDM2M2JjN2M0YzAiOnsiY3JlYXRlIjoxMjAwMDAwMDAwMDAwLCJkZWxldGUiOjEyMDAwMDAwMDAwMDAsInVwZGF0ZSI6MTIwMDAwMDAwMDAwMH19",
          "dependencies": [
            "data.google_compute_network.network"
          ]
        }
      ]
    },
    {
      "module": "module.cloud-dns[\"dl-google-com\"]",
      "mode": "managed",
      "type": "google_dns_record_set",
      "name": "cloud-static-records",
      "provider": "provider[\"registry.terraform.io/hashicorp/google\"]",
      "instances": [
        {
          "index_key": "*/CNAME",
          "schema_version": 0,
          "attributes": {
            "id": "projects/prj-common-srv-single-01/managedZones/dl-google-com/rrsets/*.dl.google.com./CNAME",
            "managed_zone": "dl-google-com",
            "name": "*.dl.google.com.",
            "project": "prj-common-srv-single-01",
            "routing_policy": [],
            "rrdatas": [
              "private.dl.google.com."
            ],
            "ttl": 300,
            "type": "CNAME"
          },
          "sensitive_attributes": [],
          "private": "bnVsbA==",
          "dependencies": [
            "data.google_compute_network.network",
            "module.cloud-dns.google_dns_managed_zone.private",
            "module.cloud-dns.google_dns_managed_zone.public"
          ]
        },
        {
          "index_key": "/A",
          "schema_version": 0,
          "attributes": {
            "id": "projects/prj-common-srv-single-01/managedZones/dl-google-com/rrsets/dl.google.com./A",
            "managed_zone": "dl-google-com",
            "name": "dl.google.com.",
            "project": "prj-common-srv-single-01",
            "routing_policy": [],
            "rrdatas": [
              "199.36.153.8",
              "199.36.153.9",
              "199.36.153.10",
              "199.36.153.11"
            ],
            "ttl": 300,
            "type": "A"
          },
          "sensitive_attributes": [],
          "private": "bnVsbA==",
          "dependencies": [
            "data.google_compute_network.network",
            "module.cloud-dns.google_dns_managed_zone.private",
            "module.cloud-dns.google_dns_managed_zone.public"
          ]
        },
        {
          "index_key": "private/A",
          "schema_version": 0,
          "attributes": {
            "id": "projects/prj-common-srv-single-01/managedZones/dl-google-com/rrsets/private.dl.google.com./A",
            "managed_zone": "dl-google-com",
            "name": "private.dl.google.com.",
            "project": "prj-common-srv-single-01",
            "routing_policy": [],
            "rrdatas": [
              "199.36.153.8",
              "199.36.153.9",
              "199.36.153.10",
              "199.36.153.11"
            ],
            "ttl": 300,
            "type": "A"
          },
          "sensitive_attributes": [],
          "private": "bnVsbA==",
          "dependencies": [
            "data.google_compute_network.network",
            "module.cloud-dns.google_dns_managed_zone.private",
            "module.cloud-dns.google_dns_managed_zone.public"
          ]
        }
      ]
    },
    {
      "module": "module.cloud-dns[\"gcr-io\"]",
      "mode": "managed",
      "type": "google_dns_managed_zone",
      "name": "private",
      "provider": "provider[\"registry.terraform.io/hashicorp/google\"]",
      "instances": [
        {
          "index_key": 0,
          "schema_version": 0,
          "attributes": {
            "cloud_logging_config": [
              {
                "enable_logging": false
              }
            ],
            "creation_time": "2024-01-24T07:42:05.029Z",
            "description": "Private Zone",
            "dns_name": "gcr.io.",
            "dnssec_config": [],
            "force_destroy": false,
            "forwarding_config": [],
            "id": "projects/prj-common-srv-single-01/managedZones/gcr-io",
            "labels": null,
            "managed_zone_id": 1180989228939570327,
            "name": "gcr-io",
            "name_servers": [
              "ns-gcp-private.googledomains.com."
            ],
            "peering_config": [],
            "private_visibility_config": [
              {
                "gke_clusters": [],
                "networks": [
                  {
                    "network_url": "https://www.googleapis.com/compute/v1/projects/prj-common-srv-single-01/global/networks/vpc-common-srv-single-01"
                  }
                ]
              }
            ],
            "project": "prj-common-srv-single-01",
            "timeouts": null,
            "visibility": "private"
          },
          "sensitive_attributes": [],
          "private": "eyJlMmJmYjczMC1lY2FhLTExZTYtOGY4OC0zNDM2M2JjN2M0YzAiOnsiY3JlYXRlIjoxMjAwMDAwMDAwMDAwLCJkZWxldGUiOjEyMDAwMDAwMDAwMDAsInVwZGF0ZSI6MTIwMDAwMDAwMDAwMH19",
          "dependencies": [
            "data.google_compute_network.network"
          ]
        }
      ]
    },
    {
      "module": "module.cloud-dns[\"gcr-io\"]",
      "mode": "managed",
      "type": "google_dns_record_set",
      "name": "cloud-static-records",
      "provider": "provider[\"registry.terraform.io/hashicorp/google\"]",
      "instances": [
        {
          "index_key": "*/CNAME",
          "schema_version": 0,
          "attributes": {
            "id": "projects/prj-common-srv-single-01/managedZones/gcr-io/rrsets/*.gcr.io./CNAME",
            "managed_zone": "gcr-io",
            "name": "*.gcr.io.",
            "project": "prj-common-srv-single-01",
            "routing_policy": [],
            "rrdatas": [
              "private.gcr.io."
            ],
            "ttl": 300,
            "type": "CNAME"
          },
          "sensitive_attributes": [],
          "private": "bnVsbA==",
          "dependencies": [
            "data.google_compute_network.network",
            "module.cloud-dns.google_dns_managed_zone.private",
            "module.cloud-dns.google_dns_managed_zone.public"
          ]
        },
        {
          "index_key": "/A",
          "schema_version": 0,
          "attributes": {
            "id": "projects/prj-common-srv-single-01/managedZones/gcr-io/rrsets/gcr.io./A",
            "managed_zone": "gcr-io",
            "name": "gcr.io.",
            "project": "prj-common-srv-single-01",
            "routing_policy": [],
            "rrdatas": [
              "199.36.153.8",
              "199.36.153.9",
              "199.36.153.10",
              "199.36.153.11"
            ],
            "ttl": 300,
            "type": "A"
          },
          "sensitive_attributes": [],
          "private": "bnVsbA==",
          "dependencies": [
            "data.google_compute_network.network",
            "module.cloud-dns.google_dns_managed_zone.private",
            "module.cloud-dns.google_dns_managed_zone.public"
          ]
        },
        {
          "index_key": "private/A",
          "schema_version": 0,
          "attributes": {
            "id": "projects/prj-common-srv-single-01/managedZones/gcr-io/rrsets/private.gcr.io./A",
            "managed_zone": "gcr-io",
            "name": "private.gcr.io.",
            "project": "prj-common-srv-single-01",
            "routing_policy": [],
            "rrdatas": [
              "199.36.153.8",
              "199.36.153.9",
              "199.36.153.10",
              "199.36.153.11"
            ],
            "ttl": 300,
            "type": "A"
          },
          "sensitive_attributes": [],
          "private": "bnVsbA==",
          "dependencies": [
            "data.google_compute_network.network",
            "module.cloud-dns.google_dns_managed_zone.private",
            "module.cloud-dns.google_dns_managed_zone.public"
          ]
        }
      ]
    },
    {
      "module": "module.cloud-dns[\"googleadapis-com\"]",
      "mode": "managed",
      "type": "google_dns_managed_zone",
      "name": "private",
      "provider": "provider[\"registry.terraform.io/hashicorp/google\"]",
      "instances": [
        {
          "index_key": 0,
          "schema_version": 0,
          "attributes": {
            "cloud_logging_config": [
              {
                "enable_logging": false
              }
            ],
            "creation_time": "2024-01-24T07:42:05.086Z",
            "description": "Private Zone",
            "dns_name": "googleadapis.com.",
            "dnssec_config": [],
            "force_destroy": false,
            "forwarding_config": [],
            "id": "projects/prj-common-srv-single-01/managedZones/googleadapis-com",
            "labels": null,
            "managed_zone_id": 5958373047744140696,
            "name": "googleadapis-com",
            "name_servers": [
              "ns-gcp-private.googledomains.com."
            ],
            "peering_config": [],
            "private_visibility_config": [
              {
                "gke_clusters": [],
                "networks": [
                  {
                    "network_url": "https://www.googleapis.com/compute/v1/projects/prj-common-srv-single-01/global/networks/vpc-common-srv-single-01"
                  }
                ]
              }
            ],
            "project": "prj-common-srv-single-01",
            "timeouts": null,
            "visibility": "private"
          },
          "sensitive_attributes": [],
          "private": "eyJlMmJmYjczMC1lY2FhLTExZTYtOGY4OC0zNDM2M2JjN2M0YzAiOnsiY3JlYXRlIjoxMjAwMDAwMDAwMDAwLCJkZWxldGUiOjEyMDAwMDAwMDAwMDAsInVwZGF0ZSI6MTIwMDAwMDAwMDAwMH19",
          "dependencies": [
            "data.google_compute_network.network"
          ]
        }
      ]
    },
    {
      "module": "module.cloud-dns[\"googleadapis-com\"]",
      "mode": "managed",
      "type": "google_dns_record_set",
      "name": "cloud-static-records",
      "provider": "provider[\"registry.terraform.io/hashicorp/google\"]",
      "instances": [
        {
          "index_key": "*/CNAME",
          "schema_version": 0,
          "attributes": {
            "id": "projects/prj-common-srv-single-01/managedZones/googleadapis-com/rrsets/*.googleadapis.com./CNAME",
            "managed_zone": "googleadapis-com",
            "name": "*.googleadapis.com.",
            "project": "prj-common-srv-single-01",
            "routing_policy": [],
            "rrdatas": [
              "private.googleadapis.com."
            ],
            "ttl": 300,
            "type": "CNAME"
          },
          "sensitive_attributes": [],
          "private": "bnVsbA==",
          "dependencies": [
            "data.google_compute_network.network",
            "module.cloud-dns.google_dns_managed_zone.private",
            "module.cloud-dns.google_dns_managed_zone.public"
          ]
        },
        {
          "index_key": "/A",
          "schema_version": 0,
          "attributes": {
            "id": "projects/prj-common-srv-single-01/managedZones/googleadapis-com/rrsets/googleadapis.com./A",
            "managed_zone": "googleadapis-com",
            "name": "googleadapis.com.",
            "project": "prj-common-srv-single-01",
            "routing_policy": [],
            "rrdatas": [
              "199.36.153.8",
              "199.36.153.9",
              "199.36.153.10",
              "199.36.153.11"
            ],
            "ttl": 300,
            "type": "A"
          },
          "sensitive_attributes": [],
          "private": "bnVsbA==",
          "dependencies": [
            "data.google_compute_network.network",
            "module.cloud-dns.google_dns_managed_zone.private",
            "module.cloud-dns.google_dns_managed_zone.public"
          ]
        },
        {
          "index_key": "private/A",
          "schema_version": 0,
          "attributes": {
            "id": "projects/prj-common-srv-single-01/managedZones/googleadapis-com/rrsets/private.googleadapis.com./A",
            "managed_zone": "googleadapis-com",
            "name": "private.googleadapis.com.",
            "project": "prj-common-srv-single-01",
            "routing_policy": [],
            "rrdatas": [
              "199.36.153.8",
              "199.36.153.9",
              "199.36.153.10",
              "199.36.153.11"
            ],
            "ttl": 300,
            "type": "A"
          },
          "sensitive_attributes": [],
          "private": "bnVsbA==",
          "dependencies": [
            "data.google_compute_network.network",
            "module.cloud-dns.google_dns_managed_zone.private",
            "module.cloud-dns.google_dns_managed_zone.public"
          ]
        }
      ]
    },
    {
      "module": "module.cloud-dns[\"googleapis-com\"]",
      "mode": "managed",
      "type": "google_dns_managed_zone",
      "name": "private",
      "provider": "provider[\"registry.terraform.io/hashicorp/google\"]",
      "instances": [
        {
          "index_key": 0,
          "schema_version": 0,
          "attributes": {
            "cloud_logging_config": [
              {
                "enable_logging": false
              }
            ],
            "creation_time": "2024-01-24T07:42:05.833Z",
            "description": "Private Zone",
            "dns_name": "googleapis.com.",
            "dnssec_config": [],
            "force_destroy": false,
            "forwarding_config": [],
            "id": "projects/prj-common-srv-single-01/managedZones/googleapis-com",
            "labels": null,
            "managed_zone_id": 1162860096597154989,
            "name": "googleapis-com",
            "name_servers": [
              "ns-gcp-private.googledomains.com."
            ],
            "peering_config": [],
            "private_visibility_config": [
              {
                "gke_clusters": [],
                "networks": [
                  {
                    "network_url": "https://www.googleapis.com/compute/v1/projects/prj-common-srv-single-01/global/networks/vpc-common-srv-single-01"
                  }
                ]
              }
            ],
            "project": "prj-common-srv-single-01",
            "timeouts": null,
            "visibility": "private"
          },
          "sensitive_attributes": [],
          "private": "eyJlMmJmYjczMC1lY2FhLTExZTYtOGY4OC0zNDM2M2JjN2M0YzAiOnsiY3JlYXRlIjoxMjAwMDAwMDAwMDAwLCJkZWxldGUiOjEyMDAwMDAwMDAwMDAsInVwZGF0ZSI6MTIwMDAwMDAwMDAwMH19",
          "dependencies": [
            "data.google_compute_network.network"
          ]
        }
      ]
    },
    {
      "module": "module.cloud-dns[\"googleapis-com\"]",
      "mode": "managed",
      "type": "google_dns_record_set",
      "name": "cloud-static-records",
      "provider": "provider[\"registry.terraform.io/hashicorp/google\"]",
      "instances": [
        {
          "index_key": "*/CNAME",
          "schema_version": 0,
          "attributes": {
            "id": "projects/prj-common-srv-single-01/managedZones/googleapis-com/rrsets/*.googleapis.com./CNAME",
            "managed_zone": "googleapis-com",
            "name": "*.googleapis.com.",
            "project": "prj-common-srv-single-01",
            "routing_policy": [],
            "rrdatas": [
              "private.googleapis.com."
            ],
            "ttl": 300,
            "type": "CNAME"
          },
          "sensitive_attributes": [],
          "private": "bnVsbA==",
          "dependencies": [
            "data.google_compute_network.network",
            "module.cloud-dns.google_dns_managed_zone.private",
            "module.cloud-dns.google_dns_managed_zone.public"
          ]
        },
        {
          "index_key": "/A",
          "schema_version": 0,
          "attributes": {
            "id": "projects/prj-common-srv-single-01/managedZones/googleapis-com/rrsets/googleapis.com./A",
            "managed_zone": "googleapis-com",
            "name": "googleapis.com.",
            "project": "prj-common-srv-single-01",
            "routing_policy": [],
            "rrdatas": [
              "199.36.153.8",
              "199.36.153.9",
              "199.36.153.10",
              "199.36.153.11"
            ],
            "ttl": 300,
            "type": "A"
          },
          "sensitive_attributes": [],
          "private": "bnVsbA==",
          "dependencies": [
            "data.google_compute_network.network",
            "module.cloud-dns.google_dns_managed_zone.private",
            "module.cloud-dns.google_dns_managed_zone.public"
          ]
        },
        {
          "index_key": "private/A",
          "schema_version": 0,
          "attributes": {
            "id": "projects/prj-common-srv-single-01/managedZones/googleapis-com/rrsets/private.googleapis.com./A",
            "managed_zone": "googleapis-com",
            "name": "private.googleapis.com.",
            "project": "prj-common-srv-single-01",
            "routing_policy": [],
            "rrdatas": [
              "199.36.153.8",
              "199.36.153.9",
              "199.36.153.10",
              "199.36.153.11"
            ],
            "ttl": 300,
            "type": "A"
          },
          "sensitive_attributes": [],
          "private": "bnVsbA==",
          "dependencies": [
            "data.google_compute_network.network",
            "module.cloud-dns.google_dns_managed_zone.private",
            "module.cloud-dns.google_dns_managed_zone.public"
          ]
        }
      ]
    },
    {
      "module": "module.cloud-dns[\"gstatic-com\"]",
      "mode": "managed",
      "type": "google_dns_managed_zone",
      "name": "private",
      "provider": "provider[\"registry.terraform.io/hashicorp/google\"]",
      "instances": [
        {
          "index_key": 0,
          "schema_version": 0,
          "attributes": {
            "cloud_logging_config": [
              {
                "enable_logging": false
              }
            ],
            "creation_time": "2024-01-24T07:42:05.086Z",
            "description": "Private Zone",
            "dns_name": "gstatic.com.",
            "dnssec_config": [],
            "force_destroy": false,
            "forwarding_config": [],
            "id": "projects/prj-common-srv-single-01/managedZones/gstatic-com",
            "labels": null,
            "managed_zone_id": 1131861557083629679,
            "name": "gstatic-com",
            "name_servers": [
              "ns-gcp-private.googledomains.com."
            ],
            "peering_config": [],
            "private_visibility_config": [
              {
                "gke_clusters": [],
                "networks": [
                  {
                    "network_url": "https://www.googleapis.com/compute/v1/projects/prj-common-srv-single-01/global/networks/vpc-common-srv-single-01"
                  }
                ]
              }
            ],
            "project": "prj-common-srv-single-01",
            "timeouts": null,
            "visibility": "private"
          },
          "sensitive_attributes": [],
          "private": "eyJlMmJmYjczMC1lY2FhLTExZTYtOGY4OC0zNDM2M2JjN2M0YzAiOnsiY3JlYXRlIjoxMjAwMDAwMDAwMDAwLCJkZWxldGUiOjEyMDAwMDAwMDAwMDAsInVwZGF0ZSI6MTIwMDAwMDAwMDAwMH19",
          "dependencies": [
            "data.google_compute_network.network"
          ]
        }
      ]
    },
    {
      "module": "module.cloud-dns[\"gstatic-com\"]",
      "mode": "managed",
      "type": "google_dns_record_set",
      "name": "cloud-static-records",
      "provider": "provider[\"registry.terraform.io/hashicorp/google\"]",
      "instances": [
        {
          "index_key": "*/CNAME",
          "schema_version": 0,
          "attributes": {
            "id": "projects/prj-common-srv-single-01/managedZones/gstatic-com/rrsets/*.gstatic.com./CNAME",
            "managed_zone": "gstatic-com",
            "name": "*.gstatic.com.",
            "project": "prj-common-srv-single-01",
            "routing_policy": [],
            "rrdatas": [
              "private.gstatic.com."
            ],
            "ttl": 300,
            "type": "CNAME"
          },
          "sensitive_attributes": [],
          "private": "bnVsbA==",
          "dependencies": [
            "data.google_compute_network.network",
            "module.cloud-dns.google_dns_managed_zone.private",
            "module.cloud-dns.google_dns_managed_zone.public"
          ]
        },
        {
          "index_key": "/A",
          "schema_version": 0,
          "attributes": {
            "id": "projects/prj-common-srv-single-01/managedZones/gstatic-com/rrsets/gstatic.com./A",
            "managed_zone": "gstatic-com",
            "name": "gstatic.com.",
            "project": "prj-common-srv-single-01",
            "routing_policy": [],
            "rrdatas": [
              "199.36.153.8",
              "199.36.153.9",
              "199.36.153.10",
              "199.36.153.11"
            ],
            "ttl": 300,
            "type": "A"
          },
          "sensitive_attributes": [],
          "private": "bnVsbA==",
          "dependencies": [
            "data.google_compute_network.network",
            "module.cloud-dns.google_dns_managed_zone.private",
            "module.cloud-dns.google_dns_managed_zone.public"
          ]
        },
        {
          "index_key": "private/A",
          "schema_version": 0,
          "attributes": {
            "id": "projects/prj-common-srv-single-01/managedZones/gstatic-com/rrsets/private.gstatic.com./A",
            "managed_zone": "gstatic-com",
            "name": "private.gstatic.com.",
            "project": "prj-common-srv-single-01",
            "routing_policy": [],
            "rrdatas": [
              "199.36.153.8",
              "199.36.153.9",
              "199.36.153.10",
              "199.36.153.11"
            ],
            "ttl": 300,
            "type": "A"
          },
          "sensitive_attributes": [],
          "private": "bnVsbA==",
          "dependencies": [
            "data.google_compute_network.network",
            "module.cloud-dns.google_dns_managed_zone.private",
            "module.cloud-dns.google_dns_managed_zone.public"
          ]
        }
      ]
    },
    {
      "module": "module.cloud-dns[\"ltsapis-goog\"]",
      "mode": "managed",
      "type": "google_dns_managed_zone",
      "name": "private",
      "provider": "provider[\"registry.terraform.io/hashicorp/google\"]",
      "instances": [
        {
          "index_key": 0,
          "schema_version": 0,
          "attributes": {
            "cloud_logging_config": [
              {
                "enable_logging": false
              }
            ],
            "creation_time": "2024-01-24T07:42:05.870Z",
            "description": "Private Zone",
            "dns_name": "ltsapis.goog.",
            "dnssec_config": [],
            "force_destroy": false,
            "forwarding_config": [],
            "id": "projects/prj-common-srv-single-01/managedZones/ltsapis-goog",
            "labels": null,
            "managed_zone_id": 719070077028776272,
            "name": "ltsapis-goog",
            "name_servers": [
              "ns-gcp-private.googledomains.com."
            ],
            "peering_config": [],
            "private_visibility_config": [
              {
                "gke_clusters": [],
                "networks": [
                  {
                    "network_url": "https://www.googleapis.com/compute/v1/projects/prj-common-srv-single-01/global/networks/vpc-common-srv-single-01"
                  }
                ]
              }
            ],
            "project": "prj-common-srv-single-01",
            "timeouts": null,
            "visibility": "private"
          },
          "sensitive_attributes": [],
          "private": "eyJlMmJmYjczMC1lY2FhLTExZTYtOGY4OC0zNDM2M2JjN2M0YzAiOnsiY3JlYXRlIjoxMjAwMDAwMDAwMDAwLCJkZWxldGUiOjEyMDAwMDAwMDAwMDAsInVwZGF0ZSI6MTIwMDAwMDAwMDAwMH19",
          "dependencies": [
            "data.google_compute_network.network"
          ]
        }
      ]
    },
    {
      "module": "module.cloud-dns[\"ltsapis-goog\"]",
      "mode": "managed",
      "type": "google_dns_record_set",
      "name": "cloud-static-records",
      "provider": "provider[\"registry.terraform.io/hashicorp/google\"]",
      "instances": [
        {
          "index_key": "*/CNAME",
          "schema_version": 0,
          "attributes": {
            "id": "projects/prj-common-srv-single-01/managedZones/ltsapis-goog/rrsets/*.ltsapis.goog./CNAME",
            "managed_zone": "ltsapis-goog",
            "name": "*.ltsapis.goog.",
            "project": "prj-common-srv-single-01",
            "routing_policy": [],
            "rrdatas": [
              "private.ltsapis.goog."
            ],
            "ttl": 300,
            "type": "CNAME"
          },
          "sensitive_attributes": [],
          "private": "bnVsbA==",
          "dependencies": [
            "data.google_compute_network.network",
            "module.cloud-dns.google_dns_managed_zone.private",
            "module.cloud-dns.google_dns_managed_zone.public"
          ]
        },
        {
          "index_key": "/A",
          "schema_version": 0,
          "attributes": {
            "id": "projects/prj-common-srv-single-01/managedZones/ltsapis-goog/rrsets/ltsapis.goog./A",
            "managed_zone": "ltsapis-goog",
            "name": "ltsapis.goog.",
            "project": "prj-common-srv-single-01",
            "routing_policy": [],
            "rrdatas": [
              "199.36.153.8",
              "199.36.153.9",
              "199.36.153.10",
              "199.36.153.11"
            ],
            "ttl": 300,
            "type": "A"
          },
          "sensitive_attributes": [],
          "private": "bnVsbA==",
          "dependencies": [
            "data.google_compute_network.network",
            "module.cloud-dns.google_dns_managed_zone.private",
            "module.cloud-dns.google_dns_managed_zone.public"
          ]
        },
        {
          "index_key": "private/A",
          "schema_version": 0,
          "attributes": {
            "id": "projects/prj-common-srv-single-01/managedZones/ltsapis-goog/rrsets/private.ltsapis.goog./A",
            "managed_zone": "ltsapis-goog",
            "name": "private.ltsapis.goog.",
            "project": "prj-common-srv-single-01",
            "routing_policy": [],
            "rrdatas": [
              "199.36.153.8",
              "199.36.153.9",
              "199.36.153.10",
              "199.36.153.11"
            ],
            "ttl": 300,
            "type": "A"
          },
          "sensitive_attributes": [],
          "private": "bnVsbA==",
          "dependencies": [
            "data.google_compute_network.network",
            "module.cloud-dns.google_dns_managed_zone.private",
            "module.cloud-dns.google_dns_managed_zone.public"
          ]
        }
      ]
    },
    {
      "module": "module.cloud-dns[\"notebooks-cloud-google-com\"]",
      "mode": "managed",
      "type": "google_dns_managed_zone",
      "name": "private",
      "provider": "provider[\"registry.terraform.io/hashicorp/google\"]",
      "instances": [
        {
          "index_key": 0,
          "schema_version": 0,
          "attributes": {
            "cloud_logging_config": [
              {
                "enable_logging": false
              }
            ],
            "creation_time": "2024-01-24T07:42:05.098Z",
            "description": "Private Zone",
            "dns_name": "notebooks.cloud.google.com.",
            "dnssec_config": [],
            "force_destroy": false,
            "forwarding_config": [],
            "id": "projects/prj-common-srv-single-01/managedZones/notebooks-cloud-google-com",
            "labels": null,
            "managed_zone_id": 5725725396773561994,
            "name": "notebooks-cloud-google-com",
            "name_servers": [
              "ns-gcp-private.googledomains.com."
            ],
            "peering_config": [],
            "private_visibility_config": [
              {
                "gke_clusters": [],
                "networks": [
                  {
                    "network_url": "https://www.googleapis.com/compute/v1/projects/prj-common-srv-single-01/global/networks/vpc-common-srv-single-01"
                  }
                ]
              }
            ],
            "project": "prj-common-srv-single-01",
            "timeouts": null,
            "visibility": "private"
          },
          "sensitive_attributes": [],
          "private": "eyJlMmJmYjczMC1lY2FhLTExZTYtOGY4OC0zNDM2M2JjN2M0YzAiOnsiY3JlYXRlIjoxMjAwMDAwMDAwMDAwLCJkZWxldGUiOjEyMDAwMDAwMDAwMDAsInVwZGF0ZSI6MTIwMDAwMDAwMDAwMH19",
          "dependencies": [
            "data.google_compute_network.network"
          ]
        }
      ]
    },
    {
      "module": "module.cloud-dns[\"notebooks-cloud-google-com\"]",
      "mode": "managed",
      "type": "google_dns_record_set",
      "name": "cloud-static-records",
      "provider": "provider[\"registry.terraform.io/hashicorp/google\"]",
      "instances": [
        {
          "index_key": "*/CNAME",
          "schema_version": 0,
          "attributes": {
            "id": "projects/prj-common-srv-single-01/managedZones/notebooks-cloud-google-com/rrsets/*.notebooks.cloud.google.com./CNAME",
            "managed_zone": "notebooks-cloud-google-com",
            "name": "*.notebooks.cloud.google.com.",
            "project": "prj-common-srv-single-01",
            "routing_policy": [],
            "rrdatas": [
              "private.notebooks.cloud.google.com."
            ],
            "ttl": 300,
            "type": "CNAME"
          },
          "sensitive_attributes": [],
          "private": "bnVsbA==",
          "dependencies": [
            "data.google_compute_network.network",
            "module.cloud-dns.google_dns_managed_zone.private",
            "module.cloud-dns.google_dns_managed_zone.public"
          ]
        },
        {
          "index_key": "/A",
          "schema_version": 0,
          "attributes": {
            "id": "projects/prj-common-srv-single-01/managedZones/notebooks-cloud-google-com/rrsets/notebooks.cloud.google.com./A",
            "managed_zone": "notebooks-cloud-google-com",
            "name": "notebooks.cloud.google.com.",
            "project": "prj-common-srv-single-01",
            "routing_policy": [],
            "rrdatas": [
              "199.36.153.8",
              "199.36.153.9",
              "199.36.153.10",
              "199.36.153.11"
            ],
            "ttl": 300,
            "type": "A"
          },
          "sensitive_attributes": [],
          "private": "bnVsbA==",
          "dependencies": [
            "data.google_compute_network.network",
            "module.cloud-dns.google_dns_managed_zone.private",
            "module.cloud-dns.google_dns_managed_zone.public"
          ]
        },
        {
          "index_key": "private/A",
          "schema_version": 0,
          "attributes": {
            "id": "projects/prj-common-srv-single-01/managedZones/notebooks-cloud-google-com/rrsets/private.notebooks.cloud.google.com./A",
            "managed_zone": "notebooks-cloud-google-com",
            "name": "private.notebooks.cloud.google.com.",
            "project": "prj-common-srv-single-01",
            "routing_policy": [],
            "rrdatas": [
              "199.36.153.8",
              "199.36.153.9",
              "199.36.153.10",
              "199.36.153.11"
            ],
            "ttl": 300,
            "type": "A"
          },
          "sensitive_attributes": [],
          "private": "bnVsbA==",
          "dependencies": [
            "data.google_compute_network.network",
            "module.cloud-dns.google_dns_managed_zone.private",
            "module.cloud-dns.google_dns_managed_zone.public"
          ]
        }
      ]
    },
    {
      "module": "module.cloud-dns[\"notebooks-googleusercontent-com\"]",
      "mode": "managed",
      "type": "google_dns_managed_zone",
      "name": "private",
      "provider": "provider[\"registry.terraform.io/hashicorp/google\"]",
      "instances": [
        {
          "index_key": 0,
          "schema_version": 0,
          "attributes": {
            "cloud_logging_config": [
              {
                "enable_logging": false
              }
            ],
            "creation_time": "2024-01-24T07:42:06.449Z",
            "description": "Private Zone",
            "dns_name": "notebooks.googleusercontent.com.",
            "dnssec_config": [],
            "force_destroy": false,
            "forwarding_config": [],
            "id": "projects/prj-common-srv-single-01/managedZones/notebooks-googleusercontent-com",
            "labels": null,
            "managed_zone_id": 4714007898099903904,
            "name": "notebooks-googleusercontent-com",
            "name_servers": [
              "ns-gcp-private.googledomains.com."
            ],
            "peering_config": [],
            "private_visibility_config": [
              {
                "gke_clusters": [],
                "networks": [
                  {
                    "network_url": "https://www.googleapis.com/compute/v1/projects/prj-common-srv-single-01/global/networks/vpc-common-srv-single-01"
                  }
                ]
              }
            ],
            "project": "prj-common-srv-single-01",
            "timeouts": null,
            "visibility": "private"
          },
          "sensitive_attributes": [],
          "private": "eyJlMmJmYjczMC1lY2FhLTExZTYtOGY4OC0zNDM2M2JjN2M0YzAiOnsiY3JlYXRlIjoxMjAwMDAwMDAwMDAwLCJkZWxldGUiOjEyMDAwMDAwMDAwMDAsInVwZGF0ZSI6MTIwMDAwMDAwMDAwMH19",
          "dependencies": [
            "data.google_compute_network.network"
          ]
        }
      ]
    },
    {
      "module": "module.cloud-dns[\"notebooks-googleusercontent-com\"]",
      "mode": "managed",
      "type": "google_dns_record_set",
      "name": "cloud-static-records",
      "provider": "provider[\"registry.terraform.io/hashicorp/google\"]",
      "instances": [
        {
          "index_key": "*/CNAME",
          "schema_version": 0,
          "attributes": {
            "id": "projects/prj-common-srv-single-01/managedZones/notebooks-googleusercontent-com/rrsets/*.notebooks.googleusercontent.com./CNAME",
            "managed_zone": "notebooks-googleusercontent-com",
            "name": "*.notebooks.googleusercontent.com.",
            "project": "prj-common-srv-single-01",
            "routing_policy": [],
            "rrdatas": [
              "private.notebooks.googleusercontent.com."
            ],
            "ttl": 300,
            "type": "CNAME"
          },
          "sensitive_attributes": [],
          "private": "bnVsbA==",
          "dependencies": [
            "data.google_compute_network.network",
            "module.cloud-dns.google_dns_managed_zone.private",
            "module.cloud-dns.google_dns_managed_zone.public"
          ]
        },
        {
          "index_key": "/A",
          "schema_version": 0,
          "attributes": {
            "id": "projects/prj-common-srv-single-01/managedZones/notebooks-googleusercontent-com/rrsets/notebooks.googleusercontent.com./A",
            "managed_zone": "notebooks-googleusercontent-com",
            "name": "notebooks.googleusercontent.com.",
            "project": "prj-common-srv-single-01",
            "routing_policy": [],
            "rrdatas": [
              "199.36.153.8",
              "199.36.153.9",
              "199.36.153.10",
              "199.36.153.11"
            ],
            "ttl": 300,
            "type": "A"
          },
          "sensitive_attributes": [],
          "private": "bnVsbA==",
          "dependencies": [
            "data.google_compute_network.network",
            "module.cloud-dns.google_dns_managed_zone.private",
            "module.cloud-dns.google_dns_managed_zone.public"
          ]
        },
        {
          "index_key": "private/A",
          "schema_version": 0,
          "attributes": {
            "id": "projects/prj-common-srv-single-01/managedZones/notebooks-googleusercontent-com/rrsets/private.notebooks.googleusercontent.com./A",
            "managed_zone": "notebooks-googleusercontent-com",
            "name": "private.notebooks.googleusercontent.com.",
            "project": "prj-common-srv-single-01",
            "routing_policy": [],
            "rrdatas": [
              "199.36.153.8",
              "199.36.153.9",
              "199.36.153.10",
              "199.36.153.11"
            ],
            "ttl": 300,
            "type": "A"
          },
          "sensitive_attributes": [],
          "private": "bnVsbA==",
          "dependencies": [
            "data.google_compute_network.network",
            "module.cloud-dns.google_dns_managed_zone.private",
            "module.cloud-dns.google_dns_managed_zone.public"
          ]
        }
      ]
    },
    {
      "module": "module.cloud-dns[\"packages-cloud-google-com\"]",
      "mode": "managed",
      "type": "google_dns_managed_zone",
      "name": "private",
      "provider": "provider[\"registry.terraform.io/hashicorp/google\"]",
      "instances": [
        {
          "index_key": 0,
          "schema_version": 0,
          "attributes": {
            "cloud_logging_config": [
              {
                "enable_logging": false
              }
            ],
            "creation_time": "2024-01-24T07:42:06.656Z",
            "description": "Private Zone",
            "dns_name": "packages.cloud.google.com.",
            "dnssec_config": [],
            "force_destroy": false,
            "forwarding_config": [],
            "id": "projects/prj-common-srv-single-01/managedZones/packages-cloud-google-com",
            "labels": null,
            "managed_zone_id": 3180698677640796644,
            "name": "packages-cloud-google-com",
            "name_servers": [
              "ns-gcp-private.googledomains.com."
            ],
            "peering_config": [],
            "private_visibility_config": [
              {
                "gke_clusters": [],
                "networks": [
                  {
                    "network_url": "https://www.googleapis.com/compute/v1/projects/prj-common-srv-single-01/global/networks/vpc-common-srv-single-01"
                  }
                ]
              }
            ],
            "project": "prj-common-srv-single-01",
            "timeouts": null,
            "visibility": "private"
          },
          "sensitive_attributes": [],
          "private": "eyJlMmJmYjczMC1lY2FhLTExZTYtOGY4OC0zNDM2M2JjN2M0YzAiOnsiY3JlYXRlIjoxMjAwMDAwMDAwMDAwLCJkZWxldGUiOjEyMDAwMDAwMDAwMDAsInVwZGF0ZSI6MTIwMDAwMDAwMDAwMH19",
          "dependencies": [
            "data.google_compute_network.network"
          ]
        }
      ]
    },
    {
      "module": "module.cloud-dns[\"packages-cloud-google-com\"]",
      "mode": "managed",
      "type": "google_dns_record_set",
      "name": "cloud-static-records",
      "provider": "provider[\"registry.terraform.io/hashicorp/google\"]",
      "instances": [
        {
          "index_key": "*/CNAME",
          "schema_version": 0,
          "attributes": {
            "id": "projects/prj-common-srv-single-01/managedZones/packages-cloud-google-com/rrsets/*.packages.cloud.google.com./CNAME",
            "managed_zone": "packages-cloud-google-com",
            "name": "*.packages.cloud.google.com.",
            "project": "prj-common-srv-single-01",
            "routing_policy": [],
            "rrdatas": [
              "private.packages.cloud.google.com."
            ],
            "ttl": 300,
            "type": "CNAME"
          },
          "sensitive_attributes": [],
          "private": "bnVsbA==",
          "dependencies": [
            "data.google_compute_network.network",
            "module.cloud-dns.google_dns_managed_zone.private",
            "module.cloud-dns.google_dns_managed_zone.public"
          ]
        },
        {
          "index_key": "/A",
          "schema_version": 0,
          "attributes": {
            "id": "projects/prj-common-srv-single-01/managedZones/packages-cloud-google-com/rrsets/packages.cloud.google.com./A",
            "managed_zone": "packages-cloud-google-com",
            "name": "packages.cloud.google.com.",
            "project": "prj-common-srv-single-01",
            "routing_policy": [],
            "rrdatas": [
              "199.36.153.8",
              "199.36.153.9",
              "199.36.153.10",
              "199.36.153.11"
            ],
            "ttl": 300,
            "type": "A"
          },
          "sensitive_attributes": [],
          "private": "bnVsbA==",
          "dependencies": [
            "data.google_compute_network.network",
            "module.cloud-dns.google_dns_managed_zone.private",
            "module.cloud-dns.google_dns_managed_zone.public"
          ]
        },
        {
          "index_key": "private/A",
          "schema_version": 0,
          "attributes": {
            "id": "projects/prj-common-srv-single-01/managedZones/packages-cloud-google-com/rrsets/private.packages.cloud.google.com./A",
            "managed_zone": "packages-cloud-google-com",
            "name": "private.packages.cloud.google.com.",
            "project": "prj-common-srv-single-01",
            "routing_policy": [],
            "rrdatas": [
              "199.36.153.8",
              "199.36.153.9",
              "199.36.153.10",
              "199.36.153.11"
            ],
            "ttl": 300,
            "type": "A"
          },
          "sensitive_attributes": [],
          "private": "bnVsbA==",
          "dependencies": [
            "data.google_compute_network.network",
            "module.cloud-dns.google_dns_managed_zone.private",
            "module.cloud-dns.google_dns_managed_zone.public"
          ]
        }
      ]
    },
    {
      "module": "module.cloud-dns[\"pkg-dev\"]",
      "mode": "managed",
      "type": "google_dns_managed_zone",
      "name": "private",
      "provider": "provider[\"registry.terraform.io/hashicorp/google\"]",
      "instances": [
        {
          "index_key": 0,
          "schema_version": 0,
          "attributes": {
            "cloud_logging_config": [
              {
                "enable_logging": false
              }
            ],
            "creation_time": "2024-01-24T07:42:05.869Z",
            "description": "Private Zone",
            "dns_name": "pkg.dev.",
            "dnssec_config": [],
            "force_destroy": false,
            "forwarding_config": [],
            "id": "projects/prj-common-srv-single-01/managedZones/pkg-dev",
            "labels": null,
            "managed_zone_id": 5346535587510462390,
            "name": "pkg-dev",
            "name_servers": [
              "ns-gcp-private.googledomains.com."
            ],
            "peering_config": [],
            "private_visibility_config": [
              {
                "gke_clusters": [],
                "networks": [
                  {
                    "network_url": "https://www.googleapis.com/compute/v1/projects/prj-common-srv-single-01/global/networks/vpc-common-srv-single-01"
                  }
                ]
              }
            ],
            "project": "prj-common-srv-single-01",
            "timeouts": null,
            "visibility": "private"
          },
          "sensitive_attributes": [],
          "private": "eyJlMmJmYjczMC1lY2FhLTExZTYtOGY4OC0zNDM2M2JjN2M0YzAiOnsiY3JlYXRlIjoxMjAwMDAwMDAwMDAwLCJkZWxldGUiOjEyMDAwMDAwMDAwMDAsInVwZGF0ZSI6MTIwMDAwMDAwMDAwMH19",
          "dependencies": [
            "data.google_compute_network.network"
          ]
        }
      ]
    },
    {
      "module": "module.cloud-dns[\"pkg-dev\"]",
      "mode": "managed",
      "type": "google_dns_record_set",
      "name": "cloud-static-records",
      "provider": "provider[\"registry.terraform.io/hashicorp/google\"]",
      "instances": [
        {
          "index_key": "*/CNAME",
          "schema_version": 0,
          "attributes": {
            "id": "projects/prj-common-srv-single-01/managedZones/pkg-dev/rrsets/*.pkg.dev./CNAME",
            "managed_zone": "pkg-dev",
            "name": "*.pkg.dev.",
            "project": "prj-common-srv-single-01",
            "routing_policy": [],
            "rrdatas": [
              "private.pkg.dev."
            ],
            "ttl": 300,
            "type": "CNAME"
          },
          "sensitive_attributes": [],
          "private": "bnVsbA==",
          "dependencies": [
            "data.google_compute_network.network",
            "module.cloud-dns.google_dns_managed_zone.private",
            "module.cloud-dns.google_dns_managed_zone.public"
          ]
        },
        {
          "index_key": "/A",
          "schema_version": 0,
          "attributes": {
            "id": "projects/prj-common-srv-single-01/managedZones/pkg-dev/rrsets/pkg.dev./A",
            "managed_zone": "pkg-dev",
            "name": "pkg.dev.",
            "project": "prj-common-srv-single-01",
            "routing_policy": [],
            "rrdatas": [
              "199.36.153.8",
              "199.36.153.9",
              "199.36.153.10",
              "199.36.153.11"
            ],
            "ttl": 300,
            "type": "A"
          },
          "sensitive_attributes": [],
          "private": "bnVsbA==",
          "dependencies": [
            "data.google_compute_network.network",
            "module.cloud-dns.google_dns_managed_zone.private",
            "module.cloud-dns.google_dns_managed_zone.public"
          ]
        },
        {
          "index_key": "private/A",
          "schema_version": 0,
          "attributes": {
            "id": "projects/prj-common-srv-single-01/managedZones/pkg-dev/rrsets/private.pkg.dev./A",
            "managed_zone": "pkg-dev",
            "name": "private.pkg.dev.",
            "project": "prj-common-srv-single-01",
            "routing_policy": [],
            "rrdatas": [
              "199.36.153.8",
              "199.36.153.9",
              "199.36.153.10",
              "199.36.153.11"
            ],
            "ttl": 300,
            "type": "A"
          },
          "sensitive_attributes": [],
          "private": "bnVsbA==",
          "dependencies": [
            "data.google_compute_network.network",
            "module.cloud-dns.google_dns_managed_zone.private",
            "module.cloud-dns.google_dns_managed_zone.public"
          ]
        }
      ]
    },
    {
      "module": "module.cloud-dns[\"pki-goog\"]",
      "mode": "managed",
      "type": "google_dns_managed_zone",
      "name": "private",
      "provider": "provider[\"registry.terraform.io/hashicorp/google\"]",
      "instances": [
        {
          "index_key": 0,
          "schema_version": 0,
          "attributes": {
            "cloud_logging_config": [
              {
                "enable_logging": false
              }
            ],
            "creation_time": "2024-01-24T07:42:05.087Z",
            "description": "Private Zone",
            "dns_name": "pki.goog.",
            "dnssec_config": [],
            "force_destroy": false,
            "forwarding_config": [],
            "id": "projects/prj-common-srv-single-01/managedZones/pki-goog",
            "labels": null,
            "managed_zone_id": 6603821490013622391,
            "name": "pki-goog",
            "name_servers": [
              "ns-gcp-private.googledomains.com."
            ],
            "peering_config": [],
            "private_visibility_config": [
              {
                "gke_clusters": [],
                "networks": [
                  {
                    "network_url": "https://www.googleapis.com/compute/v1/projects/prj-common-srv-single-01/global/networks/vpc-common-srv-single-01"
                  }
                ]
              }
            ],
            "project": "prj-common-srv-single-01",
            "timeouts": null,
            "visibility": "private"
          },
          "sensitive_attributes": [],
          "private": "eyJlMmJmYjczMC1lY2FhLTExZTYtOGY4OC0zNDM2M2JjN2M0YzAiOnsiY3JlYXRlIjoxMjAwMDAwMDAwMDAwLCJkZWxldGUiOjEyMDAwMDAwMDAwMDAsInVwZGF0ZSI6MTIwMDAwMDAwMDAwMH19",
          "dependencies": [
            "data.google_compute_network.network"
          ]
        }
      ]
    },
    {
      "module": "module.cloud-dns[\"pki-goog\"]",
      "mode": "managed",
      "type": "google_dns_record_set",
      "name": "cloud-static-records",
      "provider": "provider[\"registry.terraform.io/hashicorp/google\"]",
      "instances": [
        {
          "index_key": "*/CNAME",
          "schema_version": 0,
          "attributes": {
            "id": "projects/prj-common-srv-single-01/managedZones/pki-goog/rrsets/*.pki.goog./CNAME",
            "managed_zone": "pki-goog",
            "name": "*.pki.goog.",
            "project": "prj-common-srv-single-01",
            "routing_policy": [],
            "rrdatas": [
              "private.pki.goog."
            ],
            "ttl": 300,
            "type": "CNAME"
          },
          "sensitive_attributes": [],
          "private": "bnVsbA==",
          "dependencies": [
            "data.google_compute_network.network",
            "module.cloud-dns.google_dns_managed_zone.private",
            "module.cloud-dns.google_dns_managed_zone.public"
          ]
        },
        {
          "index_key": "/A",
          "schema_version": 0,
          "attributes": {
            "id": "projects/prj-common-srv-single-01/managedZones/pki-goog/rrsets/pki.goog./A",
            "managed_zone": "pki-goog",
            "name": "pki.goog.",
            "project": "prj-common-srv-single-01",
            "routing_policy": [],
            "rrdatas": [
              "199.36.153.8",
              "199.36.153.9",
              "199.36.153.10",
              "199.36.153.11"
            ],
            "ttl": 300,
            "type": "A"
          },
          "sensitive_attributes": [],
          "private": "bnVsbA==",
          "dependencies": [
            "data.google_compute_network.network",
            "module.cloud-dns.google_dns_managed_zone.private",
            "module.cloud-dns.google_dns_managed_zone.public"
          ]
        },
        {
          "index_key": "private/A",
          "schema_version": 0,
          "attributes": {
            "id": "projects/prj-common-srv-single-01/managedZones/pki-goog/rrsets/private.pki.goog./A",
            "managed_zone": "pki-goog",
            "name": "private.pki.goog.",
            "project": "prj-common-srv-single-01",
            "routing_policy": [],
            "rrdatas": [
              "199.36.153.8",
              "199.36.153.9",
              "199.36.153.10",
              "199.36.153.11"
            ],
            "ttl": 300,
            "type": "A"
          },
          "sensitive_attributes": [],
          "private": "bnVsbA==",
          "dependencies": [
            "data.google_compute_network.network",
            "module.cloud-dns.google_dns_managed_zone.private",
            "module.cloud-dns.google_dns_managed_zone.public"
          ]
        }
      ]
    },
    {
      "module": "module.cloud-dns[\"run-app\"]",
      "mode": "managed",
      "type": "google_dns_managed_zone",
      "name": "private",
      "provider": "provider[\"registry.terraform.io/hashicorp/google\"]",
      "instances": [
        {
          "index_key": 0,
          "schema_version": 0,
          "attributes": {
            "cloud_logging_config": [
              {
                "enable_logging": false
              }
            ],
            "creation_time": "2024-01-24T07:42:04.466Z",
            "description": "Private Zone",
            "dns_name": "run.app.",
            "dnssec_config": [],
            "force_destroy": false,
            "forwarding_config": [],
            "id": "projects/prj-common-srv-single-01/managedZones/run-app",
            "labels": null,
            "managed_zone_id": 2778222734317368087,
            "name": "run-app",
            "name_servers": [
              "ns-gcp-private.googledomains.com."
            ],
            "peering_config": [],
            "private_visibility_config": [
              {
                "gke_clusters": [],
                "networks": [
                  {
                    "network_url": "https://www.googleapis.com/compute/v1/projects/prj-common-srv-single-01/global/networks/vpc-common-srv-single-01"
                  }
                ]
              }
            ],
            "project": "prj-common-srv-single-01",
            "timeouts": null,
            "visibility": "private"
          },
          "sensitive_attributes": [],
          "private": "eyJlMmJmYjczMC1lY2FhLTExZTYtOGY4OC0zNDM2M2JjN2M0YzAiOnsiY3JlYXRlIjoxMjAwMDAwMDAwMDAwLCJkZWxldGUiOjEyMDAwMDAwMDAwMDAsInVwZGF0ZSI6MTIwMDAwMDAwMDAwMH19",
          "dependencies": [
            "data.google_compute_network.network"
          ]
        }
      ]
    },
    {
      "module": "module.cloud-dns[\"run-app\"]",
      "mode": "managed",
      "type": "google_dns_record_set",
      "name": "cloud-static-records",
      "provider": "provider[\"registry.terraform.io/hashicorp/google\"]",
      "instances": [
        {
          "index_key": "*/CNAME",
          "schema_version": 0,
          "attributes": {
            "id": "projects/prj-common-srv-single-01/managedZones/run-app/rrsets/*.run.app./CNAME",
            "managed_zone": "run-app",
            "name": "*.run.app.",
            "project": "prj-common-srv-single-01",
            "routing_policy": [],
            "rrdatas": [
              "private.run.app."
            ],
            "ttl": 300,
            "type": "CNAME"
          },
          "sensitive_attributes": [],
          "private": "bnVsbA==",
          "dependencies": [
            "data.google_compute_network.network",
            "module.cloud-dns.google_dns_managed_zone.private",
            "module.cloud-dns.google_dns_managed_zone.public"
          ]
        },
        {
          "index_key": "/A",
          "schema_version": 0,
          "attributes": {
            "id": "projects/prj-common-srv-single-01/managedZones/run-app/rrsets/run.app./A",
            "managed_zone": "run-app",
            "name": "run.app.",
            "project": "prj-common-srv-single-01",
            "routing_policy": [],
            "rrdatas": [
              "199.36.153.8",
              "199.36.153.9",
              "199.36.153.10",
              "199.36.153.11"
            ],
            "ttl": 300,
            "type": "A"
          },
          "sensitive_attributes": [],
          "private": "bnVsbA==",
          "dependencies": [
            "data.google_compute_network.network",
            "module.cloud-dns.google_dns_managed_zone.private",
            "module.cloud-dns.google_dns_managed_zone.public"
          ]
        },
        {
          "index_key": "private/A",
          "schema_version": 0,
          "attributes": {
            "id": "projects/prj-common-srv-single-01/managedZones/run-app/rrsets/private.run.app./A",
            "managed_zone": "run-app",
            "name": "private.run.app.",
            "project": "prj-common-srv-single-01",
            "routing_policy": [],
            "rrdatas": [
              "199.36.153.8",
              "199.36.153.9",
              "199.36.153.10",
              "199.36.153.11"
            ],
            "ttl": 300,
            "type": "A"
          },
          "sensitive_attributes": [],
          "private": "bnVsbA==",
          "dependencies": [
            "data.google_compute_network.network",
            "module.cloud-dns.google_dns_managed_zone.private",
            "module.cloud-dns.google_dns_managed_zone.public"
          ]
        }
      ]
    },
    {
      "module": "module.cloud-dns[\"source-developers-google-com\"]",
      "mode": "managed",
      "type": "google_dns_managed_zone",
      "name": "private",
      "provider": "provider[\"registry.terraform.io/hashicorp/google\"]",
      "instances": [
        {
          "index_key": 0,
          "schema_version": 0,
          "attributes": {
            "cloud_logging_config": [
              {
                "enable_logging": false
              }
            ],
            "creation_time": "2024-01-24T07:42:05.031Z",
            "description": "Private Zone",
            "dns_name": "source.developers.google.com.",
            "dnssec_config": [],
            "force_destroy": false,
            "forwarding_config": [],
            "id": "projects/prj-common-srv-single-01/managedZones/source-developers-google-com",
            "labels": null,
            "managed_zone_id": 2372801991498903722,
            "name": "source-developers-google-com",
            "name_servers": [
              "ns-gcp-private.googledomains.com."
            ],
            "peering_config": [],
            "private_visibility_config": [
              {
                "gke_clusters": [],
                "networks": [
                  {
                    "network_url": "https://www.googleapis.com/compute/v1/projects/prj-common-srv-single-01/global/networks/vpc-common-srv-single-01"
                  }
                ]
              }
            ],
            "project": "prj-common-srv-single-01",
            "timeouts": null,
            "visibility": "private"
          },
          "sensitive_attributes": [],
          "private": "eyJlMmJmYjczMC1lY2FhLTExZTYtOGY4OC0zNDM2M2JjN2M0YzAiOnsiY3JlYXRlIjoxMjAwMDAwMDAwMDAwLCJkZWxldGUiOjEyMDAwMDAwMDAwMDAsInVwZGF0ZSI6MTIwMDAwMDAwMDAwMH19",
          "dependencies": [
            "data.google_compute_network.network"
          ]
        }
      ]
    },
    {
      "module": "module.cloud-dns[\"source-developers-google-com\"]",
      "mode": "managed",
      "type": "google_dns_record_set",
      "name": "cloud-static-records",
      "provider": "provider[\"registry.terraform.io/hashicorp/google\"]",
      "instances": [
        {
          "index_key": "*/CNAME",
          "schema_version": 0,
          "attributes": {
            "id": "projects/prj-common-srv-single-01/managedZones/source-developers-google-com/rrsets/*.source.developers.google.com./CNAME",
            "managed_zone": "source-developers-google-com",
            "name": "*.source.developers.google.com.",
            "project": "prj-common-srv-single-01",
            "routing_policy": [],
            "rrdatas": [
              "private.source.developers.google.com."
            ],
            "ttl": 300,
            "type": "CNAME"
          },
          "sensitive_attributes": [],
          "private": "bnVsbA==",
          "dependencies": [
            "data.google_compute_network.network",
            "module.cloud-dns.google_dns_managed_zone.private",
            "module.cloud-dns.google_dns_managed_zone.public"
          ]
        },
        {
          "index_key": "/A",
          "schema_version": 0,
          "attributes": {
            "id": "projects/prj-common-srv-single-01/managedZones/source-developers-google-com/rrsets/source.developers.google.com./A",
            "managed_zone": "source-developers-google-com",
            "name": "source.developers.google.com.",
            "project": "prj-common-srv-single-01",
            "routing_policy": [],
            "rrdatas": [
              "199.36.153.8",
              "199.36.153.9",
              "199.36.153.10",
              "199.36.153.11"
            ],
            "ttl": 300,
            "type": "A"
          },
          "sensitive_attributes": [],
          "private": "bnVsbA==",
          "dependencies": [
            "data.google_compute_network.network",
            "module.cloud-dns.google_dns_managed_zone.private",
            "module.cloud-dns.google_dns_managed_zone.public"
          ]
        },
        {
          "index_key": "private/A",
          "schema_version": 0,
          "attributes": {
            "id": "projects/prj-common-srv-single-01/managedZones/source-developers-google-com/rrsets/private.source.developers.google.com./A",
            "managed_zone": "source-developers-google-com",
            "name": "private.source.developers.google.com.",
            "project": "prj-common-srv-single-01",
            "routing_policy": [],
            "rrdatas": [
              "199.36.153.8",
              "199.36.153.9",
              "199.36.153.10",
              "199.36.153.11"
            ],
            "ttl": 300,
            "type": "A"
          },
          "sensitive_attributes": [],
          "private": "bnVsbA==",
          "dependencies": [
            "data.google_compute_network.network",
            "module.cloud-dns.google_dns_managed_zone.private",
            "module.cloud-dns.google_dns_managed_zone.public"
          ]
        }
      ]
    }
  ],
  "check_results": null
}
