{
  "version": 4,
  "terraform_version": "1.6.6",
  "serial": 91,
  "lineage": "d7c0d1d9-2905-d6dc-18f7-87ba6170e9f3",
  "outputs": {},
  "resources": [
    {
      "module": "module.org-policy[\"constraints/appengine.disableCodeDownload\"]",
      "mode": "managed",
      "type": "google_folder_organization_policy",
      "name": "policy_boolean_exclude_folders",
      "provider": "provider[\"registry.terraform.io/hashicorp/google\"]",
      "instances": [
        {
          "index_key": "folders/1043307916975",
          "schema_version": 0,
          "attributes": {
            "boolean_policy": [
              {
                "enforced": false
              }
            ],
            "constraint": "constraints/appengine.disableCodeDownload",
            "etag": "CPzC4q0GEMCLoPUB",
            "folder": "folders/1043307916975",
            "id": "folders/1043307916975/constraints/appengine.disableCodeDownload",
            "list_policy": [],
            "restore_policy": [],
            "timeouts": null,
            "update_time": "2024-01-30T07:13:00.514328Z",
            "version": 0
          },
          "sensitive_attributes": [],
          "private": "eyJlMmJmYjczMC1lY2FhLTExZTYtOGY4OC0zNDM2M2JjN2M0YzAiOnsiY3JlYXRlIjoyNDAwMDAwMDAwMDAsImRlbGV0ZSI6MjQwMDAwMDAwMDAwLCJyZWFkIjoyNDAwMDAwMDAwMDAsInVwZGF0ZSI6MjQwMDAwMDAwMDAwfX0="
        }
      ]
    },
    {
      "module": "module.org-policy[\"constraints/appengine.disableCodeDownload\"]",
      "mode": "managed",
      "type": "google_organization_policy",
      "name": "org_policy_boolean",
      "provider": "provider[\"registry.terraform.io/hashicorp/google\"]",
      "instances": [
        {
          "index_key": 0,
          "schema_version": 0,
          "attributes": {
            "boolean_policy": [
              {
                "enforced": true
              }
            ],
            "constraint": "constraints/appengine.disableCodeDownload",
            "etag": "CIHD4q0GEJj796ID",
            "id": "3218055020/constraints/appengine.disableCodeDownload",
            "list_policy": [],
            "org_id": "3218055020",
            "restore_policy": [],
            "timeouts": null,
            "update_time": "2024-01-30T07:13:05.878575Z",
            "version": 0
          },
          "sensitive_attributes": [],
          "private": "eyJlMmJmYjczMC1lY2FhLTExZTYtOGY4OC0zNDM2M2JjN2M0YzAiOnsiY3JlYXRlIjoyNDAwMDAwMDAwMDAsImRlbGV0ZSI6MjQwMDAwMDAwMDAwLCJyZWFkIjoyNDAwMDAwMDAwMDAsInVwZGF0ZSI6MjQwMDAwMDAwMDAwfX0="
        }
      ]
    },
    {
      "module": "module.org-policy[\"constraints/bigquery.disableBQOmniAWS\"]",
      "mode": "managed",
      "type": "google_folder_organization_policy",
      "name": "policy_boolean_exclude_folders",
      "provider": "provider[\"registry.terraform.io/hashicorp/google\"]",
      "instances": [
        {
          "index_key": "folders/1043307916975",
          "schema_version": 0,
          "attributes": {
            "boolean_policy": [
              {
                "enforced": false
              }
            ],
            "constraint": "constraints/bigquery.disableBQOmniAWS",
            "etag": "CIDD4q0GEJicvosC",
            "folder": "folders/1043307916975",
            "id": "folders/1043307916975/constraints/bigquery.disableBQOmniAWS",
            "list_policy": [],
            "restore_policy": [],
            "timeouts": null,
            "update_time": "2024-01-30T07:13:04.560959Z",
            "version": 0
          },
          "sensitive_attributes": [],
          "private": "eyJlMmJmYjczMC1lY2FhLTExZTYtOGY4OC0zNDM2M2JjN2M0YzAiOnsiY3JlYXRlIjoyNDAwMDAwMDAwMDAsImRlbGV0ZSI6MjQwMDAwMDAwMDAwLCJyZWFkIjoyNDAwMDAwMDAwMDAsInVwZGF0ZSI6MjQwMDAwMDAwMDAwfX0="
        }
      ]
    },
    {
      "module": "module.org-policy[\"constraints/bigquery.disableBQOmniAWS\"]",
      "mode": "managed",
      "type": "google_organization_policy",
      "name": "org_policy_boolean",
      "provider": "provider[\"registry.terraform.io/hashicorp/google\"]",
      "instances": [
        {
          "index_key": 0,
          "schema_version": 0,
          "attributes": {
            "boolean_policy": [
              {
                "enforced": true
              }
            ],
            "constraint": "constraints/bigquery.disableBQOmniAWS",
            "etag": "CIbD4q0GEMDw/v8C",
            "id": "3218055020/constraints/bigquery.disableBQOmniAWS",
            "list_policy": [],
            "org_id": "3218055020",
            "restore_policy": [],
            "timeouts": null,
            "update_time": "2024-01-30T07:13:10.805288Z",
            "version": 0
          },
          "sensitive_attributes": [],
          "private": "eyJlMmJmYjczMC1lY2FhLTExZTYtOGY4OC0zNDM2M2JjN2M0YzAiOnsiY3JlYXRlIjoyNDAwMDAwMDAwMDAsImRlbGV0ZSI6MjQwMDAwMDAwMDAwLCJyZWFkIjoyNDAwMDAwMDAwMDAsInVwZGF0ZSI6MjQwMDAwMDAwMDAwfX0="
        }
      ]
    },
    {
      "module": "module.org-policy[\"constraints/bigquery.disableBQOmniAzure\"]",
      "mode": "managed",
      "type": "google_folder_organization_policy",
      "name": "policy_boolean_exclude_folders",
      "provider": "provider[\"registry.terraform.io/hashicorp/google\"]",
      "instances": [
        {
          "index_key": "folders/1043307916975",
          "schema_version": 0,
          "attributes": {
            "boolean_policy": [
              {
                "enforced": false
              }
            ],
            "constraint": "constraints/bigquery.disableBQOmniAzure",
            "etag": "CIjD4q0GENjUnsAC",
            "folder": "folders/1043307916975",
            "id": "folders/1043307916975/constraints/bigquery.disableBQOmniAzure",
            "list_policy": [],
            "restore_policy": [],
            "timeouts": null,
            "update_time": "2024-01-30T07:13:12.671591Z",
            "version": 0
          },
          "sensitive_attributes": [],
          "private": "eyJlMmJmYjczMC1lY2FhLTExZTYtOGY4OC0zNDM2M2JjN2M0YzAiOnsiY3JlYXRlIjoyNDAwMDAwMDAwMDAsImRlbGV0ZSI6MjQwMDAwMDAwMDAwLCJyZWFkIjoyNDAwMDAwMDAwMDAsInVwZGF0ZSI6MjQwMDAwMDAwMDAwfX0="
        }
      ]
    },
    {
      "module": "module.org-policy[\"constraints/bigquery.disableBQOmniAzure\"]",
      "mode": "managed",
      "type": "google_organization_policy",
      "name": "org_policy_boolean",
      "provider": "provider[\"registry.terraform.io/hashicorp/google\"]",
      "instances": [
        {
          "index_key": 0,
          "schema_version": 0,
          "attributes": {
            "boolean_policy": [
              {
                "enforced": true
              }
            ],
            "constraint": "constraints/bigquery.disableBQOmniAzure",
            "etag": "CInD4q0GEKjCgtsC",
            "id": "3218055020/constraints/bigquery.disableBQOmniAzure",
            "list_policy": [],
            "org_id": "3218055020",
            "restore_policy": [],
            "timeouts": null,
            "update_time": "2024-01-30T07:13:13.727753Z",
            "version": 0
          },
          "sensitive_attributes": [],
          "private": "eyJlMmJmYjczMC1lY2FhLTExZTYtOGY4OC0zNDM2M2JjN2M0YzAiOnsiY3JlYXRlIjoyNDAwMDAwMDAwMDAsImRlbGV0ZSI6MjQwMDAwMDAwMDAwLCJyZWFkIjoyNDAwMDAwMDAwMDAsInVwZGF0ZSI6MjQwMDAwMDAwMDAwfX0="
        }
      ]
    },
    {
      "module": "module.org-policy[\"constraints/cloudfunctions.allowedIngressSettings\"]",
      "mode": "managed",
      "type": "google_folder_organization_policy",
      "name": "folder_policy_list_exclude_folders",
      "provider": "provider[\"registry.terraform.io/hashicorp/google\"]",
      "instances": [
        {
          "index_key": "folders/1043307916975",
          "schema_version": 0,
          "attributes": {
            "boolean_policy": [],
            "constraint": "constraints/cloudfunctions.allowedIngressSettings",
            "etag": "CP/C4q0GELDVxT8=",
            "folder": "folders/1043307916975",
            "id": "folders/1043307916975/constraints/cloudfunctions.allowedIngressSettings",
            "list_policy": [],
            "restore_policy": [
              {
                "default": true
              }
            ],
            "timeouts": null,
            "update_time": "2024-01-30T07:13:03.133262Z",
            "version": 0
          },
          "sensitive_attributes": [],
          "private": "eyJlMmJmYjczMC1lY2FhLTExZTYtOGY4OC0zNDM2M2JjN2M0YzAiOnsiY3JlYXRlIjoyNDAwMDAwMDAwMDAsImRlbGV0ZSI6MjQwMDAwMDAwMDAwLCJyZWFkIjoyNDAwMDAwMDAwMDAsInVwZGF0ZSI6MjQwMDAwMDAwMDAwfX0="
        }
      ]
    },
    {
      "module": "module.org-policy[\"constraints/cloudfunctions.allowedIngressSettings\"]",
      "mode": "managed",
      "type": "google_organization_policy",
      "name": "org_policy_list_allow_values",
      "provider": "provider[\"registry.terraform.io/hashicorp/google\"]",
      "instances": [
        {
          "index_key": 0,
          "schema_version": 0,
          "attributes": {
            "boolean_policy": [],
            "constraint": "constraints/cloudfunctions.allowedIngressSettings",
            "etag": "CILD4q0GENDgvoMD",
            "id": "3218055020/constraints/cloudfunctions.allowedIngressSettings",
            "list_policy": [
              {
                "allow": [
                  {
                    "all": false,
                    "values": [
                      "ALLOW_INTERNAL_ONLY"
                    ]
                  }
                ],
                "deny": [],
                "inherit_from_parent": false,
                "suggested_value": ""
              }
            ],
            "org_id": "3218055020",
            "restore_policy": [],
            "timeouts": null,
            "update_time": "2024-01-30T07:13:06.812626Z",
            "version": 0
          },
          "sensitive_attributes": [],
          "private": "eyJlMmJmYjczMC1lY2FhLTExZTYtOGY4OC0zNDM2M2JjN2M0YzAiOnsiY3JlYXRlIjoyNDAwMDAwMDAwMDAsImRlbGV0ZSI6MjQwMDAwMDAwMDAwLCJyZWFkIjoyNDAwMDAwMDAwMDAsInVwZGF0ZSI6MjQwMDAwMDAwMDAwfX0="
        }
      ]
    },
    {
      "module": "module.org-policy[\"constraints/cloudfunctions.allowedVpcConnectorEgressSettings\"]",
      "mode": "managed",
      "type": "google_folder_organization_policy",
      "name": "folder_policy_list_exclude_folders",
      "provider": "provider[\"registry.terraform.io/hashicorp/google\"]",
      "instances": [
        {
          "index_key": "folders/1043307916975",
          "schema_version": 0,
          "attributes": {
            "boolean_policy": [],
            "constraint": "constraints/cloudfunctions.allowedVpcConnectorEgressSettings",
            "etag": "CInD4q0GEMj0seUC",
            "folder": "folders/1043307916975",
            "id": "folders/1043307916975/constraints/cloudfunctions.allowedVpcConnectorEgressSettings",
            "list_policy": [],
            "restore_policy": [
              {
                "default": true
              }
            ],
            "timeouts": null,
            "update_time": "2024-01-30T07:13:13.749501Z",
            "version": 0
          },
          "sensitive_attributes": [],
          "private": "eyJlMmJmYjczMC1lY2FhLTExZTYtOGY4OC0zNDM2M2JjN2M0YzAiOnsiY3JlYXRlIjoyNDAwMDAwMDAwMDAsImRlbGV0ZSI6MjQwMDAwMDAwMDAwLCJyZWFkIjoyNDAwMDAwMDAwMDAsInVwZGF0ZSI6MjQwMDAwMDAwMDAwfX0="
        }
      ]
    },
    {
      "module": "module.org-policy[\"constraints/cloudfunctions.allowedVpcConnectorEgressSettings\"]",
      "mode": "managed",
      "type": "google_organization_policy",
      "name": "org_policy_list_allow_values",
      "provider": "provider[\"registry.terraform.io/hashicorp/google\"]",
      "instances": [
        {
          "index_key": 0,
          "schema_version": 0,
          "attributes": {
            "boolean_policy": [],
            "constraint": "constraints/cloudfunctions.allowedVpcConnectorEgressSettings",
            "etag": "CInD4q0GENjFuuIC",
            "id": "3218055020/constraints/cloudfunctions.allowedVpcConnectorEgressSettings",
            "list_policy": [
              {
                "allow": [
                  {
                    "all": false,
                    "values": [
                      "ALL_TRAFFIC"
                    ]
                  }
                ],
                "deny": [],
                "inherit_from_parent": false,
                "suggested_value": ""
              }
            ],
            "org_id": "3218055020",
            "restore_policy": [],
            "timeouts": null,
            "update_time": "2024-01-30T07:13:13.743351Z",
            "version": 0
          },
          "sensitive_attributes": [],
          "private": "eyJlMmJmYjczMC1lY2FhLTExZTYtOGY4OC0zNDM2M2JjN2M0YzAiOnsiY3JlYXRlIjoyNDAwMDAwMDAwMDAsImRlbGV0ZSI6MjQwMDAwMDAwMDAwLCJyZWFkIjoyNDAwMDAwMDAwMDAsInVwZGF0ZSI6MjQwMDAwMDAwMDAwfX0="
        }
      ]
    },
    {
      "module": "module.org-policy[\"constraints/cloudfunctions.requireVPCConnector\"]",
      "mode": "managed",
      "type": "google_folder_organization_policy",
      "name": "policy_boolean_exclude_folders",
      "provider": "provider[\"registry.terraform.io/hashicorp/google\"]",
      "instances": [
        {
          "index_key": "folders/1043307916975",
          "schema_version": 0,
          "attributes": {
            "boolean_policy": [
              {
                "enforced": false
              }
            ],
            "constraint": "constraints/cloudfunctions.requireVPCConnector",
            "etag": "CIfD4q0GENDw940C",
            "folder": "folders/1043307916975",
            "id": "folders/1043307916975/constraints/cloudfunctions.requireVPCConnector",
            "list_policy": [],
            "restore_policy": [],
            "timeouts": null,
            "update_time": "2024-01-30T07:13:11.566098Z",
            "version": 0
          },
          "sensitive_attributes": [],
          "private": "eyJlMmJmYjczMC1lY2FhLTExZTYtOGY4OC0zNDM2M2JjN2M0YzAiOnsiY3JlYXRlIjoyNDAwMDAwMDAwMDAsImRlbGV0ZSI6MjQwMDAwMDAwMDAwLCJyZWFkIjoyNDAwMDAwMDAwMDAsInVwZGF0ZSI6MjQwMDAwMDAwMDAwfX0="
        }
      ]
    },
    {
      "module": "module.org-policy[\"constraints/cloudfunctions.requireVPCConnector\"]",
      "mode": "managed",
      "type": "google_organization_policy",
      "name": "org_policy_boolean",
      "provider": "provider[\"registry.terraform.io/hashicorp/google\"]",
      "instances": [
        {
          "index_key": 0,
          "schema_version": 0,
          "attributes": {
            "boolean_policy": [
              {
                "enforced": true
              }
            ],
            "constraint": "constraints/cloudfunctions.requireVPCConnector",
            "etag": "CIHD4q0GEJDa7y0=",
            "id": "3218055020/constraints/cloudfunctions.requireVPCConnector",
            "list_policy": [],
            "org_id": "3218055020",
            "restore_policy": [],
            "timeouts": null,
            "update_time": "2024-01-30T07:13:05.096202Z",
            "version": 0
          },
          "sensitive_attributes": [],
          "private": "eyJlMmJmYjczMC1lY2FhLTExZTYtOGY4OC0zNDM2M2JjN2M0YzAiOnsiY3JlYXRlIjoyNDAwMDAwMDAwMDAsImRlbGV0ZSI6MjQwMDAwMDAwMDAwLCJyZWFkIjoyNDAwMDAwMDAwMDAsInVwZGF0ZSI6MjQwMDAwMDAwMDAwfX0="
        }
      ]
    },
    {
      "module": "module.org-policy[\"constraints/compute.disableAllIpv6\"]",
      "mode": "managed",
      "type": "google_folder_organization_policy",
      "name": "policy_boolean_exclude_folders",
      "provider": "provider[\"registry.terraform.io/hashicorp/google\"]",
      "instances": [
        {
          "index_key": "folders/1043307916975",
          "schema_version": 0,
          "attributes": {
            "boolean_policy": [
              {
                "enforced": false
              }
            ],
            "constraint": "constraints/compute.disableAllIpv6",
            "etag": "CILD4q0GEOjKuM8C",
            "folder": "folders/1043307916975",
            "id": "folders/1043307916975/constraints/compute.disableAllIpv6",
            "list_policy": [],
            "restore_policy": [],
            "timeouts": null,
            "update_time": "2024-01-30T07:13:06.703473Z",
            "version": 0
          },
          "sensitive_attributes": [],
          "private": "eyJlMmJmYjczMC1lY2FhLTExZTYtOGY4OC0zNDM2M2JjN2M0YzAiOnsiY3JlYXRlIjoyNDAwMDAwMDAwMDAsImRlbGV0ZSI6MjQwMDAwMDAwMDAwLCJyZWFkIjoyNDAwMDAwMDAwMDAsInVwZGF0ZSI6MjQwMDAwMDAwMDAwfX0="
        }
      ]
    },
    {
      "module": "module.org-policy[\"constraints/compute.disableAllIpv6\"]",
      "mode": "managed",
      "type": "google_organization_policy",
      "name": "org_policy_boolean",
      "provider": "provider[\"registry.terraform.io/hashicorp/google\"]",
      "instances": [
        {
          "index_key": 0,
          "schema_version": 0,
          "attributes": {
            "boolean_policy": [
              {
                "enforced": true
              }
            ],
            "constraint": "constraints/compute.disableAllIpv6",
            "etag": "CP7C4q0GEMDlopcB",
            "id": "3218055020/constraints/compute.disableAllIpv6",
            "list_policy": [],
            "org_id": "3218055020",
            "restore_policy": [],
            "timeouts": null,
            "update_time": "2024-01-30T07:13:02.317240Z",
            "version": 0
          },
          "sensitive_attributes": [],
          "private": "eyJlMmJmYjczMC1lY2FhLTExZTYtOGY4OC0zNDM2M2JjN2M0YzAiOnsiY3JlYXRlIjoyNDAwMDAwMDAwMDAsImRlbGV0ZSI6MjQwMDAwMDAwMDAwLCJyZWFkIjoyNDAwMDAwMDAwMDAsInVwZGF0ZSI6MjQwMDAwMDAwMDAwfX0="
        }
      ]
    },
    {
      "module": "module.org-policy[\"constraints/compute.disableGlobalCloudArmorPolicy\"]",
      "mode": "managed",
      "type": "google_folder_organization_policy",
      "name": "policy_boolean_exclude_folders",
      "provider": "provider[\"registry.terraform.io/hashicorp/google\"]",
      "instances": [
        {
          "index_key": "folders/1043307916975",
          "schema_version": 0,
          "attributes": {
            "boolean_policy": [
              {
                "enforced": false
              }
            ],
            "constraint": "constraints/compute.disableGlobalCloudArmorPolicy",
            "etag": "CPzC4q0GEKCI8PMB",
            "folder": "folders/1043307916975",
            "id": "folders/1043307916975/constraints/compute.disableGlobalCloudArmorPolicy",
            "list_policy": [],
            "restore_policy": [],
            "timeouts": null,
            "update_time": "2024-01-30T07:13:00.511444Z",
            "version": 0
          },
          "sensitive_attributes": [],
          "private": "eyJlMmJmYjczMC1lY2FhLTExZTYtOGY4OC0zNDM2M2JjN2M0YzAiOnsiY3JlYXRlIjoyNDAwMDAwMDAwMDAsImRlbGV0ZSI6MjQwMDAwMDAwMDAwLCJyZWFkIjoyNDAwMDAwMDAwMDAsInVwZGF0ZSI6MjQwMDAwMDAwMDAwfX0="
        }
      ]
    },
    {
      "module": "module.org-policy[\"constraints/compute.disableGlobalCloudArmorPolicy\"]",
      "mode": "managed",
      "type": "google_organization_policy",
      "name": "org_policy_boolean",
      "provider": "provider[\"registry.terraform.io/hashicorp/google\"]",
      "instances": [
        {
          "index_key": 0,
          "schema_version": 0,
          "attributes": {
            "boolean_policy": [
              {
                "enforced": true
              }
            ],
            "constraint": "constraints/compute.disableGlobalCloudArmorPolicy",
            "etag": "CIbD4q0GEMCGuQ8=",
            "id": "3218055020/constraints/compute.disableGlobalCloudArmorPolicy",
            "list_policy": [],
            "org_id": "3218055020",
            "restore_policy": [],
            "timeouts": null,
            "update_time": "2024-01-30T07:13:10.032392Z",
            "version": 0
          },
          "sensitive_attributes": [],
          "private": "eyJlMmJmYjczMC1lY2FhLTExZTYtOGY4OC0zNDM2M2JjN2M0YzAiOnsiY3JlYXRlIjoyNDAwMDAwMDAwMDAsImRlbGV0ZSI6MjQwMDAwMDAwMDAwLCJyZWFkIjoyNDAwMDAwMDAwMDAsInVwZGF0ZSI6MjQwMDAwMDAwMDAwfX0="
        }
      ]
    },
    {
      "module": "module.org-policy[\"constraints/compute.disableGlobalLoadBalancing\"]",
      "mode": "managed",
      "type": "google_folder_organization_policy",
      "name": "policy_boolean_exclude_folders",
      "provider": "provider[\"registry.terraform.io/hashicorp/google\"]",
      "instances": [
        {
          "index_key": "folders/1043307916975",
          "schema_version": 0,
          "attributes": {
            "boolean_policy": [
              {
                "enforced": false
              }
            ],
            "constraint": "constraints/compute.disableGlobalLoadBalancing",
            "etag": "CIPD4q0GEKiD08QD",
            "folder": "folders/1043307916975",
            "id": "folders/1043307916975/constraints/compute.disableGlobalLoadBalancing",
            "list_policy": [],
            "restore_policy": [],
            "timeouts": null,
            "update_time": "2024-01-30T07:13:07.949273Z",
            "version": 0
          },
          "sensitive_attributes": [],
          "private": "eyJlMmJmYjczMC1lY2FhLTExZTYtOGY4OC0zNDM2M2JjN2M0YzAiOnsiY3JlYXRlIjoyNDAwMDAwMDAwMDAsImRlbGV0ZSI6MjQwMDAwMDAwMDAwLCJyZWFkIjoyNDAwMDAwMDAwMDAsInVwZGF0ZSI6MjQwMDAwMDAwMDAwfX0="
        }
      ]
    },
    {
      "module": "module.org-policy[\"constraints/compute.disableGlobalLoadBalancing\"]",
      "mode": "managed",
      "type": "google_organization_policy",
      "name": "org_policy_boolean",
      "provider": "provider[\"registry.terraform.io/hashicorp/google\"]",
      "instances": [
        {
          "index_key": 0,
          "schema_version": 0,
          "attributes": {
            "boolean_policy": [
              {
                "enforced": true
              }
            ],
            "constraint": "constraints/compute.disableGlobalLoadBalancing",
            "etag": "CPzC4q0GELD8jfQB",
            "id": "3218055020/constraints/compute.disableGlobalLoadBalancing",
            "list_policy": [],
            "org_id": "3218055020",
            "restore_policy": [],
            "timeouts": null,
            "update_time": "2024-01-30T07:13:00.511934Z",
            "version": 0
          },
          "sensitive_attributes": [],
          "private": "eyJlMmJmYjczMC1lY2FhLTExZTYtOGY4OC0zNDM2M2JjN2M0YzAiOnsiY3JlYXRlIjoyNDAwMDAwMDAwMDAsImRlbGV0ZSI6MjQwMDAwMDAwMDAwLCJyZWFkIjoyNDAwMDAwMDAwMDAsInVwZGF0ZSI6MjQwMDAwMDAwMDAwfX0="
        }
      ]
    },
    {
      "module": "module.org-policy[\"constraints/compute.disableGlobalSelfManagedSslCertificate\"]",
      "mode": "managed",
      "type": "google_folder_organization_policy",
      "name": "policy_boolean_exclude_folders",
      "provider": "provider[\"registry.terraform.io/hashicorp/google\"]",
      "instances": [
        {
          "index_key": "folders/1043307916975",
          "schema_version": 0,
          "attributes": {
            "boolean_policy": [
              {
                "enforced": false
              }
            ],
            "constraint": "constraints/compute.disableGlobalSelfManagedSslCertificate",
            "etag": "CIjD4q0GEJjd99IC",
            "folder": "folders/1043307916975",
            "id": "folders/1043307916975/constraints/compute.disableGlobalSelfManagedSslCertificate",
            "list_policy": [],
            "restore_policy": [],
            "timeouts": null,
            "update_time": "2024-01-30T07:13:12.710799Z",
            "version": 0
          },
          "sensitive_attributes": [],
          "private": "eyJlMmJmYjczMC1lY2FhLTExZTYtOGY4OC0zNDM2M2JjN2M0YzAiOnsiY3JlYXRlIjoyNDAwMDAwMDAwMDAsImRlbGV0ZSI6MjQwMDAwMDAwMDAwLCJyZWFkIjoyNDAwMDAwMDAwMDAsInVwZGF0ZSI6MjQwMDAwMDAwMDAwfX0="
        }
      ]
    },
    {
      "module": "module.org-policy[\"constraints/compute.disableGlobalSelfManagedSslCertificate\"]",
      "mode": "managed",
      "type": "google_organization_policy",
      "name": "org_policy_boolean",
      "provider": "provider[\"registry.terraform.io/hashicorp/google\"]",
      "instances": [
        {
          "index_key": 0,
          "schema_version": 0,
          "attributes": {
            "boolean_policy": [
              {
                "enforced": true
              }
            ],
            "constraint": "constraints/compute.disableGlobalSelfManagedSslCertificate",
            "etag": "CIjD4q0GEMjIvqsD",
            "id": "3218055020/constraints/compute.disableGlobalSelfManagedSslCertificate",
            "list_policy": [],
            "org_id": "3218055020",
            "restore_policy": [],
            "timeouts": null,
            "update_time": "2024-01-30T07:13:12.896509Z",
            "version": 0
          },
          "sensitive_attributes": [],
          "private": "eyJlMmJmYjczMC1lY2FhLTExZTYtOGY4OC0zNDM2M2JjN2M0YzAiOnsiY3JlYXRlIjoyNDAwMDAwMDAwMDAsImRlbGV0ZSI6MjQwMDAwMDAwMDAwLCJyZWFkIjoyNDAwMDAwMDAwMDAsInVwZGF0ZSI6MjQwMDAwMDAwMDAwfX0="
        }
      ]
    },
    {
      "module": "module.org-policy[\"constraints/compute.disableGuestAttributesAccess\"]",
      "mode": "managed",
      "type": "google_folder_organization_policy",
      "name": "policy_boolean_exclude_folders",
      "provider": "provider[\"registry.terraform.io/hashicorp/google\"]",
      "instances": [
        {
          "index_key": "folders/1043307916975",
          "schema_version": 0,
          "attributes": {
            "boolean_policy": [
              {
                "enforced": false
              }
            ],
            "constraint": "constraints/compute.disableGuestAttributesAccess",
            "etag": "CIbD4q0GEOCi0TE=",
            "folder": "folders/1043307916975",
            "id": "folders/1043307916975/constraints/compute.disableGuestAttributesAccess",
            "list_policy": [],
            "restore_policy": [],
            "timeouts": null,
            "update_time": "2024-01-30T07:13:10.104092Z",
            "version": 0
          },
          "sensitive_attributes": [],
          "private": "eyJlMmJmYjczMC1lY2FhLTExZTYtOGY4OC0zNDM2M2JjN2M0YzAiOnsiY3JlYXRlIjoyNDAwMDAwMDAwMDAsImRlbGV0ZSI6MjQwMDAwMDAwMDAwLCJyZWFkIjoyNDAwMDAwMDAwMDAsInVwZGF0ZSI6MjQwMDAwMDAwMDAwfX0="
        }
      ]
    },
    {
      "module": "module.org-policy[\"constraints/compute.disableGuestAttributesAccess\"]",
      "mode": "managed",
      "type": "google_organization_policy",
      "name": "org_policy_boolean",
      "provider": "provider[\"registry.terraform.io/hashicorp/google\"]",
      "instances": [
        {
          "index_key": 0,
          "schema_version": 0,
          "attributes": {
            "boolean_policy": [
              {
                "enforced": true
              }
            ],
            "constraint": "constraints/compute.disableGuestAttributesAccess",
            "etag": "CPzC4q0GELjTh/EB",
            "id": "3218055020/constraints/compute.disableGuestAttributesAccess",
            "list_policy": [],
            "org_id": "3218055020",
            "restore_policy": [],
            "timeouts": null,
            "update_time": "2024-01-30T07:13:00.505539Z",
            "version": 0
          },
          "sensitive_attributes": [],
          "private": "eyJlMmJmYjczMC1lY2FhLTExZTYtOGY4OC0zNDM2M2JjN2M0YzAiOnsiY3JlYXRlIjoyNDAwMDAwMDAwMDAsImRlbGV0ZSI6MjQwMDAwMDAwMDAwLCJyZWFkIjoyNDAwMDAwMDAwMDAsInVwZGF0ZSI6MjQwMDAwMDAwMDAwfX0="
        }
      ]
    },
    {
      "module": "module.org-policy[\"constraints/compute.disableInternetNetworkEndpointGroup\"]",
      "mode": "managed",
      "type": "google_folder_organization_policy",
      "name": "policy_boolean_exclude_folders",
      "provider": "provider[\"registry.terraform.io/hashicorp/google\"]",
      "instances": [
        {
          "index_key": "folders/1043307916975",
          "schema_version": 0,
          "attributes": {
            "boolean_policy": [
              {
                "enforced": false
              }
            ],
            "constraint": "constraints/compute.disableInternetNetworkEndpointGroup",
            "etag": "CIjD4q0GELCuz7cD",
            "folder": "folders/1043307916975",
            "id": "folders/1043307916975/constraints/compute.disableInternetNetworkEndpointGroup",
            "list_policy": [],
            "restore_policy": [],
            "timeouts": null,
            "update_time": "2024-01-30T07:13:12.921950Z",
            "version": 0
          },
          "sensitive_attributes": [],
          "private": "eyJlMmJmYjczMC1lY2FhLTExZTYtOGY4OC0zNDM2M2JjN2M0YzAiOnsiY3JlYXRlIjoyNDAwMDAwMDAwMDAsImRlbGV0ZSI6MjQwMDAwMDAwMDAwLCJyZWFkIjoyNDAwMDAwMDAwMDAsInVwZGF0ZSI6MjQwMDAwMDAwMDAwfX0="
        }
      ]
    },
    {
      "module": "module.org-policy[\"constraints/compute.disableInternetNetworkEndpointGroup\"]",
      "mode": "managed",
      "type": "google_organization_policy",
      "name": "org_policy_boolean",
      "provider": "provider[\"registry.terraform.io/hashicorp/google\"]",
      "instances": [
        {
          "index_key": 0,
          "schema_version": 0,
          "attributes": {
            "boolean_policy": [
              {
                "enforced": true
              }
            ],
            "constraint": "constraints/compute.disableInternetNetworkEndpointGroup",
            "etag": "CIjD4q0GEIjRveEB",
            "id": "3218055020/constraints/compute.disableInternetNetworkEndpointGroup",
            "list_policy": [],
            "org_id": "3218055020",
            "restore_policy": [],
            "timeouts": null,
            "update_time": "2024-01-30T07:13:12.472869Z",
            "version": 0
          },
          "sensitive_attributes": [],
          "private": "eyJlMmJmYjczMC1lY2FhLTExZTYtOGY4OC0zNDM2M2JjN2M0YzAiOnsiY3JlYXRlIjoyNDAwMDAwMDAwMDAsImRlbGV0ZSI6MjQwMDAwMDAwMDAwLCJyZWFkIjoyNDAwMDAwMDAwMDAsInVwZGF0ZSI6MjQwMDAwMDAwMDAwfX0="
        }
      ]
    },
    {
      "module": "module.org-policy[\"constraints/compute.disableNestedVirtualization\"]",
      "mode": "managed",
      "type": "google_folder_organization_policy",
      "name": "policy_boolean_exclude_folders",
      "provider": "provider[\"registry.terraform.io/hashicorp/google\"]",
      "instances": [
        {
          "index_key": "folders/1043307916975",
          "schema_version": 0,
          "attributes": {
            "boolean_policy": [
              {
                "enforced": false
              }
            ],
            "constraint": "constraints/compute.disableNestedVirtualization",
            "etag": "CIbD4q0GELjxmbgD",
            "folder": "folders/1043307916975",
            "id": "folders/1043307916975/constraints/compute.disableNestedVirtualization",
            "list_policy": [],
            "restore_policy": [],
            "timeouts": null,
            "update_time": "2024-01-30T07:13:10.923171Z",
            "version": 0
          },
          "sensitive_attributes": [],
          "private": "eyJlMmJmYjczMC1lY2FhLTExZTYtOGY4OC0zNDM2M2JjN2M0YzAiOnsiY3JlYXRlIjoyNDAwMDAwMDAwMDAsImRlbGV0ZSI6MjQwMDAwMDAwMDAwLCJyZWFkIjoyNDAwMDAwMDAwMDAsInVwZGF0ZSI6MjQwMDAwMDAwMDAwfX0="
        }
      ]
    },
    {
      "module": "module.org-policy[\"constraints/compute.disableNestedVirtualization\"]",
      "mode": "managed",
      "type": "google_organization_policy",
      "name": "org_policy_boolean",
      "provider": "provider[\"registry.terraform.io/hashicorp/google\"]",
      "instances": [
        {
          "index_key": 0,
          "schema_version": 0,
          "attributes": {
            "boolean_policy": [
              {
                "enforced": true
              }
            ],
            "constraint": "constraints/compute.disableNestedVirtualization",
            "etag": "CInD4q0GEMCC+tUC",
            "id": "3218055020/constraints/compute.disableNestedVirtualization",
            "list_policy": [],
            "org_id": "3218055020",
            "restore_policy": [],
            "timeouts": null,
            "update_time": "2024-01-30T07:13:13.717128Z",
            "version": 0
          },
          "sensitive_attributes": [],
          "private": "eyJlMmJmYjczMC1lY2FhLTExZTYtOGY4OC0zNDM2M2JjN2M0YzAiOnsiY3JlYXRlIjoyNDAwMDAwMDAwMDAsImRlbGV0ZSI6MjQwMDAwMDAwMDAwLCJyZWFkIjoyNDAwMDAwMDAwMDAsInVwZGF0ZSI6MjQwMDAwMDAwMDAwfX0="
        }
      ]
    },
    {
      "module": "module.org-policy[\"constraints/compute.disablePrivateServiceConnectCreationForConsumers\"]",
      "mode": "managed",
      "type": "google_folder_organization_policy",
      "name": "folder_policy_list_exclude_folders",
      "provider": "provider[\"registry.terraform.io/hashicorp/google\"]",
      "instances": [
        {
          "index_key": "folders/1043307916975",
          "schema_version": 0,
          "attributes": {
            "boolean_policy": [],
            "constraint": "constraints/compute.disablePrivateServiceConnectCreationForConsumers",
            "etag": "CP7C4q0GELjsoFs=",
            "folder": "folders/1043307916975",
            "id": "folders/1043307916975/constraints/compute.disablePrivateServiceConnectCreationForConsumers",
            "list_policy": [],
            "restore_policy": [
              {
                "default": true
              }
            ],
            "timeouts": null,
            "update_time": "2024-01-30T07:13:02.191379Z",
            "version": 0
          },
          "sensitive_attributes": [],
          "private": "eyJlMmJmYjczMC1lY2FhLTExZTYtOGY4OC0zNDM2M2JjN2M0YzAiOnsiY3JlYXRlIjoyNDAwMDAwMDAwMDAsImRlbGV0ZSI6MjQwMDAwMDAwMDAwLCJyZWFkIjoyNDAwMDAwMDAwMDAsInVwZGF0ZSI6MjQwMDAwMDAwMDAwfX0="
        }
      ]
    },
    {
      "module": "module.org-policy[\"constraints/compute.disablePrivateServiceConnectCreationForConsumers\"]",
      "mode": "managed",
      "type": "google_organization_policy",
      "name": "org_policy_list_deny_all",
      "provider": "provider[\"registry.terraform.io/hashicorp/google\"]",
      "instances": [
        {
          "index_key": 0,
          "schema_version": 0,
          "attributes": {
            "boolean_policy": [],
            "constraint": "constraints/compute.disablePrivateServiceConnectCreationForConsumers",
            "etag": "CILD4q0GEOCD1pEC",
            "id": "3218055020/constraints/compute.disablePrivateServiceConnectCreationForConsumers",
            "list_policy": [
              {
                "allow": [],
                "deny": [
                  {
                    "all": true,
                    "values": []
                  }
                ],
                "inherit_from_parent": false,
                "suggested_value": ""
              }
            ],
            "org_id": "3218055020",
            "restore_policy": [],
            "timeouts": null,
            "update_time": "2024-01-30T07:13:06.573932Z",
            "version": 0
          },
          "sensitive_attributes": [],
          "private": "eyJlMmJmYjczMC1lY2FhLTExZTYtOGY4OC0zNDM2M2JjN2M0YzAiOnsiY3JlYXRlIjoyNDAwMDAwMDAwMDAsImRlbGV0ZSI6MjQwMDAwMDAwMDAwLCJyZWFkIjoyNDAwMDAwMDAwMDAsInVwZGF0ZSI6MjQwMDAwMDAwMDAwfX0="
        }
      ]
    },
    {
      "module": "module.org-policy[\"constraints/compute.disableSerialPortAccess\"]",
      "mode": "managed",
      "type": "google_folder_organization_policy",
      "name": "policy_boolean_exclude_folders",
      "provider": "provider[\"registry.terraform.io/hashicorp/google\"]",
      "instances": [
        {
          "index_key": "folders/1043307916975",
          "schema_version": 0,
          "attributes": {
            "boolean_policy": [
              {
                "enforced": false
              }
            ],
            "constraint": "constraints/compute.disableSerialPortAccess",
            "etag": "CPzC4q0GEPjOnKkC",
            "folder": "folders/1043307916975",
            "id": "folders/1043307916975/constraints/compute.disableSerialPortAccess",
            "list_policy": [],
            "restore_policy": [],
            "timeouts": null,
            "update_time": "2024-01-30T07:13:00.623323Z",
            "version": 0
          },
          "sensitive_attributes": [],
          "private": "eyJlMmJmYjczMC1lY2FhLTExZTYtOGY4OC0zNDM2M2JjN2M0YzAiOnsiY3JlYXRlIjoyNDAwMDAwMDAwMDAsImRlbGV0ZSI6MjQwMDAwMDAwMDAwLCJyZWFkIjoyNDAwMDAwMDAwMDAsInVwZGF0ZSI6MjQwMDAwMDAwMDAwfX0="
        }
      ]
    },
    {
      "module": "module.org-policy[\"constraints/compute.disableSerialPortAccess\"]",
      "mode": "managed",
      "type": "google_organization_policy",
      "name": "org_policy_boolean",
      "provider": "provider[\"registry.terraform.io/hashicorp/google\"]",
      "instances": [
        {
          "index_key": 0,
          "schema_version": 0,
          "attributes": {
            "boolean_policy": [
              {
                "enforced": true
              }
            ],
            "constraint": "constraints/compute.disableSerialPortAccess",
            "etag": "CILD4q0GEIiL2ZcC",
            "id": "3218055020/constraints/compute.disableSerialPortAccess",
            "list_policy": [],
            "org_id": "3218055020",
            "restore_policy": [],
            "timeouts": null,
            "update_time": "2024-01-30T07:13:06.586565Z",
            "version": 0
          },
          "sensitive_attributes": [],
          "private": "eyJlMmJmYjczMC1lY2FhLTExZTYtOGY4OC0zNDM2M2JjN2M0YzAiOnsiY3JlYXRlIjoyNDAwMDAwMDAwMDAsImRlbGV0ZSI6MjQwMDAwMDAwMDAwLCJyZWFkIjoyNDAwMDAwMDAwMDAsInVwZGF0ZSI6MjQwMDAwMDAwMDAwfX0="
        }
      ]
    },
    {
      "module": "module.org-policy[\"constraints/compute.disableSerialPortLogging\"]",
      "mode": "managed",
      "type": "google_folder_organization_policy",
      "name": "policy_boolean_exclude_folders",
      "provider": "provider[\"registry.terraform.io/hashicorp/google\"]",
      "instances": [
        {
          "index_key": "folders/1043307916975",
          "schema_version": 0,
          "attributes": {
            "boolean_policy": [
              {
                "enforced": false
              }
            ],
            "constraint": "constraints/compute.disableSerialPortLogging",
            "etag": "CIjD4q0GENCyv+wC",
            "folder": "folders/1043307916975",
            "id": "folders/1043307916975/constraints/compute.disableSerialPortLogging",
            "list_policy": [],
            "restore_policy": [],
            "timeouts": null,
            "update_time": "2024-01-30T07:13:12.764402Z",
            "version": 0
          },
          "sensitive_attributes": [],
          "private": "eyJlMmJmYjczMC1lY2FhLTExZTYtOGY4OC0zNDM2M2JjN2M0YzAiOnsiY3JlYXRlIjoyNDAwMDAwMDAwMDAsImRlbGV0ZSI6MjQwMDAwMDAwMDAwLCJyZWFkIjoyNDAwMDAwMDAwMDAsInVwZGF0ZSI6MjQwMDAwMDAwMDAwfX0="
        }
      ]
    },
    {
      "module": "module.org-policy[\"constraints/compute.disableSerialPortLogging\"]",
      "mode": "managed",
      "type": "google_organization_policy",
      "name": "org_policy_boolean",
      "provider": "provider[\"registry.terraform.io/hashicorp/google\"]",
      "instances": [
        {
          "index_key": 0,
          "schema_version": 0,
          "attributes": {
            "boolean_policy": [
              {
                "enforced": true
              }
            ],
            "constraint": "constraints/compute.disableSerialPortLogging",
            "etag": "CInD4q0GEJCO7cEB",
            "id": "3218055020/constraints/compute.disableSerialPortLogging",
            "list_policy": [],
            "org_id": "3218055020",
            "restore_policy": [],
            "timeouts": null,
            "update_time": "2024-01-30T07:13:13.406538Z",
            "version": 0
          },
          "sensitive_attributes": [],
          "private": "eyJlMmJmYjczMC1lY2FhLTExZTYtOGY4OC0zNDM2M2JjN2M0YzAiOnsiY3JlYXRlIjoyNDAwMDAwMDAwMDAsImRlbGV0ZSI6MjQwMDAwMDAwMDAwLCJyZWFkIjoyNDAwMDAwMDAwMDAsInVwZGF0ZSI6MjQwMDAwMDAwMDAwfX0="
        }
      ]
    },
    {
      "module": "module.org-policy[\"constraints/compute.requireOsLogin\"]",
      "mode": "managed",
      "type": "google_folder_organization_policy",
      "name": "policy_boolean_exclude_folders",
      "provider": "provider[\"registry.terraform.io/hashicorp/google\"]",
      "instances": [
        {
          "index_key": "folders/1043307916975",
          "schema_version": 0,
          "attributes": {
            "boolean_policy": [
              {
                "enforced": false
              }
            ],
            "constraint": "constraints/compute.requireOsLogin",
            "etag": "CPzC4q0GEMDt244C",
            "folder": "folders/1043307916975",
            "id": "folders/1043307916975/constraints/compute.requireOsLogin",
            "list_policy": [],
            "restore_policy": [],
            "timeouts": null,
            "update_time": "2024-01-30T07:13:00.567736Z",
            "version": 0
          },
          "sensitive_attributes": [],
          "private": "eyJlMmJmYjczMC1lY2FhLTExZTYtOGY4OC0zNDM2M2JjN2M0YzAiOnsiY3JlYXRlIjoyNDAwMDAwMDAwMDAsImRlbGV0ZSI6MjQwMDAwMDAwMDAwLCJyZWFkIjoyNDAwMDAwMDAwMDAsInVwZGF0ZSI6MjQwMDAwMDAwMDAwfX0="
        }
      ]
    },
    {
      "module": "module.org-policy[\"constraints/compute.requireOsLogin\"]",
      "mode": "managed",
      "type": "google_organization_policy",
      "name": "org_policy_boolean",
      "provider": "provider[\"registry.terraform.io/hashicorp/google\"]",
      "instances": [
        {
          "index_key": 0,
          "schema_version": 0,
          "attributes": {
            "boolean_policy": [
              {
                "enforced": true
              }
            ],
            "constraint": "constraints/compute.requireOsLogin",
            "etag": "CP3C4q0GEPDkwK8D",
            "id": "3218055020/constraints/compute.requireOsLogin",
            "list_policy": [],
            "org_id": "3218055020",
            "restore_policy": [],
            "timeouts": null,
            "update_time": "2024-01-30T07:13:01.904934Z",
            "version": 0
          },
          "sensitive_attributes": [],
          "private": "eyJlMmJmYjczMC1lY2FhLTExZTYtOGY4OC0zNDM2M2JjN2M0YzAiOnsiY3JlYXRlIjoyNDAwMDAwMDAwMDAsImRlbGV0ZSI6MjQwMDAwMDAwMDAwLCJyZWFkIjoyNDAwMDAwMDAwMDAsInVwZGF0ZSI6MjQwMDAwMDAwMDAwfX0="
        }
      ]
    },
    {
      "module": "module.org-policy[\"constraints/compute.restrictCloudNATUsage\"]",
      "mode": "managed",
      "type": "google_folder_organization_policy",
      "name": "folder_policy_list_exclude_folders",
      "provider": "provider[\"registry.terraform.io/hashicorp/google\"]",
      "instances": [
        {
          "index_key": "folders/1043307916975",
          "schema_version": 0,
          "attributes": {
            "boolean_policy": [],
            "constraint": "constraints/compute.restrictCloudNATUsage",
            "etag": "CITD4q0GEMj43/EC",
            "folder": "folders/1043307916975",
            "id": "folders/1043307916975/constraints/compute.restrictCloudNATUsage",
            "list_policy": [],
            "restore_policy": [
              {
                "default": true
              }
            ],
            "timeouts": null,
            "update_time": "2024-01-30T07:13:08.775421Z",
            "version": 0
          },
          "sensitive_attributes": [],
          "private": "eyJlMmJmYjczMC1lY2FhLTExZTYtOGY4OC0zNDM2M2JjN2M0YzAiOnsiY3JlYXRlIjoyNDAwMDAwMDAwMDAsImRlbGV0ZSI6MjQwMDAwMDAwMDAwLCJyZWFkIjoyNDAwMDAwMDAwMDAsInVwZGF0ZSI6MjQwMDAwMDAwMDAwfX0="
        }
      ]
    },
    {
      "module": "module.org-policy[\"constraints/compute.restrictCloudNATUsage\"]",
      "mode": "managed",
      "type": "google_organization_policy",
      "name": "org_policy_list_deny_all",
      "provider": "provider[\"registry.terraform.io/hashicorp/google\"]",
      "instances": [
        {
          "index_key": 0,
          "schema_version": 0,
          "attributes": {
            "boolean_policy": [],
            "constraint": "constraints/compute.restrictCloudNATUsage",
            "etag": "CIjD4q0GEPjP5qkD",
            "id": "3218055020/constraints/compute.restrictCloudNATUsage",
            "list_policy": [
              {
                "allow": [],
                "deny": [
                  {
                    "all": true,
                    "values": []
                  }
                ],
                "inherit_from_parent": false,
                "suggested_value": ""
              }
            ],
            "org_id": "3218055020",
            "restore_policy": [],
            "timeouts": null,
            "update_time": "2024-01-30T07:13:12.892971Z",
            "version": 0
          },
          "sensitive_attributes": [],
          "private": "eyJlMmJmYjczMC1lY2FhLTExZTYtOGY4OC0zNDM2M2JjN2M0YzAiOnsiY3JlYXRlIjoyNDAwMDAwMDAwMDAsImRlbGV0ZSI6MjQwMDAwMDAwMDAwLCJyZWFkIjoyNDAwMDAwMDAwMDAsInVwZGF0ZSI6MjQwMDAwMDAwMDAwfX0="
        }
      ]
    },
    {
      "module": "module.org-policy[\"constraints/compute.restrictDedicatedInterconnectUsage\"]",
      "mode": "managed",
      "type": "google_folder_organization_policy",
      "name": "folder_policy_list_exclude_folders",
      "provider": "provider[\"registry.terraform.io/hashicorp/google\"]",
      "instances": [
        {
          "index_key": "folders/1043307916975",
          "schema_version": 0,
          "attributes": {
            "boolean_policy": [],
            "constraint": "constraints/compute.restrictDedicatedInterconnectUsage",
            "etag": "CPzC4q0GEMiFiqsC",
            "folder": "folders/1043307916975",
            "id": "folders/1043307916975/constraints/compute.restrictDedicatedInterconnectUsage",
            "list_policy": [],
            "restore_policy": [
              {
                "default": true
              }
            ],
            "timeouts": null,
            "update_time": "2024-01-30T07:13:00.627213Z",
            "version": 0
          },
          "sensitive_attributes": [],
          "private": "eyJlMmJmYjczMC1lY2FhLTExZTYtOGY4OC0zNDM2M2JjN2M0YzAiOnsiY3JlYXRlIjoyNDAwMDAwMDAwMDAsImRlbGV0ZSI6MjQwMDAwMDAwMDAwLCJyZWFkIjoyNDAwMDAwMDAwMDAsInVwZGF0ZSI6MjQwMDAwMDAwMDAwfX0="
        }
      ]
    },
    {
      "module": "module.org-policy[\"constraints/compute.restrictDedicatedInterconnectUsage\"]",
      "mode": "managed",
      "type": "google_organization_policy",
      "name": "org_policy_list_deny_all",
      "provider": "provider[\"registry.terraform.io/hashicorp/google\"]",
      "instances": [
        {
          "index_key": 0,
          "schema_version": 0,
          "attributes": {
            "boolean_policy": [],
            "constraint": "constraints/compute.restrictDedicatedInterconnectUsage",
            "etag": "CIHD4q0GENiwyLMD",
            "id": "3218055020/constraints/compute.restrictDedicatedInterconnectUsage",
            "list_policy": [
              {
                "allow": [],
                "deny": [
                  {
                    "all": true,
                    "values": []
                  }
                ],
                "inherit_from_parent": false,
                "suggested_value": ""
              }
            ],
            "org_id": "3218055020",
            "restore_policy": [],
            "timeouts": null,
            "update_time": "2024-01-30T07:13:05.913447Z",
            "version": 0
          },
          "sensitive_attributes": [],
          "private": "eyJlMmJmYjczMC1lY2FhLTExZTYtOGY4OC0zNDM2M2JjN2M0YzAiOnsiY3JlYXRlIjoyNDAwMDAwMDAwMDAsImRlbGV0ZSI6MjQwMDAwMDAwMDAwLCJyZWFkIjoyNDAwMDAwMDAwMDAsInVwZGF0ZSI6MjQwMDAwMDAwMDAwfX0="
        }
      ]
    },
    {
      "module": "module.org-policy[\"constraints/compute.restrictPartnerInterconnectUsage\"]",
      "mode": "managed",
      "type": "google_folder_organization_policy",
      "name": "folder_policy_list_exclude_folders",
      "provider": "provider[\"registry.terraform.io/hashicorp/google\"]",
      "instances": [
        {
          "index_key": "folders/1043307916975",
          "schema_version": 0,
          "attributes": {
            "boolean_policy": [],
            "constraint": "constraints/compute.restrictPartnerInterconnectUsage",
            "etag": "CInD4q0GEPiluZYC",
            "folder": "folders/1043307916975",
            "id": "folders/1043307916975/constraints/compute.restrictPartnerInterconnectUsage",
            "list_policy": [],
            "restore_policy": [
              {
                "default": true
              }
            ],
            "timeouts": null,
            "update_time": "2024-01-30T07:13:13.583947Z",
            "version": 0
          },
          "sensitive_attributes": [],
          "private": "eyJlMmJmYjczMC1lY2FhLTExZTYtOGY4OC0zNDM2M2JjN2M0YzAiOnsiY3JlYXRlIjoyNDAwMDAwMDAwMDAsImRlbGV0ZSI6MjQwMDAwMDAwMDAwLCJyZWFkIjoyNDAwMDAwMDAwMDAsInVwZGF0ZSI6MjQwMDAwMDAwMDAwfX0="
        }
      ]
    },
    {
      "module": "module.org-policy[\"constraints/compute.restrictPartnerInterconnectUsage\"]",
      "mode": "managed",
      "type": "google_organization_policy",
      "name": "org_policy_list_deny_all",
      "provider": "provider[\"registry.terraform.io/hashicorp/google\"]",
      "instances": [
        {
          "index_key": 0,
          "schema_version": 0,
          "attributes": {
            "boolean_policy": [],
            "constraint": "constraints/compute.restrictPartnerInterconnectUsage",
            "etag": "CIfD4q0GEIjP1JwD",
            "id": "3218055020/constraints/compute.restrictPartnerInterconnectUsage",
            "list_policy": [
              {
                "allow": [],
                "deny": [
                  {
                    "all": true,
                    "values": []
                  }
                ],
                "inherit_from_parent": false,
                "suggested_value": ""
              }
            ],
            "org_id": "3218055020",
            "restore_policy": [],
            "timeouts": null,
            "update_time": "2024-01-30T07:13:11.865413Z",
            "version": 0
          },
          "sensitive_attributes": [],
          "private": "eyJlMmJmYjczMC1lY2FhLTExZTYtOGY4OC0zNDM2M2JjN2M0YzAiOnsiY3JlYXRlIjoyNDAwMDAwMDAwMDAsImRlbGV0ZSI6MjQwMDAwMDAwMDAwLCJyZWFkIjoyNDAwMDAwMDAwMDAsInVwZGF0ZSI6MjQwMDAwMDAwMDAwfX0="
        }
      ]
    },
    {
      "module": "module.org-policy[\"constraints/compute.restrictSharedVpcHostProjects\"]",
      "mode": "managed",
      "type": "google_folder_organization_policy",
      "name": "folder_policy_list_exclude_folders",
      "provider": "provider[\"registry.terraform.io/hashicorp/google\"]",
      "instances": [
        {
          "index_key": "folders/1043307916975",
          "schema_version": 0,
          "attributes": {
            "boolean_policy": [],
            "constraint": "constraints/compute.restrictSharedVpcHostProjects",
            "etag": "CPzC4q0GENDw0fAB",
            "folder": "folders/1043307916975",
            "id": "folders/1043307916975/constraints/compute.restrictSharedVpcHostProjects",
            "list_policy": [],
            "restore_policy": [
              {
                "default": true
              }
            ],
            "timeouts": null,
            "update_time": "2024-01-30T07:13:00.504658Z",
            "version": 0
          },
          "sensitive_attributes": [],
          "private": "eyJlMmJmYjczMC1lY2FhLTExZTYtOGY4OC0zNDM2M2JjN2M0YzAiOnsiY3JlYXRlIjoyNDAwMDAwMDAwMDAsImRlbGV0ZSI6MjQwMDAwMDAwMDAwLCJyZWFkIjoyNDAwMDAwMDAwMDAsInVwZGF0ZSI6MjQwMDAwMDAwMDAwfX0="
        }
      ]
    },
    {
      "module": "module.org-policy[\"constraints/compute.restrictSharedVpcHostProjects\"]",
      "mode": "managed",
      "type": "google_organization_policy",
      "name": "org_policy_list_allow_values",
      "provider": "provider[\"registry.terraform.io/hashicorp/google\"]",
      "instances": [
        {
          "index_key": 0,
          "schema_version": 0,
          "attributes": {
            "boolean_policy": [],
            "constraint": "constraints/compute.restrictSharedVpcHostProjects",
            "etag": "CIPD4q0GENj/Ow==",
            "id": "3218055020/constraints/compute.restrictSharedVpcHostProjects",
            "list_policy": [
              {
                "allow": [
                  {
                    "all": false,
                    "values": [
                      "under:folders/896463035841"
                    ]
                  }
                ],
                "deny": [],
                "inherit_from_parent": false,
                "suggested_value": ""
              }
            ],
            "org_id": "3218055020",
            "restore_policy": [],
            "timeouts": null,
            "update_time": "2024-01-30T07:13:07.000983Z",
            "version": 0
          },
          "sensitive_attributes": [],
          "private": "eyJlMmJmYjczMC1lY2FhLTExZTYtOGY4OC0zNDM2M2JjN2M0YzAiOnsiY3JlYXRlIjoyNDAwMDAwMDAwMDAsImRlbGV0ZSI6MjQwMDAwMDAwMDAwLCJyZWFkIjoyNDAwMDAwMDAwMDAsInVwZGF0ZSI6MjQwMDAwMDAwMDAwfX0="
        }
      ]
    },
    {
      "module": "module.org-policy[\"constraints/compute.restrictVpcPeering\"]",
      "mode": "managed",
      "type": "google_folder_organization_policy",
      "name": "folder_policy_list_exclude_folders",
      "provider": "provider[\"registry.terraform.io/hashicorp/google\"]",
      "instances": [
        {
          "index_key": "folders/1043307916975",
          "schema_version": 0,
          "attributes": {
            "boolean_policy": [],
            "constraint": "constraints/compute.restrictVpcPeering",
            "etag": "CP/C4q0GEMjllkw=",
            "folder": "folders/1043307916975",
            "id": "folders/1043307916975/constraints/compute.restrictVpcPeering",
            "list_policy": [],
            "restore_policy": [
              {
                "default": true
              }
            ],
            "timeouts": null,
            "update_time": "2024-01-30T07:13:03.159757Z",
            "version": 0
          },
          "sensitive_attributes": [],
          "private": "eyJlMmJmYjczMC1lY2FhLTExZTYtOGY4OC0zNDM2M2JjN2M0YzAiOnsiY3JlYXRlIjoyNDAwMDAwMDAwMDAsImRlbGV0ZSI6MjQwMDAwMDAwMDAwLCJyZWFkIjoyNDAwMDAwMDAwMDAsInVwZGF0ZSI6MjQwMDAwMDAwMDAwfX0="
        }
      ]
    },
    {
      "module": "module.org-policy[\"constraints/compute.restrictVpcPeering\"]",
      "mode": "managed",
      "type": "google_organization_policy",
      "name": "org_policy_list_allow_values",
      "provider": "provider[\"registry.terraform.io/hashicorp/google\"]",
      "instances": [
        {
          "index_key": 0,
          "schema_version": 0,
          "attributes": {
            "boolean_policy": [],
            "constraint": "constraints/compute.restrictVpcPeering",
            "etag": "CILD4q0GENiAqZwC",
            "id": "3218055020/constraints/compute.restrictVpcPeering",
            "list_policy": [
              {
                "allow": [
                  {
                    "all": false,
                    "values": [
                      "under:folders/896463035841"
                    ]
                  }
                ],
                "deny": [],
                "inherit_from_parent": false,
                "suggested_value": ""
              }
            ],
            "org_id": "3218055020",
            "restore_policy": [],
            "timeouts": null,
            "update_time": "2024-01-30T07:13:06.596263Z",
            "version": 0
          },
          "sensitive_attributes": [],
          "private": "eyJlMmJmYjczMC1lY2FhLTExZTYtOGY4OC0zNDM2M2JjN2M0YzAiOnsiY3JlYXRlIjoyNDAwMDAwMDAwMDAsImRlbGV0ZSI6MjQwMDAwMDAwMDAwLCJyZWFkIjoyNDAwMDAwMDAwMDAsInVwZGF0ZSI6MjQwMDAwMDAwMDAwfX0="
        }
      ]
    },
    {
      "module": "module.org-policy[\"constraints/compute.restrictXpnProjectLienRemoval\"]",
      "mode": "managed",
      "type": "google_folder_organization_policy",
      "name": "policy_boolean_exclude_folders",
      "provider": "provider[\"registry.terraform.io/hashicorp/google\"]",
      "instances": [
        {
          "index_key": "folders/1043307916975",
          "schema_version": 0,
          "attributes": {
            "boolean_policy": [
              {
                "enforced": false
              }
            ],
            "constraint": "constraints/compute.restrictXpnProjectLienRemoval",
            "etag": "CInD4q0GEMiyjagB",
            "folder": "folders/1043307916975",
            "id": "folders/1043307916975/constraints/compute.restrictXpnProjectLienRemoval",
            "list_policy": [],
            "restore_policy": [],
            "timeouts": null,
            "update_time": "2024-01-30T07:13:13.352541Z",
            "version": 0
          },
          "sensitive_attributes": [],
          "private": "eyJlMmJmYjczMC1lY2FhLTExZTYtOGY4OC0zNDM2M2JjN2M0YzAiOnsiY3JlYXRlIjoyNDAwMDAwMDAwMDAsImRlbGV0ZSI6MjQwMDAwMDAwMDAwLCJyZWFkIjoyNDAwMDAwMDAwMDAsInVwZGF0ZSI6MjQwMDAwMDAwMDAwfX0="
        }
      ]
    },
    {
      "module": "module.org-policy[\"constraints/compute.restrictXpnProjectLienRemoval\"]",
      "mode": "managed",
      "type": "google_organization_policy",
      "name": "org_policy_boolean",
      "provider": "provider[\"registry.terraform.io/hashicorp/google\"]",
      "instances": [
        {
          "index_key": 0,
          "schema_version": 0,
          "attributes": {
            "boolean_policy": [
              {
                "enforced": true
              }
            ],
            "constraint": "constraints/compute.restrictXpnProjectLienRemoval",
            "etag": "CInD4q0GEOjO6doC",
            "id": "3218055020/constraints/compute.restrictXpnProjectLienRemoval",
            "list_policy": [],
            "org_id": "3218055020",
            "restore_policy": [],
            "timeouts": null,
            "update_time": "2024-01-30T07:13:13.727345Z",
            "version": 0
          },
          "sensitive_attributes": [],
          "private": "eyJlMmJmYjczMC1lY2FhLTExZTYtOGY4OC0zNDM2M2JjN2M0YzAiOnsiY3JlYXRlIjoyNDAwMDAwMDAwMDAsImRlbGV0ZSI6MjQwMDAwMDAwMDAwLCJyZWFkIjoyNDAwMDAwMDAwMDAsInVwZGF0ZSI6MjQwMDAwMDAwMDAwfX0="
        }
      ]
    },
    {
      "module": "module.org-policy[\"constraints/compute.skipDefaultNetworkCreation\"]",
      "mode": "managed",
      "type": "google_folder_organization_policy",
      "name": "policy_boolean_exclude_folders",
      "provider": "provider[\"registry.terraform.io/hashicorp/google\"]",
      "instances": [
        {
          "index_key": "folders/1043307916975",
          "schema_version": 0,
          "attributes": {
            "boolean_policy": [
              {
                "enforced": false
              }
            ],
            "constraint": "constraints/compute.skipDefaultNetworkCreation",
            "etag": "CIfD4q0GEJjAygk=",
            "folder": "folders/1043307916975",
            "id": "folders/1043307916975/constraints/compute.skipDefaultNetworkCreation",
            "list_policy": [],
            "restore_policy": [],
            "timeouts": null,
            "update_time": "2024-01-30T07:13:11.020095Z",
            "version": 0
          },
          "sensitive_attributes": [],
          "private": "eyJlMmJmYjczMC1lY2FhLTExZTYtOGY4OC0zNDM2M2JjN2M0YzAiOnsiY3JlYXRlIjoyNDAwMDAwMDAwMDAsImRlbGV0ZSI6MjQwMDAwMDAwMDAwLCJyZWFkIjoyNDAwMDAwMDAwMDAsInVwZGF0ZSI6MjQwMDAwMDAwMDAwfX0="
        }
      ]
    },
    {
      "module": "module.org-policy[\"constraints/compute.skipDefaultNetworkCreation\"]",
      "mode": "managed",
      "type": "google_organization_policy",
      "name": "org_policy_boolean",
      "provider": "provider[\"registry.terraform.io/hashicorp/google\"]",
      "instances": [
        {
          "index_key": 0,
          "schema_version": 0,
          "attributes": {
            "boolean_policy": [
              {
                "enforced": true
              }
            ],
            "constraint": "constraints/compute.skipDefaultNetworkCreation",
            "etag": "CIHD4q0GEKDfpakD",
            "id": "3218055020/constraints/compute.skipDefaultNetworkCreation",
            "list_policy": [],
            "org_id": "3218055020",
            "restore_policy": [],
            "timeouts": null,
            "update_time": "2024-01-30T07:13:05.891908Z",
            "version": 0
          },
          "sensitive_attributes": [],
          "private": "eyJlMmJmYjczMC1lY2FhLTExZTYtOGY4OC0zNDM2M2JjN2M0YzAiOnsiY3JlYXRlIjoyNDAwMDAwMDAwMDAsImRlbGV0ZSI6MjQwMDAwMDAwMDAwLCJyZWFkIjoyNDAwMDAwMDAwMDAsInVwZGF0ZSI6MjQwMDAwMDAwMDAwfX0="
        }
      ]
    },
    {
      "module": "module.org-policy[\"constraints/compute.vmCanIpForward\"]",
      "mode": "managed",
      "type": "google_folder_organization_policy",
      "name": "folder_policy_list_exclude_folders",
      "provider": "provider[\"registry.terraform.io/hashicorp/google\"]",
      "instances": [
        {
          "index_key": "folders/1043307916975",
          "schema_version": 0,
          "attributes": {
            "boolean_policy": [],
            "constraint": "constraints/compute.vmCanIpForward",
            "etag": "CIjD4q0GEMD7sVg=",
            "folder": "folders/1043307916975",
            "id": "folders/1043307916975/constraints/compute.vmCanIpForward",
            "list_policy": [],
            "restore_policy": [
              {
                "default": true
              }
            ],
            "timeouts": null,
            "update_time": "2024-01-30T07:13:12.185368Z",
            "version": 0
          },
          "sensitive_attributes": [],
          "private": "eyJlMmJmYjczMC1lY2FhLTExZTYtOGY4OC0zNDM2M2JjN2M0YzAiOnsiY3JlYXRlIjoyNDAwMDAwMDAwMDAsImRlbGV0ZSI6MjQwMDAwMDAwMDAwLCJyZWFkIjoyNDAwMDAwMDAwMDAsInVwZGF0ZSI6MjQwMDAwMDAwMDAwfX0="
        }
      ]
    },
    {
      "module": "module.org-policy[\"constraints/compute.vmCanIpForward\"]",
      "mode": "managed",
      "type": "google_organization_policy",
      "name": "org_policy_list_deny_all",
      "provider": "provider[\"registry.terraform.io/hashicorp/google\"]",
      "instances": [
        {
          "index_key": 0,
          "schema_version": 0,
          "attributes": {
            "boolean_policy": [],
            "constraint": "constraints/compute.vmCanIpForward",
            "etag": "CITD4q0GEOjdssEC",
            "id": "3218055020/constraints/compute.vmCanIpForward",
            "list_policy": [
              {
                "allow": [],
                "deny": [
                  {
                    "all": true,
                    "values": []
                  }
                ],
                "inherit_from_parent": false,
                "suggested_value": ""
              }
            ],
            "org_id": "3218055020",
            "restore_policy": [],
            "timeouts": null,
            "update_time": "2024-01-30T07:13:08.674017Z",
            "version": 0
          },
          "sensitive_attributes": [],
          "private": "eyJlMmJmYjczMC1lY2FhLTExZTYtOGY4OC0zNDM2M2JjN2M0YzAiOnsiY3JlYXRlIjoyNDAwMDAwMDAwMDAsImRlbGV0ZSI6MjQwMDAwMDAwMDAwLCJyZWFkIjoyNDAwMDAwMDAwMDAsInVwZGF0ZSI6MjQwMDAwMDAwMDAwfX0="
        }
      ]
    },
    {
      "module": "module.org-policy[\"constraints/compute.vmExternalIpAccess\"]",
      "mode": "managed",
      "type": "google_folder_organization_policy",
      "name": "folder_policy_list_exclude_folders",
      "provider": "provider[\"registry.terraform.io/hashicorp/google\"]",
      "instances": [
        {
          "index_key": "folders/1043307916975",
          "schema_version": 0,
          "attributes": {
            "boolean_policy": [],
            "constraint": "constraints/compute.vmExternalIpAccess",
            "etag": "CIbD4q0GEMiExVU=",
            "folder": "folders/1043307916975",
            "id": "folders/1043307916975/constraints/compute.vmExternalIpAccess",
            "list_policy": [],
            "restore_policy": [
              {
                "default": true
              }
            ],
            "timeouts": null,
            "update_time": "2024-01-30T07:13:10.179389Z",
            "version": 0
          },
          "sensitive_attributes": [],
          "private": "eyJlMmJmYjczMC1lY2FhLTExZTYtOGY4OC0zNDM2M2JjN2M0YzAiOnsiY3JlYXRlIjoyNDAwMDAwMDAwMDAsImRlbGV0ZSI6MjQwMDAwMDAwMDAwLCJyZWFkIjoyNDAwMDAwMDAwMDAsInVwZGF0ZSI6MjQwMDAwMDAwMDAwfX0="
        }
      ]
    },
    {
      "module": "module.org-policy[\"constraints/compute.vmExternalIpAccess\"]",
      "mode": "managed",
      "type": "google_organization_policy",
      "name": "org_policy_list_deny_all",
      "provider": "provider[\"registry.terraform.io/hashicorp/google\"]",
      "instances": [
        {
          "index_key": 0,
          "schema_version": 0,
          "attributes": {
            "boolean_policy": [],
            "constraint": "constraints/compute.vmExternalIpAccess",
            "etag": "CITD4q0GEIiAy4wD",
            "id": "3218055020/constraints/compute.vmExternalIpAccess",
            "list_policy": [
              {
                "allow": [],
                "deny": [
                  {
                    "all": true,
                    "values": []
                  }
                ],
                "inherit_from_parent": false,
                "suggested_value": ""
              }
            ],
            "org_id": "3218055020",
            "restore_policy": [],
            "timeouts": null,
            "update_time": "2024-01-30T07:13:08.831701Z",
            "version": 0
          },
          "sensitive_attributes": [],
          "private": "eyJlMmJmYjczMC1lY2FhLTExZTYtOGY4OC0zNDM2M2JjN2M0YzAiOnsiY3JlYXRlIjoyNDAwMDAwMDAwMDAsImRlbGV0ZSI6MjQwMDAwMDAwMDAwLCJyZWFkIjoyNDAwMDAwMDAwMDAsInVwZGF0ZSI6MjQwMDAwMDAwMDAwfX0="
        }
      ]
    },
    {
      "module": "module.org-policy[\"constraints/datastream.disablePublicConnectivity\"]",
      "mode": "managed",
      "type": "google_folder_organization_policy",
      "name": "policy_boolean_exclude_folders",
      "provider": "provider[\"registry.terraform.io/hashicorp/google\"]",
      "instances": [
        {
          "index_key": "folders/1043307916975",
          "schema_version": 0,
          "attributes": {
            "boolean_policy": [
              {
                "enforced": false
              }
            ],
            "constraint": "constraints/datastream.disablePublicConnectivity",
            "etag": "CITD4q0GEJCh8YAD",
            "folder": "folders/1043307916975",
            "id": "folders/1043307916975/constraints/datastream.disablePublicConnectivity",
            "list_policy": [],
            "restore_policy": [],
            "timeouts": null,
            "update_time": "2024-01-30T07:13:08.807162Z",
            "version": 0
          },
          "sensitive_attributes": [],
          "private": "eyJlMmJmYjczMC1lY2FhLTExZTYtOGY4OC0zNDM2M2JjN2M0YzAiOnsiY3JlYXRlIjoyNDAwMDAwMDAwMDAsImRlbGV0ZSI6MjQwMDAwMDAwMDAwLCJyZWFkIjoyNDAwMDAwMDAwMDAsInVwZGF0ZSI6MjQwMDAwMDAwMDAwfX0="
        }
      ]
    },
    {
      "module": "module.org-policy[\"constraints/datastream.disablePublicConnectivity\"]",
      "mode": "managed",
      "type": "google_organization_policy",
      "name": "org_policy_boolean",
      "provider": "provider[\"registry.terraform.io/hashicorp/google\"]",
      "instances": [
        {
          "index_key": 0,
          "schema_version": 0,
          "attributes": {
            "boolean_policy": [
              {
                "enforced": true
              }
            ],
            "constraint": "constraints/datastream.disablePublicConnectivity",
            "etag": "CInD4q0GEID4+sQB",
            "id": "3218055020/constraints/datastream.disablePublicConnectivity",
            "list_policy": [],
            "org_id": "3218055020",
            "restore_policy": [],
            "timeouts": null,
            "update_time": "2024-01-30T07:13:13.413056Z",
            "version": 0
          },
          "sensitive_attributes": [],
          "private": "eyJlMmJmYjczMC1lY2FhLTExZTYtOGY4OC0zNDM2M2JjN2M0YzAiOnsiY3JlYXRlIjoyNDAwMDAwMDAwMDAsImRlbGV0ZSI6MjQwMDAwMDAwMDAwLCJyZWFkIjoyNDAwMDAwMDAwMDAsInVwZGF0ZSI6MjQwMDAwMDAwMDAwfX0="
        }
      ]
    },
    {
      "module": "module.org-policy[\"constraints/gcp.detailedAuditLoggingMode\"]",
      "mode": "managed",
      "type": "google_folder_organization_policy",
      "name": "policy_boolean_exclude_folders",
      "provider": "provider[\"registry.terraform.io/hashicorp/google\"]",
      "instances": [
        {
          "index_key": "folders/1043307916975",
          "schema_version": 0,
          "attributes": {
            "boolean_policy": [
              {
                "enforced": false
              }
            ],
            "constraint": "constraints/gcp.detailedAuditLoggingMode",
            "etag": "CITD4q0GEPiEspkD",
            "folder": "folders/1043307916975",
            "id": "folders/1043307916975/constraints/gcp.detailedAuditLoggingMode",
            "list_policy": [],
            "restore_policy": [],
            "timeouts": null,
            "update_time": "2024-01-30T07:13:08.858555Z",
            "version": 0
          },
          "sensitive_attributes": [],
          "private": "eyJlMmJmYjczMC1lY2FhLTExZTYtOGY4OC0zNDM2M2JjN2M0YzAiOnsiY3JlYXRlIjoyNDAwMDAwMDAwMDAsImRlbGV0ZSI6MjQwMDAwMDAwMDAwLCJyZWFkIjoyNDAwMDAwMDAwMDAsInVwZGF0ZSI6MjQwMDAwMDAwMDAwfX0="
        }
      ]
    },
    {
      "module": "module.org-policy[\"constraints/gcp.detailedAuditLoggingMode\"]",
      "mode": "managed",
      "type": "google_organization_policy",
      "name": "org_policy_boolean",
      "provider": "provider[\"registry.terraform.io/hashicorp/google\"]",
      "instances": [
        {
          "index_key": 0,
          "schema_version": 0,
          "attributes": {
            "boolean_policy": [
              {
                "enforced": true
              }
            ],
            "constraint": "constraints/gcp.detailedAuditLoggingMode",
            "etag": "CIfD4q0GENjHitMD",
            "id": "3218055020/constraints/gcp.detailedAuditLoggingMode",
            "list_policy": [],
            "org_id": "3218055020",
            "restore_policy": [],
            "timeouts": null,
            "update_time": "2024-01-30T07:13:11.979543Z",
            "version": 0
          },
          "sensitive_attributes": [],
          "private": "eyJlMmJmYjczMC1lY2FhLTExZTYtOGY4OC0zNDM2M2JjN2M0YzAiOnsiY3JlYXRlIjoyNDAwMDAwMDAwMDAsImRlbGV0ZSI6MjQwMDAwMDAwMDAwLCJyZWFkIjoyNDAwMDAwMDAwMDAsInVwZGF0ZSI6MjQwMDAwMDAwMDAwfX0="
        }
      ]
    },
    {
      "module": "module.org-policy[\"constraints/gcp.resourceLocations\"]",
      "mode": "managed",
      "type": "google_folder_organization_policy",
      "name": "folder_policy_list_exclude_folders",
      "provider": "provider[\"registry.terraform.io/hashicorp/google\"]",
      "instances": [
        {
          "index_key": "folders/1043307916975",
          "schema_version": 0,
          "attributes": {
            "boolean_policy": [],
            "constraint": "constraints/gcp.resourceLocations",
            "etag": "CIbD4q0GEIiw8yw=",
            "folder": "folders/1043307916975",
            "id": "folders/1043307916975/constraints/gcp.resourceLocations",
            "list_policy": [],
            "restore_policy": [
              {
                "default": true
              }
            ],
            "timeouts": null,
            "update_time": "2024-01-30T07:13:10.094165Z",
            "version": 0
          },
          "sensitive_attributes": [],
          "private": "eyJlMmJmYjczMC1lY2FhLTExZTYtOGY4OC0zNDM2M2JjN2M0YzAiOnsiY3JlYXRlIjoyNDAwMDAwMDAwMDAsImRlbGV0ZSI6MjQwMDAwMDAwMDAwLCJyZWFkIjoyNDAwMDAwMDAwMDAsInVwZGF0ZSI6MjQwMDAwMDAwMDAwfX0="
        }
      ]
    },
    {
      "module": "module.org-policy[\"constraints/gcp.resourceLocations\"]",
      "mode": "managed",
      "type": "google_organization_policy",
      "name": "org_policy_list_allow_values",
      "provider": "provider[\"registry.terraform.io/hashicorp/google\"]",
      "instances": [
        {
          "index_key": 0,
          "schema_version": 0,
          "attributes": {
            "boolean_policy": [],
            "constraint": "constraints/gcp.resourceLocations",
            "etag": "CILCh64GEPC0vWg=",
            "id": "3218055020/constraints/gcp.resourceLocations",
            "list_policy": [
              {
                "allow": [
                  {
                    "all": false,
                    "values": [
                      "in:asia-east1-locations",
                      "in:asia-south1-locations"
                    ]
                  }
                ],
                "deny": [],
                "inherit_from_parent": false,
                "suggested_value": ""
              }
            ],
            "org_id": "3218055020",
            "restore_policy": [],
            "timeouts": null,
            "update_time": "2024-02-06T07:34:26.219110Z",
            "version": 0
          },
          "sensitive_attributes": [],
          "private": "eyJlMmJmYjczMC1lY2FhLTExZTYtOGY4OC0zNDM2M2JjN2M0YzAiOnsiY3JlYXRlIjoyNDAwMDAwMDAwMDAsImRlbGV0ZSI6MjQwMDAwMDAwMDAwLCJyZWFkIjoyNDAwMDAwMDAwMDAsInVwZGF0ZSI6MjQwMDAwMDAwMDAwfX0="
        }
      ]
    },
    {
      "module": "module.org-policy[\"constraints/iam.automaticIamGrantsForDefaultServiceAccounts\"]",
      "mode": "managed",
      "type": "google_folder_organization_policy",
      "name": "policy_boolean_exclude_folders",
      "provider": "provider[\"registry.terraform.io/hashicorp/google\"]",
      "instances": [
        {
          "index_key": "folders/1043307916975",
          "schema_version": 0,
          "attributes": {
            "boolean_policy": [
              {
                "enforced": false
              }
            ],
            "constraint": "constraints/iam.automaticIamGrantsForDefaultServiceAccounts",
            "etag": "CIHD4q0GEPisnr0B",
            "folder": "folders/1043307916975",
            "id": "folders/1043307916975/constraints/iam.automaticIamGrantsForDefaultServiceAccounts",
            "list_policy": [],
            "restore_policy": [],
            "timeouts": null,
            "update_time": "2024-01-30T07:13:05.396859Z",
            "version": 0
          },
          "sensitive_attributes": [],
          "private": "eyJlMmJmYjczMC1lY2FhLTExZTYtOGY4OC0zNDM2M2JjN2M0YzAiOnsiY3JlYXRlIjoyNDAwMDAwMDAwMDAsImRlbGV0ZSI6MjQwMDAwMDAwMDAwLCJyZWFkIjoyNDAwMDAwMDAwMDAsInVwZGF0ZSI6MjQwMDAwMDAwMDAwfX0="
        }
      ]
    },
    {
      "module": "module.org-policy[\"constraints/iam.automaticIamGrantsForDefaultServiceAccounts\"]",
      "mode": "managed",
      "type": "google_organization_policy",
      "name": "org_policy_boolean",
      "provider": "provider[\"registry.terraform.io/hashicorp/google\"]",
      "instances": [
        {
          "index_key": 0,
          "schema_version": 0,
          "attributes": {
            "boolean_policy": [
              {
                "enforced": true
              }
            ],
            "constraint": "constraints/iam.automaticIamGrantsForDefaultServiceAccounts",
            "etag": "CILD4q0GEPDkqRY=",
            "id": "3218055020/constraints/iam.automaticIamGrantsForDefaultServiceAccounts",
            "list_policy": [],
            "org_id": "3218055020",
            "restore_policy": [],
            "timeouts": null,
            "update_time": "2024-01-30T07:13:06.046822Z",
            "version": 0
          },
          "sensitive_attributes": [],
          "private": "eyJlMmJmYjczMC1lY2FhLTExZTYtOGY4OC0zNDM2M2JjN2M0YzAiOnsiY3JlYXRlIjoyNDAwMDAwMDAwMDAsImRlbGV0ZSI6MjQwMDAwMDAwMDAwLCJyZWFkIjoyNDAwMDAwMDAwMDAsInVwZGF0ZSI6MjQwMDAwMDAwMDAwfX0="
        }
      ]
    },
    {
      "module": "module.org-policy[\"constraints/iam.disableAuditLoggingExemption\"]",
      "mode": "managed",
      "type": "google_folder_organization_policy",
      "name": "policy_boolean_exclude_folders",
      "provider": "provider[\"registry.terraform.io/hashicorp/google\"]",
      "instances": [
        {
          "index_key": "folders/1043307916975",
          "schema_version": 0,
          "attributes": {
            "boolean_policy": [
              {
                "enforced": false
              }
            ],
            "constraint": "constraints/iam.disableAuditLoggingExemption",
            "etag": "CP7C4q0GELCBmwM=",
            "folder": "folders/1043307916975",
            "id": "folders/1043307916975/constraints/iam.disableAuditLoggingExemption",
            "list_policy": [],
            "restore_policy": [],
            "timeouts": null,
            "update_time": "2024-01-30T07:13:02.006734Z",
            "version": 0
          },
          "sensitive_attributes": [],
          "private": "eyJlMmJmYjczMC1lY2FhLTExZTYtOGY4OC0zNDM2M2JjN2M0YzAiOnsiY3JlYXRlIjoyNDAwMDAwMDAwMDAsImRlbGV0ZSI6MjQwMDAwMDAwMDAwLCJyZWFkIjoyNDAwMDAwMDAwMDAsInVwZGF0ZSI6MjQwMDAwMDAwMDAwfX0="
        }
      ]
    },
    {
      "module": "module.org-policy[\"constraints/iam.disableAuditLoggingExemption\"]",
      "mode": "managed",
      "type": "google_organization_policy",
      "name": "org_policy_boolean",
      "provider": "provider[\"registry.terraform.io/hashicorp/google\"]",
      "instances": [
        {
          "index_key": 0,
          "schema_version": 0,
          "attributes": {
            "boolean_policy": [
              {
                "enforced": true
              }
            ],
            "constraint": "constraints/iam.disableAuditLoggingExemption",
            "etag": "CP/C4q0GEPD4rUo=",
            "id": "3218055020/constraints/iam.disableAuditLoggingExemption",
            "list_policy": [],
            "org_id": "3218055020",
            "restore_policy": [],
            "timeouts": null,
            "update_time": "2024-01-30T07:13:03.155942Z",
            "version": 0
          },
          "sensitive_attributes": [],
          "private": "eyJlMmJmYjczMC1lY2FhLTExZTYtOGY4OC0zNDM2M2JjN2M0YzAiOnsiY3JlYXRlIjoyNDAwMDAwMDAwMDAsImRlbGV0ZSI6MjQwMDAwMDAwMDAwLCJyZWFkIjoyNDAwMDAwMDAwMDAsInVwZGF0ZSI6MjQwMDAwMDAwMDAwfX0="
        }
      ]
    },
    {
      "module": "module.org-policy[\"constraints/iam.disableServiceAccountKeyCreation\"]",
      "mode": "managed",
      "type": "google_folder_organization_policy",
      "name": "policy_boolean_exclude_folders",
      "provider": "provider[\"registry.terraform.io/hashicorp/google\"]",
      "instances": [
        {
          "index_key": "folders/1043307916975",
          "schema_version": 0,
          "attributes": {
            "boolean_policy": [
              {
                "enforced": false
              }
            ],
            "constraint": "constraints/iam.disableServiceAccountKeyCreation",
            "etag": "CITD4q0GELiftng=",
            "folder": "folders/1043307916975",
            "id": "folders/1043307916975/constraints/iam.disableServiceAccountKeyCreation",
            "list_policy": [],
            "restore_policy": [],
            "timeouts": null,
            "update_time": "2024-01-30T07:13:08.252547Z",
            "version": 0
          },
          "sensitive_attributes": [],
          "private": "eyJlMmJmYjczMC1lY2FhLTExZTYtOGY4OC0zNDM2M2JjN2M0YzAiOnsiY3JlYXRlIjoyNDAwMDAwMDAwMDAsImRlbGV0ZSI6MjQwMDAwMDAwMDAwLCJyZWFkIjoyNDAwMDAwMDAwMDAsInVwZGF0ZSI6MjQwMDAwMDAwMDAwfX0="
        }
      ]
    },
    {
      "module": "module.org-policy[\"constraints/iam.disableServiceAccountKeyCreation\"]",
      "mode": "managed",
      "type": "google_organization_policy",
      "name": "org_policy_boolean",
      "provider": "provider[\"registry.terraform.io/hashicorp/google\"]",
      "instances": [
        {
          "index_key": 0,
          "schema_version": 0,
          "attributes": {
            "boolean_policy": [
              {
                "enforced": true
              }
            ],
            "constraint": "constraints/iam.disableServiceAccountKeyCreation",
            "etag": "CP/C4q0GEODo3hc=",
            "id": "3218055020/constraints/iam.disableServiceAccountKeyCreation",
            "list_policy": [],
            "org_id": "3218055020",
            "restore_policy": [],
            "timeouts": null,
            "update_time": "2024-01-30T07:13:03.049788Z",
            "version": 0
          },
          "sensitive_attributes": [],
          "private": "eyJlMmJmYjczMC1lY2FhLTExZTYtOGY4OC0zNDM2M2JjN2M0YzAiOnsiY3JlYXRlIjoyNDAwMDAwMDAwMDAsImRlbGV0ZSI6MjQwMDAwMDAwMDAwLCJyZWFkIjoyNDAwMDAwMDAwMDAsInVwZGF0ZSI6MjQwMDAwMDAwMDAwfX0="
        }
      ]
    },
    {
      "module": "module.org-policy[\"constraints/iam.disableServiceAccountKeyUpload\"]",
      "mode": "managed",
      "type": "google_folder_organization_policy",
      "name": "policy_boolean_exclude_folders",
      "provider": "provider[\"registry.terraform.io/hashicorp/google\"]",
      "instances": [
        {
          "index_key": "folders/1043307916975",
          "schema_version": 0,
          "attributes": {
            "boolean_policy": [
              {
                "enforced": false
              }
            ],
            "constraint": "constraints/iam.disableServiceAccountKeyUpload",
            "etag": "CIDD4q0GEOCC1/UB",
            "folder": "folders/1043307916975",
            "id": "folders/1043307916975/constraints/iam.disableServiceAccountKeyUpload",
            "list_policy": [],
            "restore_policy": [],
            "timeouts": null,
            "update_time": "2024-01-30T07:13:04.515228Z",
            "version": 0
          },
          "sensitive_attributes": [],
          "private": "eyJlMmJmYjczMC1lY2FhLTExZTYtOGY4OC0zNDM2M2JjN2M0YzAiOnsiY3JlYXRlIjoyNDAwMDAwMDAwMDAsImRlbGV0ZSI6MjQwMDAwMDAwMDAwLCJyZWFkIjoyNDAwMDAwMDAwMDAsInVwZGF0ZSI6MjQwMDAwMDAwMDAwfX0="
        }
      ]
    },
    {
      "module": "module.org-policy[\"constraints/iam.disableServiceAccountKeyUpload\"]",
      "mode": "managed",
      "type": "google_organization_policy",
      "name": "org_policy_boolean",
      "provider": "provider[\"registry.terraform.io/hashicorp/google\"]",
      "instances": [
        {
          "index_key": 0,
          "schema_version": 0,
          "attributes": {
            "boolean_policy": [
              {
                "enforced": true
              }
            ],
            "constraint": "constraints/iam.disableServiceAccountKeyUpload",
            "etag": "CP/C4q0GEJjK3Uc=",
            "id": "3218055020/constraints/iam.disableServiceAccountKeyUpload",
            "list_policy": [],
            "org_id": "3218055020",
            "restore_policy": [],
            "timeouts": null,
            "update_time": "2024-01-30T07:13:03.150431Z",
            "version": 0
          },
          "sensitive_attributes": [],
          "private": "eyJlMmJmYjczMC1lY2FhLTExZTYtOGY4OC0zNDM2M2JjN2M0YzAiOnsiY3JlYXRlIjoyNDAwMDAwMDAwMDAsImRlbGV0ZSI6MjQwMDAwMDAwMDAwLCJyZWFkIjoyNDAwMDAwMDAwMDAsInVwZGF0ZSI6MjQwMDAwMDAwMDAwfX0="
        }
      ]
    },
    {
      "module": "module.org-policy[\"constraints/iam.restrictCrossProjectServiceAccountLienRemoval\"]",
      "mode": "managed",
      "type": "google_folder_organization_policy",
      "name": "policy_boolean_exclude_folders",
      "provider": "provider[\"registry.terraform.io/hashicorp/google\"]",
      "instances": [
        {
          "index_key": "folders/1043307916975",
          "schema_version": 0,
          "attributes": {
            "boolean_policy": [
              {
                "enforced": false
              }
            ],
            "constraint": "constraints/iam.restrictCrossProjectServiceAccountLienRemoval",
            "etag": "CIbD4q0GEICh+cgD",
            "folder": "folders/1043307916975",
            "id": "folders/1043307916975/constraints/iam.restrictCrossProjectServiceAccountLienRemoval",
            "list_policy": [],
            "restore_policy": [],
            "timeouts": null,
            "update_time": "2024-01-30T07:13:10.958288Z",
            "version": 0
          },
          "sensitive_attributes": [],
          "private": "eyJlMmJmYjczMC1lY2FhLTExZTYtOGY4OC0zNDM2M2JjN2M0YzAiOnsiY3JlYXRlIjoyNDAwMDAwMDAwMDAsImRlbGV0ZSI6MjQwMDAwMDAwMDAwLCJyZWFkIjoyNDAwMDAwMDAwMDAsInVwZGF0ZSI6MjQwMDAwMDAwMDAwfX0="
        }
      ]
    },
    {
      "module": "module.org-policy[\"constraints/iam.restrictCrossProjectServiceAccountLienRemoval\"]",
      "mode": "managed",
      "type": "google_organization_policy",
      "name": "org_policy_boolean",
      "provider": "provider[\"registry.terraform.io/hashicorp/google\"]",
      "instances": [
        {
          "index_key": 0,
          "schema_version": 0,
          "attributes": {
            "boolean_policy": [
              {
                "enforced": true
              }
            ],
            "constraint": "constraints/iam.restrictCrossProjectServiceAccountLienRemoval",
            "etag": "CIDD4q0GEKCVmIEC",
            "id": "3218055020/constraints/iam.restrictCrossProjectServiceAccountLienRemoval",
            "list_policy": [],
            "org_id": "3218055020",
            "restore_policy": [],
            "timeouts": null,
            "update_time": "2024-01-30T07:13:04.539364Z",
            "version": 0
          },
          "sensitive_attributes": [],
          "private": "eyJlMmJmYjczMC1lY2FhLTExZTYtOGY4OC0zNDM2M2JjN2M0YzAiOnsiY3JlYXRlIjoyNDAwMDAwMDAwMDAsImRlbGV0ZSI6MjQwMDAwMDAwMDAwLCJyZWFkIjoyNDAwMDAwMDAwMDAsInVwZGF0ZSI6MjQwMDAwMDAwMDAwfX0="
        }
      ]
    },
    {
      "module": "module.org-policy[\"constraints/iam.workloadIdentityPoolAwsAccounts\"]",
      "mode": "managed",
      "type": "google_folder_organization_policy",
      "name": "folder_policy_list_exclude_folders",
      "provider": "provider[\"registry.terraform.io/hashicorp/google\"]",
      "instances": [
        {
          "index_key": "folders/1043307916975",
          "schema_version": 0,
          "attributes": {
            "boolean_policy": [],
            "constraint": "constraints/iam.workloadIdentityPoolAwsAccounts",
            "etag": "COu24q0GELCmsbcC",
            "folder": "folders/1043307916975",
            "id": "folders/1043307916975/constraints/iam.workloadIdentityPoolAwsAccounts",
            "list_policy": [],
            "restore_policy": [
              {
                "default": true
              }
            ],
            "timeouts": null,
            "update_time": "2024-01-30T06:47:07.653022Z",
            "version": 0
          },
          "sensitive_attributes": [],
          "private": "eyJlMmJmYjczMC1lY2FhLTExZTYtOGY4OC0zNDM2M2JjN2M0YzAiOnsiY3JlYXRlIjoyNDAwMDAwMDAwMDAsImRlbGV0ZSI6MjQwMDAwMDAwMDAwLCJyZWFkIjoyNDAwMDAwMDAwMDAsInVwZGF0ZSI6MjQwMDAwMDAwMDAwfX0="
        }
      ]
    },
    {
      "module": "module.org-policy[\"constraints/iam.workloadIdentityPoolAwsAccounts\"]",
      "mode": "managed",
      "type": "google_organization_policy",
      "name": "org_policy_list_deny_all",
      "provider": "provider[\"registry.terraform.io/hashicorp/google\"]",
      "instances": [
        {
          "index_key": 0,
          "schema_version": 0,
          "attributes": {
            "boolean_policy": [],
            "constraint": "constraints/iam.workloadIdentityPoolAwsAccounts",
            "etag": "COu24q0GEPiB67MC",
            "id": "3218055020/constraints/iam.workloadIdentityPoolAwsAccounts",
            "list_policy": [
              {
                "allow": [],
                "deny": [
                  {
                    "all": true,
                    "values": []
                  }
                ],
                "inherit_from_parent": false,
                "suggested_value": ""
              }
            ],
            "org_id": "3218055020",
            "restore_policy": [],
            "timeouts": null,
            "update_time": "2024-01-30T06:47:07.645579Z",
            "version": 0
          },
          "sensitive_attributes": [],
          "private": "eyJlMmJmYjczMC1lY2FhLTExZTYtOGY4OC0zNDM2M2JjN2M0YzAiOnsiY3JlYXRlIjoyNDAwMDAwMDAwMDAsImRlbGV0ZSI6MjQwMDAwMDAwMDAwLCJyZWFkIjoyNDAwMDAwMDAwMDAsInVwZGF0ZSI6MjQwMDAwMDAwMDAwfX0="
        }
      ]
    },
    {
      "module": "module.org-policy[\"constraints/iap.requireGlobalIapWebDisabled\"]",
      "mode": "managed",
      "type": "google_folder_organization_policy",
      "name": "policy_boolean_exclude_folders",
      "provider": "provider[\"registry.terraform.io/hashicorp/google\"]",
      "instances": [
        {
          "index_key": "folders/1043307916975",
          "schema_version": 0,
          "attributes": {
            "boolean_policy": [
              {
                "enforced": false
              }
            ],
            "constraint": "constraints/iap.requireGlobalIapWebDisabled",
            "etag": "CIPD4q0GEKC+v6oB",
            "folder": "folders/1043307916975",
            "id": "folders/1043307916975/constraints/iap.requireGlobalIapWebDisabled",
            "list_policy": [],
            "restore_policy": [],
            "timeouts": null,
            "update_time": "2024-01-30T07:13:07.357556Z",
            "version": 0
          },
          "sensitive_attributes": [],
          "private": "eyJlMmJmYjczMC1lY2FhLTExZTYtOGY4OC0zNDM2M2JjN2M0YzAiOnsiY3JlYXRlIjoyNDAwMDAwMDAwMDAsImRlbGV0ZSI6MjQwMDAwMDAwMDAwLCJyZWFkIjoyNDAwMDAwMDAwMDAsInVwZGF0ZSI6MjQwMDAwMDAwMDAwfX0="
        }
      ]
    },
    {
      "module": "module.org-policy[\"constraints/iap.requireGlobalIapWebDisabled\"]",
      "mode": "managed",
      "type": "google_organization_policy",
      "name": "org_policy_boolean",
      "provider": "provider[\"registry.terraform.io/hashicorp/google\"]",
      "instances": [
        {
          "index_key": 0,
          "schema_version": 0,
          "attributes": {
            "boolean_policy": [
              {
                "enforced": true
              }
            ],
            "constraint": "constraints/iap.requireGlobalIapWebDisabled",
            "etag": "CIPD4q0GEODM7ZoD",
            "id": "3218055020/constraints/iap.requireGlobalIapWebDisabled",
            "list_policy": [],
            "org_id": "3218055020",
            "restore_policy": [],
            "timeouts": null,
            "update_time": "2024-01-30T07:13:07.861628Z",
            "version": 0
          },
          "sensitive_attributes": [],
          "private": "eyJlMmJmYjczMC1lY2FhLTExZTYtOGY4OC0zNDM2M2JjN2M0YzAiOnsiY3JlYXRlIjoyNDAwMDAwMDAwMDAsImRlbGV0ZSI6MjQwMDAwMDAwMDAwLCJyZWFkIjoyNDAwMDAwMDAwMDAsInVwZGF0ZSI6MjQwMDAwMDAwMDAwfX0="
        }
      ]
    },
    {
      "module": "module.org-policy[\"constraints/run.allowedIngress\"]",
      "mode": "managed",
      "type": "google_folder_organization_policy",
      "name": "folder_policy_list_exclude_folders",
      "provider": "provider[\"registry.terraform.io/hashicorp/google\"]",
      "instances": [
        {
          "index_key": "folders/1043307916975",
          "schema_version": 0,
          "attributes": {
            "boolean_policy": [],
            "constraint": "constraints/run.allowedIngress",
            "etag": "CPzC4q0GEKDu4O0B",
            "folder": "folders/1043307916975",
            "id": "folders/1043307916975/constraints/run.allowedIngress",
            "list_policy": [],
            "restore_policy": [
              {
                "default": true
              }
            ],
            "timeouts": null,
            "update_time": "2024-01-30T07:13:00.498612Z",
            "version": 0
          },
          "sensitive_attributes": [],
          "private": "eyJlMmJmYjczMC1lY2FhLTExZTYtOGY4OC0zNDM2M2JjN2M0YzAiOnsiY3JlYXRlIjoyNDAwMDAwMDAwMDAsImRlbGV0ZSI6MjQwMDAwMDAwMDAwLCJyZWFkIjoyNDAwMDAwMDAwMDAsInVwZGF0ZSI6MjQwMDAwMDAwMDAwfX0="
        }
      ]
    },
    {
      "module": "module.org-policy[\"constraints/run.allowedIngress\"]",
      "mode": "managed",
      "type": "google_organization_policy",
      "name": "org_policy_list_allow_values",
      "provider": "provider[\"registry.terraform.io/hashicorp/google\"]",
      "instances": [
        {
          "index_key": 0,
          "schema_version": 0,
          "attributes": {
            "boolean_policy": [],
            "constraint": "constraints/run.allowedIngress",
            "etag": "CIjD4q0GEKidqeMB",
            "id": "3218055020/constraints/run.allowedIngress",
            "list_policy": [
              {
                "allow": [
                  {
                    "all": false,
                    "values": [
                      "internal-and-cloud-load-balancing"
                    ]
                  }
                ],
                "deny": [],
                "inherit_from_parent": false,
                "suggested_value": ""
              }
            ],
            "org_id": "3218055020",
            "restore_policy": [],
            "timeouts": null,
            "update_time": "2024-01-30T07:13:12.476729Z",
            "version": 0
          },
          "sensitive_attributes": [],
          "private": "eyJlMmJmYjczMC1lY2FhLTExZTYtOGY4OC0zNDM2M2JjN2M0YzAiOnsiY3JlYXRlIjoyNDAwMDAwMDAwMDAsImRlbGV0ZSI6MjQwMDAwMDAwMDAwLCJyZWFkIjoyNDAwMDAwMDAwMDAsInVwZGF0ZSI6MjQwMDAwMDAwMDAwfX0="
        }
      ]
    },
    {
      "module": "module.org-policy[\"constraints/run.allowedVPCEgress\"]",
      "mode": "managed",
      "type": "google_folder_organization_policy",
      "name": "folder_policy_list_exclude_folders",
      "provider": "provider[\"registry.terraform.io/hashicorp/google\"]",
      "instances": [
        {
          "index_key": "folders/1043307916975",
          "schema_version": 0,
          "attributes": {
            "boolean_policy": [],
            "constraint": "constraints/run.allowedVPCEgress",
            "etag": "CILD4q0GEJjhkbwC",
            "folder": "folders/1043307916975",
            "id": "folders/1043307916975/constraints/run.allowedVPCEgress",
            "list_policy": [],
            "restore_policy": [
              {
                "default": true
              }
            ],
            "timeouts": null,
            "update_time": "2024-01-30T07:13:06.662991Z",
            "version": 0
          },
          "sensitive_attributes": [],
          "private": "eyJlMmJmYjczMC1lY2FhLTExZTYtOGY4OC0zNDM2M2JjN2M0YzAiOnsiY3JlYXRlIjoyNDAwMDAwMDAwMDAsImRlbGV0ZSI6MjQwMDAwMDAwMDAwLCJyZWFkIjoyNDAwMDAwMDAwMDAsInVwZGF0ZSI6MjQwMDAwMDAwMDAwfX0="
        }
      ]
    },
    {
      "module": "module.org-policy[\"constraints/run.allowedVPCEgress\"]",
      "mode": "managed",
      "type": "google_organization_policy",
      "name": "org_policy_list_allow_values",
      "provider": "provider[\"registry.terraform.io/hashicorp/google\"]",
      "instances": [
        {
          "index_key": 0,
          "schema_version": 0,
          "attributes": {
            "boolean_policy": [],
            "constraint": "constraints/run.allowedVPCEgress",
            "etag": "CIDD4q0GEODmyooC",
            "id": "3218055020/constraints/run.allowedVPCEgress",
            "list_policy": [
              {
                "allow": [
                  {
                    "all": false,
                    "values": [
                      "all-traffic"
                    ]
                  }
                ],
                "deny": [],
                "inherit_from_parent": false,
                "suggested_value": ""
              }
            ],
            "org_id": "3218055020",
            "restore_policy": [],
            "timeouts": null,
            "update_time": "2024-01-30T07:13:04.559068Z",
            "version": 0
          },
          "sensitive_attributes": [],
          "private": "eyJlMmJmYjczMC1lY2FhLTExZTYtOGY4OC0zNDM2M2JjN2M0YzAiOnsiY3JlYXRlIjoyNDAwMDAwMDAwMDAsImRlbGV0ZSI6MjQwMDAwMDAwMDAwLCJyZWFkIjoyNDAwMDAwMDAwMDAsInVwZGF0ZSI6MjQwMDAwMDAwMDAwfX0="
        }
      ]
    },
    {
      "module": "module.org-policy[\"constraints/sql.restrictPublicIp\"]",
      "mode": "managed",
      "type": "google_folder_organization_policy",
      "name": "policy_boolean_exclude_folders",
      "provider": "provider[\"registry.terraform.io/hashicorp/google\"]",
      "instances": [
        {
          "index_key": "folders/1043307916975",
          "schema_version": 0,
          "attributes": {
            "boolean_policy": [
              {
                "enforced": false
              }
            ],
            "constraint": "constraints/sql.restrictPublicIp",
            "etag": "CIjD4q0GEOjbgMQC",
            "folder": "folders/1043307916975",
            "id": "folders/1043307916975/constraints/sql.restrictPublicIp",
            "list_policy": [],
            "restore_policy": [],
            "timeouts": null,
            "update_time": "2024-01-30T07:13:12.679489Z",
            "version": 0
          },
          "sensitive_attributes": [],
          "private": "eyJlMmJmYjczMC1lY2FhLTExZTYtOGY4OC0zNDM2M2JjN2M0YzAiOnsiY3JlYXRlIjoyNDAwMDAwMDAwMDAsImRlbGV0ZSI6MjQwMDAwMDAwMDAwLCJyZWFkIjoyNDAwMDAwMDAwMDAsInVwZGF0ZSI6MjQwMDAwMDAwMDAwfX0="
        }
      ]
    },
    {
      "module": "module.org-policy[\"constraints/sql.restrictPublicIp\"]",
      "mode": "managed",
      "type": "google_organization_policy",
      "name": "org_policy_boolean",
      "provider": "provider[\"registry.terraform.io/hashicorp/google\"]",
      "instances": [
        {
          "index_key": 0,
          "schema_version": 0,
          "attributes": {
            "boolean_policy": [
              {
                "enforced": true
              }
            ],
            "constraint": "constraints/sql.restrictPublicIp",
            "etag": "CPzC4q0GENiR4+sB",
            "id": "3218055020/constraints/sql.restrictPublicIp",
            "list_policy": [],
            "org_id": "3218055020",
            "restore_policy": [],
            "timeouts": null,
            "update_time": "2024-01-30T07:13:00.494455Z",
            "version": 0
          },
          "sensitive_attributes": [],
          "private": "eyJlMmJmYjczMC1lY2FhLTExZTYtOGY4OC0zNDM2M2JjN2M0YzAiOnsiY3JlYXRlIjoyNDAwMDAwMDAwMDAsImRlbGV0ZSI6MjQwMDAwMDAwMDAwLCJyZWFkIjoyNDAwMDAwMDAwMDAsInVwZGF0ZSI6MjQwMDAwMDAwMDAwfX0="
        }
      ]
    },
    {
      "module": "module.org-policy[\"constraints/storage.publicAccessPrevention\"]",
      "mode": "managed",
      "type": "google_folder_organization_policy",
      "name": "policy_boolean_exclude_folders",
      "provider": "provider[\"registry.terraform.io/hashicorp/google\"]",
      "instances": [
        {
          "index_key": "folders/1043307916975",
          "schema_version": 0,
          "attributes": {
            "boolean_policy": [
              {
                "enforced": false
              }
            ],
            "constraint": "constraints/storage.publicAccessPrevention",
            "etag": "CIPD4q0GEOCc2oIB",
            "folder": "folders/1043307916975",
            "id": "folders/1043307916975/constraints/storage.publicAccessPrevention",
            "list_policy": [],
            "restore_policy": [],
            "timeouts": null,
            "update_time": "2024-01-30T07:13:07.274108Z",
            "version": 0
          },
          "sensitive_attributes": [],
          "private": "eyJlMmJmYjczMC1lY2FhLTExZTYtOGY4OC0zNDM2M2JjN2M0YzAiOnsiY3JlYXRlIjoyNDAwMDAwMDAwMDAsImRlbGV0ZSI6MjQwMDAwMDAwMDAwLCJyZWFkIjoyNDAwMDAwMDAwMDAsInVwZGF0ZSI6MjQwMDAwMDAwMDAwfX0="
        }
      ]
    },
    {
      "module": "module.org-policy[\"constraints/storage.publicAccessPrevention\"]",
      "mode": "managed",
      "type": "google_organization_policy",
      "name": "org_policy_boolean",
      "provider": "provider[\"registry.terraform.io/hashicorp/google\"]",
      "instances": [
        {
          "index_key": 0,
          "schema_version": 0,
          "attributes": {
            "boolean_policy": [
              {
                "enforced": true
              }
            ],
            "constraint": "constraints/storage.publicAccessPrevention",
            "etag": "CIfD4q0GEJDt2psD",
            "id": "3218055020/constraints/storage.publicAccessPrevention",
            "list_policy": [],
            "org_id": "3218055020",
            "restore_policy": [],
            "timeouts": null,
            "update_time": "2024-01-30T07:13:11.863418Z",
            "version": 0
          },
          "sensitive_attributes": [],
          "private": "eyJlMmJmYjczMC1lY2FhLTExZTYtOGY4OC0zNDM2M2JjN2M0YzAiOnsiY3JlYXRlIjoyNDAwMDAwMDAwMDAsImRlbGV0ZSI6MjQwMDAwMDAwMDAwLCJyZWFkIjoyNDAwMDAwMDAwMDAsInVwZGF0ZSI6MjQwMDAwMDAwMDAwfX0="
        }
      ]
    },
    {
      "module": "module.org-policy[\"constraints/storage.uniformBucketLevelAccess\"]",
      "mode": "managed",
      "type": "google_folder_organization_policy",
      "name": "policy_boolean_exclude_folders",
      "provider": "provider[\"registry.terraform.io/hashicorp/google\"]",
      "instances": [
        {
          "index_key": "folders/1043307916975",
          "schema_version": 0,
          "attributes": {
            "boolean_policy": [
              {
                "enforced": false
              }
            ],
            "constraint": "constraints/storage.uniformBucketLevelAccess",
            "etag": "CIXD4q0GEOCxgccB",
            "folder": "folders/1043307916975",
            "id": "folders/1043307916975/constraints/storage.uniformBucketLevelAccess",
            "list_policy": [],
            "restore_policy": [],
            "timeouts": null,
            "update_time": "2024-01-30T07:13:09.417356Z",
            "version": 0
          },
          "sensitive_attributes": [],
          "private": "eyJlMmJmYjczMC1lY2FhLTExZTYtOGY4OC0zNDM2M2JjN2M0YzAiOnsiY3JlYXRlIjoyNDAwMDAwMDAwMDAsImRlbGV0ZSI6MjQwMDAwMDAwMDAwLCJyZWFkIjoyNDAwMDAwMDAwMDAsInVwZGF0ZSI6MjQwMDAwMDAwMDAwfX0="
        }
      ]
    },
    {
      "module": "module.org-policy[\"constraints/storage.uniformBucketLevelAccess\"]",
      "mode": "managed",
      "type": "google_organization_policy",
      "name": "org_policy_boolean",
      "provider": "provider[\"registry.terraform.io/hashicorp/google\"]",
      "instances": [
        {
          "index_key": 0,
          "schema_version": 0,
          "attributes": {
            "boolean_policy": [
              {
                "enforced": true
              }
            ],
            "constraint": "constraints/storage.uniformBucketLevelAccess",
            "etag": "CP/C4q0GELiutU0=",
            "id": "3218055020/constraints/storage.uniformBucketLevelAccess",
            "list_policy": [],
            "org_id": "3218055020",
            "restore_policy": [],
            "timeouts": null,
            "update_time": "2024-01-30T07:13:03.162355Z",
            "version": 0
          },
          "sensitive_attributes": [],
          "private": "eyJlMmJmYjczMC1lY2FhLTExZTYtOGY4OC0zNDM2M2JjN2M0YzAiOnsiY3JlYXRlIjoyNDAwMDAwMDAwMDAsImRlbGV0ZSI6MjQwMDAwMDAwMDAwLCJyZWFkIjoyNDAwMDAwMDAwMDAsInVwZGF0ZSI6MjQwMDAwMDAwMDAwfX0="
        }
      ]
    }
  ],
  "check_results": null
}
